PODS:
  - Alamofire (3.1.1)
  - AlamofireObjectMapper (2.0.2):
    - Alamofire (~> 3.1.0)
    - ObjectMapper (~> 1.0)
  - JSONModel (1.1.2)
  - ObjectMapper (1.0.1)
  - SwiftEventBus (1.1.0)
  - SwiftyJSON (2.3.1)
  - UIScrollView-InfiniteScroll (0.7.3)

DEPENDENCIES:
  - Alamofire (~> 3.0)
  - AlamofireObjectMapper (~> 2.0)
  - JSONModel
  - ObjectMapper
  - SwiftEventBus (from `https://github.com/cesarferreira/SwiftEventBus.git`)
  - SwiftyJSON (from `https://github.com/SwiftyJSON/SwiftyJSON.git`)
  - UIScrollView-InfiniteScroll

EXTERNAL SOURCES:
  SwiftEventBus:
    :git: https://github.com/cesarferreira/SwiftEventBus.git
  SwiftyJSON:
    :git: https://github.com/SwiftyJSON/SwiftyJSON.git

CHECKOUT OPTIONS:
  SwiftEventBus:
    :commit: 4b8cbb5a8227b3c29af75e0416689d26178733d8
    :git: https://github.com/cesarferreira/SwiftEventBus.git
  SwiftyJSON:
    :commit: ece271ab33839d11c2153d71fb59c53545132cf9
    :git: https://github.com/SwiftyJSON/SwiftyJSON.git

SPEC CHECKSUMS:
  Alamofire: 9b0a7188b961a03914a99304488bd226b0e46c0e
  AlamofireObjectMapper: 3047127bcc25ec43e8243b89d819022ccee77546
  JSONModel: 216584d0311b053ff714f1d6cb700dbf890847bc
  ObjectMapper: 98524bac0dca46c6b3d5ee02cd410fc700ec6ce2
  SwiftEventBus: d334f7aecbddbd995c3de5c262cf35c72db550f3
  SwiftyJSON: 592b53bee5ef3dd9b3bebc6b9cb7ee35426ae8c3
  UIScrollView-InfiniteScroll: b6c7d6d155dca7f9c5dd43813ecffeb301b3d50c

COCOAPODS: 0.39.0
