PODS:
  - Alamofire (3.1.3)
  - AlamofireObjectMapper (2.1.0):
    - Alamofire (~> 3.1.0)
    - ObjectMapper (~> 1.0)
  - JSONModel (1.1.2)
  - Kingfisher (1.8.3)
  - ObjectMapper (1.0.1)
  - SwiftEventBus (1.1.0)

DEPENDENCIES:
  - Alamofire (~> 3.0)
  - AlamofireObjectMapper (~> 2.0)
  - JSONModel
  - Kingfisher (~> 1.8)
  - ObjectMapper
  - SwiftEventBus (from `https://github.com/cesarferreira/SwiftEventBus.git`)

EXTERNAL SOURCES:
  SwiftEventBus:
    :git: https://github.com/cesarferreira/SwiftEventBus.git

CHECKOUT OPTIONS:
  SwiftEventBus:
    :commit: 4b8cbb5a8227b3c29af75e0416689d26178733d8
    :git: https://github.com/cesarferreira/SwiftEventBus.git

SPEC CHECKSUMS:
  Alamofire: 9f93b56389e48def9220dd57d1f44b1927229a5a
  AlamofireObjectMapper: 24097576202064f8b0a583452dd934064f78dc0e
  JSONModel: 216584d0311b053ff714f1d6cb700dbf890847bc
  Kingfisher: ead91e9dbeb7e5a2e8b7af3bd8a294104cbcc3f9
  ObjectMapper: 98524bac0dca46c6b3d5ee02cd410fc700ec6ce2
  SwiftEventBus: d334f7aecbddbd995c3de5c262cf35c72db550f3

COCOAPODS: 0.39.0
