// !$*UTF8*$!
{
	archiveVersion = 1;
	classes = {
	};
	objectVersion = 47;
	objects = {

/* Begin PBXBuildFile section */
		0401F2EF1BED6B5200816B3F /* ApiControlller.swift in Sources */ = {isa = PBXBuildFile; fileRef = 0401F2EE1BED6B5200816B3F /* ApiControlller.swift */; };
		0401F2F11BED838400816B3F /* ResponseVM.swift in Sources */ = {isa = PBXBuildFile; fileRef = 0401F2F01BED838400816B3F /* ResponseVM.swift */; };
		044D2D261BFC073C0024D020 /* PostCatModel.swift in Sources */ = {isa = PBXBuildFile; fileRef = 044D2D251BFC073C0024D020 /* PostCatModel.swift */; };
		044D2D281BFC25DE0024D020 /* CommentModel.swift in Sources */ = {isa = PBXBuildFile; fileRef = 044D2D271BFC25DE0024D020 /* CommentModel.swift */; };
		044D2D2E1BFD5F0F0024D020 /* RequestVM.swift in Sources */ = {isa = PBXBuildFile; fileRef = 044D2D2D1BFD5F0F0024D020 /* RequestVM.swift */; };
		044D2D301BFD62370024D020 /* CommentVM.swift in Sources */ = {isa = PBXBuildFile; fileRef = 044D2D2F1BFD62370024D020 /* CommentVM.swift */; };
		045FFEC01BF5461A0047FBCA /* HomePageLeftTabViewController.swift in Sources */ = {isa = PBXBuildFile; fileRef = 045FFEBF1BF5461A0047FBCA /* HomePageLeftTabViewController.swift */; };
		045FFEC21BF5483F0047FBCA /* HomePageRightTabController.swift in Sources */ = {isa = PBXBuildFile; fileRef = 045FFEC11BF5483F0047FBCA /* HomePageRightTabController.swift */; };
		045FFEC91BF560170047FBCA /* ApiCallEvent.swift in Sources */ = {isa = PBXBuildFile; fileRef = 045FFEC81BF560170047FBCA /* ApiCallEvent.swift */; };
		045FFECB1BF560D80047FBCA /* BaseArgVM.swift in Sources */ = {isa = PBXBuildFile; fileRef = 045FFECA1BF560D80047FBCA /* BaseArgVM.swift */; };
		045FFECD1BF565650047FBCA /* CategoryVM.swift in Sources */ = {isa = PBXBuildFile; fileRef = 045FFECC1BF565650047FBCA /* CategoryVM.swift */; };
		045FFECF1BF59C370047FBCA /* UserInfoVM.swift in Sources */ = {isa = PBXBuildFile; fileRef = 045FFECE1BF59C370047FBCA /* UserInfoVM.swift */; };
		045FFED11BF5ADD20047FBCA /* LocationVM.swift in Sources */ = {isa = PBXBuildFile; fileRef = 045FFED01BF5ADD20047FBCA /* LocationVM.swift */; };
		045FFED31BF5ADDF0047FBCA /* SettingVM.swift in Sources */ = {isa = PBXBuildFile; fileRef = 045FFED21BF5ADDF0047FBCA /* SettingVM.swift */; };
		045FFEDB1BF5CE6E0047FBCA /* CategoryCollectionViewCell.swift in Sources */ = {isa = PBXBuildFile; fileRef = 045FFEDA1BF5CE6E0047FBCA /* CategoryCollectionViewCell.swift */; };
		045FFEDD1BF7C0920047FBCA /* ProductCollectionViewCell.swift in Sources */ = {isa = PBXBuildFile; fileRef = 045FFEDC1BF7C0920047FBCA /* ProductCollectionViewCell.swift */; };
		045FFEDF1BF7E6D40047FBCA /* Post.swift in Sources */ = {isa = PBXBuildFile; fileRef = 045FFEDE1BF7E6D40047FBCA /* Post.swift */; };
		045FFEE11BF81E610047FBCA /* HomeProductsCollectionViewCell.swift in Sources */ = {isa = PBXBuildFile; fileRef = 045FFEE01BF81E610047FBCA /* HomeProductsCollectionViewCell.swift */; };
		045FFEE41BF846690047FBCA /* Constants.swift in Sources */ = {isa = PBXBuildFile; fileRef = 045FFEE31BF846690047FBCA /* Constants.swift */; };
		045FFEE81BF849CF0047FBCA /* BaseArgModel.swift in Sources */ = {isa = PBXBuildFile; fileRef = 045FFEE71BF849CF0047FBCA /* BaseArgModel.swift */; };
		045FFEEA1BF849E50047FBCA /* ResponseModel.swift in Sources */ = {isa = PBXBuildFile; fileRef = 045FFEE91BF849E50047FBCA /* ResponseModel.swift */; };
		045FFEEC1BF84A2A0047FBCA /* CategoryModel.swift in Sources */ = {isa = PBXBuildFile; fileRef = 045FFEEB1BF84A2A0047FBCA /* CategoryModel.swift */; };
		045FFEEE1BF84A390047FBCA /* UserInfoModel.swift in Sources */ = {isa = PBXBuildFile; fileRef = 045FFEED1BF84A390047FBCA /* UserInfoModel.swift */; };
		045FFEF01BF84A490047FBCA /* LocationModel.swift in Sources */ = {isa = PBXBuildFile; fileRef = 045FFEEF1BF84A490047FBCA /* LocationModel.swift */; };
		045FFEF21BF84A5E0047FBCA /* SettingModel.swift in Sources */ = {isa = PBXBuildFile; fileRef = 045FFEF11BF84A5E0047FBCA /* SettingModel.swift */; };
		045FFEF41BF84A710047FBCA /* PostModel.swift in Sources */ = {isa = PBXBuildFile; fileRef = 045FFEF31BF84A710047FBCA /* PostModel.swift */; };
		045FFEF61BF85B110047FBCA /* ProductDetailsViewController.swift in Sources */ = {isa = PBXBuildFile; fileRef = 045FFEF51BF85B110047FBCA /* ProductDetailsViewController.swift */; };
		04B1699F1BE97E79006CF8F4 /* Bolts.framework in Frameworks */ = {isa = PBXBuildFile; fileRef = 04B1699B1BE97E79006CF8F4 /* Bolts.framework */; };
		04B169A01BE97E79006CF8F4 /* FBSDKCoreKit.framework in Frameworks */ = {isa = PBXBuildFile; fileRef = 04B1699C1BE97E79006CF8F4 /* FBSDKCoreKit.framework */; };
		04B169A11BE97E79006CF8F4 /* FBSDKLoginKit.framework in Frameworks */ = {isa = PBXBuildFile; fileRef = 04B1699D1BE97E79006CF8F4 /* FBSDKLoginKit.framework */; };
		04B169A21BE97E79006CF8F4 /* FBSDKShareKit.framework in Frameworks */ = {isa = PBXBuildFile; fileRef = 04B1699E1BE97E79006CF8F4 /* FBSDKShareKit.framework */; };
		04D8BA611BFFD95600E47432 /* CategoryDetailsViewController.swift in Sources */ = {isa = PBXBuildFile; fileRef = 04D8BA601BFFD95600E47432 /* CategoryDetailsViewController.swift */; };
		2219B31519D934322AD84663 /* Pods.framework in Frameworks */ = {isa = PBXBuildFile; fileRef = 5288CF434DB7F2CD76F54EB3 /* Pods.framework */; };
		714A3A0E1BDE2268001D71A3 /* AppDelegate.swift in Sources */ = {isa = PBXBuildFile; fileRef = 714A3A0D1BDE2268001D71A3 /* AppDelegate.swift */; };
		714A3A101BDE2268001D71A3 /* ViewController.swift in Sources */ = {isa = PBXBuildFile; fileRef = 714A3A0F1BDE2268001D71A3 /* ViewController.swift */; };
		714A3A131BDE2268001D71A3 /* Main.storyboard in Resources */ = {isa = PBXBuildFile; fileRef = 714A3A111BDE2268001D71A3 /* Main.storyboard */; };
		714A3A151BDE2268001D71A3 /* Images.xcassets in Resources */ = {isa = PBXBuildFile; fileRef = 714A3A141BDE2268001D71A3 /* Images.xcassets */; };
		714A3A181BDE2268001D71A3 /* LaunchScreen.xib in Resources */ = {isa = PBXBuildFile; fileRef = 714A3A161BDE2268001D71A3 /* LaunchScreen.xib */; };
		714A3A241BDE2268001D71A3 /* Baby_BoxTests.swift in Sources */ = {isa = PBXBuildFile; fileRef = 714A3A231BDE2268001D71A3 /* Baby_BoxTests.swift */; };
/* End PBXBuildFile section */

/* Begin PBXContainerItemProxy section */
		714A3A1E1BDE2268001D71A3 /* PBXContainerItemProxy */ = {
			isa = PBXContainerItemProxy;
			containerPortal = 714A3A001BDE2268001D71A3 /* Project object */;
			proxyType = 1;
			remoteGlobalIDString = 714A3A071BDE2268001D71A3;
			remoteInfo = "Baby Box";
		};
/* End PBXContainerItemProxy section */

/* Begin PBXFileReference section */
		0401F2EE1BED6B5200816B3F /* ApiControlller.swift */ = {isa = PBXFileReference; fileEncoding = 4; lastKnownFileType = sourcecode.swift; path = ApiControlller.swift; sourceTree = "<group>"; };
		0401F2F01BED838400816B3F /* ResponseVM.swift */ = {isa = PBXFileReference; fileEncoding = 4; lastKnownFileType = sourcecode.swift; path = ResponseVM.swift; sourceTree = "<group>"; };
		044D2D251BFC073C0024D020 /* PostCatModel.swift */ = {isa = PBXFileReference; fileEncoding = 4; lastKnownFileType = sourcecode.swift; path = PostCatModel.swift; sourceTree = "<group>"; };
		044D2D271BFC25DE0024D020 /* CommentModel.swift */ = {isa = PBXFileReference; fileEncoding = 4; lastKnownFileType = sourcecode.swift; path = CommentModel.swift; sourceTree = "<group>"; };
		044D2D2D1BFD5F0F0024D020 /* RequestVM.swift */ = {isa = PBXFileReference; fileEncoding = 4; lastKnownFileType = sourcecode.swift; path = RequestVM.swift; sourceTree = "<group>"; };
		044D2D2F1BFD62370024D020 /* CommentVM.swift */ = {isa = PBXFileReference; fileEncoding = 4; lastKnownFileType = sourcecode.swift; path = CommentVM.swift; sourceTree = "<group>"; };
		045FFEBF1BF5461A0047FBCA /* HomePageLeftTabViewController.swift */ = {isa = PBXFileReference; fileEncoding = 4; lastKnownFileType = sourcecode.swift; path = HomePageLeftTabViewController.swift; sourceTree = "<group>"; };
		045FFEC11BF5483F0047FBCA /* HomePageRightTabController.swift */ = {isa = PBXFileReference; fileEncoding = 4; lastKnownFileType = sourcecode.swift; path = HomePageRightTabController.swift; sourceTree = "<group>"; };
		045FFEC81BF560170047FBCA /* ApiCallEvent.swift */ = {isa = PBXFileReference; fileEncoding = 4; lastKnownFileType = sourcecode.swift; path = ApiCallEvent.swift; sourceTree = "<group>"; };
		045FFECA1BF560D80047FBCA /* BaseArgVM.swift */ = {isa = PBXFileReference; fileEncoding = 4; lastKnownFileType = sourcecode.swift; path = BaseArgVM.swift; sourceTree = "<group>"; };
		045FFECC1BF565650047FBCA /* CategoryVM.swift */ = {isa = PBXFileReference; fileEncoding = 4; lastKnownFileType = sourcecode.swift; path = CategoryVM.swift; sourceTree = "<group>"; };
		045FFECE1BF59C370047FBCA /* UserInfoVM.swift */ = {isa = PBXFileReference; fileEncoding = 4; lastKnownFileType = sourcecode.swift; path = UserInfoVM.swift; sourceTree = "<group>"; };
		045FFED01BF5ADD20047FBCA /* LocationVM.swift */ = {isa = PBXFileReference; fileEncoding = 4; lastKnownFileType = sourcecode.swift; path = LocationVM.swift; sourceTree = "<group>"; };
		045FFED21BF5ADDF0047FBCA /* SettingVM.swift */ = {isa = PBXFileReference; fileEncoding = 4; lastKnownFileType = sourcecode.swift; path = SettingVM.swift; sourceTree = "<group>"; };
		045FFEDA1BF5CE6E0047FBCA /* CategoryCollectionViewCell.swift */ = {isa = PBXFileReference; fileEncoding = 4; lastKnownFileType = sourcecode.swift; path = CategoryCollectionViewCell.swift; sourceTree = "<group>"; };
		045FFEDC1BF7C0920047FBCA /* ProductCollectionViewCell.swift */ = {isa = PBXFileReference; fileEncoding = 4; lastKnownFileType = sourcecode.swift; path = ProductCollectionViewCell.swift; sourceTree = "<group>"; };
		045FFEDE1BF7E6D40047FBCA /* Post.swift */ = {isa = PBXFileReference; fileEncoding = 4; lastKnownFileType = sourcecode.swift; path = Post.swift; sourceTree = "<group>"; };
		045FFEE01BF81E610047FBCA /* HomeProductsCollectionViewCell.swift */ = {isa = PBXFileReference; fileEncoding = 4; lastKnownFileType = sourcecode.swift; path = HomeProductsCollectionViewCell.swift; sourceTree = "<group>"; };
		045FFEE31BF846690047FBCA /* Constants.swift */ = {isa = PBXFileReference; fileEncoding = 4; lastKnownFileType = sourcecode.swift; path = Constants.swift; sourceTree = "<group>"; };
		045FFEE71BF849CF0047FBCA /* BaseArgModel.swift */ = {isa = PBXFileReference; fileEncoding = 4; lastKnownFileType = sourcecode.swift; path = BaseArgModel.swift; sourceTree = "<group>"; };
		045FFEE91BF849E50047FBCA /* ResponseModel.swift */ = {isa = PBXFileReference; fileEncoding = 4; lastKnownFileType = sourcecode.swift; path = ResponseModel.swift; sourceTree = "<group>"; };
		045FFEEB1BF84A2A0047FBCA /* CategoryModel.swift */ = {isa = PBXFileReference; fileEncoding = 4; lastKnownFileType = sourcecode.swift; path = CategoryModel.swift; sourceTree = "<group>"; };
		045FFEED1BF84A390047FBCA /* UserInfoModel.swift */ = {isa = PBXFileReference; fileEncoding = 4; lastKnownFileType = sourcecode.swift; path = UserInfoModel.swift; sourceTree = "<group>"; };
		045FFEEF1BF84A490047FBCA /* LocationModel.swift */ = {isa = PBXFileReference; fileEncoding = 4; lastKnownFileType = sourcecode.swift; path = LocationModel.swift; sourceTree = "<group>"; };
		045FFEF11BF84A5E0047FBCA /* SettingModel.swift */ = {isa = PBXFileReference; fileEncoding = 4; lastKnownFileType = sourcecode.swift; path = SettingModel.swift; sourceTree = "<group>"; };
		045FFEF31BF84A710047FBCA /* PostModel.swift */ = {isa = PBXFileReference; fileEncoding = 4; lastKnownFileType = sourcecode.swift; path = PostModel.swift; sourceTree = "<group>"; };
		045FFEF51BF85B110047FBCA /* ProductDetailsViewController.swift */ = {isa = PBXFileReference; fileEncoding = 4; lastKnownFileType = sourcecode.swift; path = ProductDetailsViewController.swift; sourceTree = "<group>"; };
		04B1699B1BE97E79006CF8F4 /* Bolts.framework */ = {isa = PBXFileReference; lastKnownFileType = wrapper.framework; name = Bolts.framework; path = "../../../../Downloads/FacebookSDKs-iOS-20151026/Bolts.framework"; sourceTree = "<group>"; };
		04B1699C1BE97E79006CF8F4 /* FBSDKCoreKit.framework */ = {isa = PBXFileReference; lastKnownFileType = wrapper.framework; name = FBSDKCoreKit.framework; path = "../../../../Downloads/FacebookSDKs-iOS-20151026/FBSDKCoreKit.framework"; sourceTree = "<group>"; };
		04B1699D1BE97E79006CF8F4 /* FBSDKLoginKit.framework */ = {isa = PBXFileReference; lastKnownFileType = wrapper.framework; name = FBSDKLoginKit.framework; path = "../../../../Downloads/FacebookSDKs-iOS-20151026/FBSDKLoginKit.framework"; sourceTree = "<group>"; };
		04B1699E1BE97E79006CF8F4 /* FBSDKShareKit.framework */ = {isa = PBXFileReference; lastKnownFileType = wrapper.framework; name = FBSDKShareKit.framework; path = "../../../../Downloads/FacebookSDKs-iOS-20151026/FBSDKShareKit.framework"; sourceTree = "<group>"; };
		04D8BA601BFFD95600E47432 /* CategoryDetailsViewController.swift */ = {isa = PBXFileReference; fileEncoding = 4; lastKnownFileType = sourcecode.swift; path = CategoryDetailsViewController.swift; sourceTree = "<group>"; };
		5288CF434DB7F2CD76F54EB3 /* Pods.framework */ = {isa = PBXFileReference; explicitFileType = wrapper.framework; includeInIndex = 0; path = Pods.framework; sourceTree = BUILT_PRODUCTS_DIR; };
		714A3A081BDE2268001D71A3 /* Baby Box.app */ = {isa = PBXFileReference; explicitFileType = wrapper.application; includeInIndex = 0; path = "Baby Box.app"; sourceTree = BUILT_PRODUCTS_DIR; };
		714A3A0C1BDE2268001D71A3 /* Info.plist */ = {isa = PBXFileReference; lastKnownFileType = text.plist.xml; path = Info.plist; sourceTree = "<group>"; };
		714A3A0D1BDE2268001D71A3 /* AppDelegate.swift */ = {isa = PBXFileReference; lastKnownFileType = sourcecode.swift; path = AppDelegate.swift; sourceTree = "<group>"; };
		714A3A0F1BDE2268001D71A3 /* ViewController.swift */ = {isa = PBXFileReference; lastKnownFileType = sourcecode.swift; path = ViewController.swift; sourceTree = "<group>"; };
		714A3A121BDE2268001D71A3 /* Base */ = {isa = PBXFileReference; lastKnownFileType = file.storyboard; name = Base; path = Base.lproj/Main.storyboard; sourceTree = "<group>"; };
		714A3A141BDE2268001D71A3 /* Images.xcassets */ = {isa = PBXFileReference; lastKnownFileType = folder.assetcatalog; path = Images.xcassets; sourceTree = "<group>"; };
		714A3A171BDE2268001D71A3 /* Base */ = {isa = PBXFileReference; lastKnownFileType = file.xib; name = Base; path = Base.lproj/LaunchScreen.xib; sourceTree = "<group>"; };
		714A3A1D1BDE2268001D71A3 /* Baby BoxTests.xctest */ = {isa = PBXFileReference; explicitFileType = wrapper.cfbundle; includeInIndex = 0; path = "Baby BoxTests.xctest"; sourceTree = BUILT_PRODUCTS_DIR; };
		714A3A221BDE2268001D71A3 /* Info.plist */ = {isa = PBXFileReference; lastKnownFileType = text.plist.xml; path = Info.plist; sourceTree = "<group>"; };
		714A3A231BDE2268001D71A3 /* Baby_BoxTests.swift */ = {isa = PBXFileReference; lastKnownFileType = sourcecode.swift; path = Baby_BoxTests.swift; sourceTree = "<group>"; };
		71B36D5D1BDE50F2004E61BC /* zh-Hans */ = {isa = PBXFileReference; lastKnownFileType = text.plist.strings; name = "zh-Hans"; path = "zh-Hans.lproj/Main.strings"; sourceTree = "<group>"; };
		788A4DC0058E5E7BED22E22A /* Pods.release.xcconfig */ = {isa = PBXFileReference; includeInIndex = 1; lastKnownFileType = text.xcconfig; name = Pods.release.xcconfig; path = "Pods/Target Support Files/Pods/Pods.release.xcconfig"; sourceTree = "<group>"; };
		DD9E98A8A9726B6DC921B93F /* Pods.debug.xcconfig */ = {isa = PBXFileReference; includeInIndex = 1; lastKnownFileType = text.xcconfig; name = Pods.debug.xcconfig; path = "Pods/Target Support Files/Pods/Pods.debug.xcconfig"; sourceTree = "<group>"; };
/* End PBXFileReference section */

/* Begin PBXFrameworksBuildPhase section */
		714A3A051BDE2268001D71A3 /* Frameworks */ = {
			isa = PBXFrameworksBuildPhase;
			buildActionMask = 2147483647;
			files = (
				04B169A21BE97E79006CF8F4 /* FBSDKShareKit.framework in Frameworks */,
				04B1699F1BE97E79006CF8F4 /* Bolts.framework in Frameworks */,
				04B169A01BE97E79006CF8F4 /* FBSDKCoreKit.framework in Frameworks */,
				04B169A11BE97E79006CF8F4 /* FBSDKLoginKit.framework in Frameworks */,
				2219B31519D934322AD84663 /* Pods.framework in Frameworks */,
			);
			runOnlyForDeploymentPostprocessing = 0;
		};
		714A3A1A1BDE2268001D71A3 /* Frameworks */ = {
			isa = PBXFrameworksBuildPhase;
			buildActionMask = 2147483647;
			files = (
			);
			runOnlyForDeploymentPostprocessing = 0;
		};
/* End PBXFrameworksBuildPhase section */

/* Begin PBXGroup section */
		045FFEC31BF55E6D0047FBCA /* com */ = {
			isa = PBXGroup;
			children = (
				045FFEC41BF55E760047FBCA /* babybox */,
			);
			name = com;
			sourceTree = "<group>";
		};
		045FFEC41BF55E760047FBCA /* babybox */ = {
			isa = PBXGroup;
			children = (
				045FFEE21BF845970047FBCA /* models */,
				045FFED51BF5CD900047FBCA /* views */,
				045FFEC71BF55EA60047FBCA /* service */,
				045FFEC61BF55E9D0047FBCA /* controllers */,
				045FFEC51BF55E890047FBCA /* viewmodel */,
				045FFEE31BF846690047FBCA /* Constants.swift */,
			);
			name = babybox;
			sourceTree = "<group>";
		};
		045FFEC51BF55E890047FBCA /* viewmodel */ = {
			isa = PBXGroup;
			children = (
				0401F2F01BED838400816B3F /* ResponseVM.swift */,
				045FFEC81BF560170047FBCA /* ApiCallEvent.swift */,
				045FFECA1BF560D80047FBCA /* BaseArgVM.swift */,
				045FFECC1BF565650047FBCA /* CategoryVM.swift */,
				045FFECE1BF59C370047FBCA /* UserInfoVM.swift */,
				045FFED01BF5ADD20047FBCA /* LocationVM.swift */,
				045FFED21BF5ADDF0047FBCA /* SettingVM.swift */,
				045FFEDE1BF7E6D40047FBCA /* Post.swift */,
				044D2D2D1BFD5F0F0024D020 /* RequestVM.swift */,
				044D2D2F1BFD62370024D020 /* CommentVM.swift */,
			);
			name = viewmodel;
			sourceTree = "<group>";
		};
		045FFEC61BF55E9D0047FBCA /* controllers */ = {
			isa = PBXGroup;
			children = (
				045FFEC11BF5483F0047FBCA /* HomePageRightTabController.swift */,
				045FFEBF1BF5461A0047FBCA /* HomePageLeftTabViewController.swift */,
				045FFEF51BF85B110047FBCA /* ProductDetailsViewController.swift */,
				04D8BA601BFFD95600E47432 /* CategoryDetailsViewController.swift */,
			);
			name = controllers;
			sourceTree = "<group>";
		};
		045FFEC71BF55EA60047FBCA /* service */ = {
			isa = PBXGroup;
			children = (
				0401F2EE1BED6B5200816B3F /* ApiControlller.swift */,
			);
			name = service;
			sourceTree = "<group>";
		};
		045FFED51BF5CD900047FBCA /* views */ = {
			isa = PBXGroup;
			children = (
				045FFEDA1BF5CE6E0047FBCA /* CategoryCollectionViewCell.swift */,
				045FFEDC1BF7C0920047FBCA /* ProductCollectionViewCell.swift */,
				045FFEE01BF81E610047FBCA /* HomeProductsCollectionViewCell.swift */,
			);
			name = views;
			sourceTree = "<group>";
		};
		045FFEE21BF845970047FBCA /* models */ = {
			isa = PBXGroup;
			children = (
				045FFEE71BF849CF0047FBCA /* BaseArgModel.swift */,
				045FFEE91BF849E50047FBCA /* ResponseModel.swift */,
				045FFEEB1BF84A2A0047FBCA /* CategoryModel.swift */,
				045FFEED1BF84A390047FBCA /* UserInfoModel.swift */,
				045FFEEF1BF84A490047FBCA /* LocationModel.swift */,
				045FFEF11BF84A5E0047FBCA /* SettingModel.swift */,
				045FFEF31BF84A710047FBCA /* PostModel.swift */,
				044D2D251BFC073C0024D020 /* PostCatModel.swift */,
				044D2D271BFC25DE0024D020 /* CommentModel.swift */,
			);
			name = models;
			sourceTree = "<group>";
		};
		714A39FF1BDE2267001D71A3 = {
			isa = PBXGroup;
			children = (
				714A3A0A1BDE2268001D71A3 /* Baby Box */,
				714A3A201BDE2268001D71A3 /* Baby BoxTests */,
				714A3A091BDE2268001D71A3 /* Products */,
				D32E41DCC466EF296A71137A /* Pods */,
				DEF65DB52263FA29202048E0 /* Frameworks */,
			);
			sourceTree = "<group>";
		};
		714A3A091BDE2268001D71A3 /* Products */ = {
			isa = PBXGroup;
			children = (
				714A3A081BDE2268001D71A3 /* Baby Box.app */,
				714A3A1D1BDE2268001D71A3 /* Baby BoxTests.xctest */,
			);
			name = Products;
			sourceTree = "<group>";
		};
		714A3A0A1BDE2268001D71A3 /* Baby Box */ = {
			isa = PBXGroup;
			children = (
				045FFEC31BF55E6D0047FBCA /* com */,
				714A3A0D1BDE2268001D71A3 /* AppDelegate.swift */,
				714A3A0F1BDE2268001D71A3 /* ViewController.swift */,
				714A3A111BDE2268001D71A3 /* Main.storyboard */,
				714A3A141BDE2268001D71A3 /* Images.xcassets */,
				714A3A161BDE2268001D71A3 /* LaunchScreen.xib */,
				714A3A0B1BDE2268001D71A3 /* Supporting Files */,
			);
			path = "Baby Box";
			sourceTree = "<group>";
		};
		714A3A0B1BDE2268001D71A3 /* Supporting Files */ = {
			isa = PBXGroup;
			children = (
				714A3A0C1BDE2268001D71A3 /* Info.plist */,
			);
			name = "Supporting Files";
			sourceTree = "<group>";
		};
		714A3A201BDE2268001D71A3 /* Baby BoxTests */ = {
			isa = PBXGroup;
			children = (
				714A3A231BDE2268001D71A3 /* Baby_BoxTests.swift */,
				714A3A211BDE2268001D71A3 /* Supporting Files */,
			);
			path = "Baby BoxTests";
			sourceTree = "<group>";
		};
		714A3A211BDE2268001D71A3 /* Supporting Files */ = {
			isa = PBXGroup;
			children = (
				714A3A221BDE2268001D71A3 /* Info.plist */,
			);
			name = "Supporting Files";
			sourceTree = "<group>";
		};
		D32E41DCC466EF296A71137A /* Pods */ = {
			isa = PBXGroup;
			children = (
				DD9E98A8A9726B6DC921B93F /* Pods.debug.xcconfig */,
				788A4DC0058E5E7BED22E22A /* Pods.release.xcconfig */,
			);
			name = Pods;
			sourceTree = "<group>";
		};
		DEF65DB52263FA29202048E0 /* Frameworks */ = {
			isa = PBXGroup;
			children = (
				5288CF434DB7F2CD76F54EB3 /* Pods.framework */,
				04B1699B1BE97E79006CF8F4 /* Bolts.framework */,
				04B1699C1BE97E79006CF8F4 /* FBSDKCoreKit.framework */,
				04B1699D1BE97E79006CF8F4 /* FBSDKLoginKit.framework */,
				04B1699E1BE97E79006CF8F4 /* FBSDKShareKit.framework */,
			);
			name = Frameworks;
			sourceTree = "<group>";
		};
/* End PBXGroup section */

/* Begin PBXNativeTarget section */
		714A3A071BDE2268001D71A3 /* Baby Box */ = {
			isa = PBXNativeTarget;
			buildConfigurationList = 714A3A271BDE2268001D71A3 /* Build configuration list for PBXNativeTarget "Baby Box" */;
			buildPhases = (
				31861040CDBC0018CBF665FB /* Check Pods Manifest.lock */,
				714A3A041BDE2268001D71A3 /* Sources */,
				714A3A051BDE2268001D71A3 /* Frameworks */,
				714A3A061BDE2268001D71A3 /* Resources */,
				830254D529072DCD23C9F375 /* Embed Pods Frameworks */,
				234890A7F8299B290FAAA0AD /* Copy Pods Resources */,
			);
			buildRules = (
			);
			dependencies = (
			);
			name = "Baby Box";
			productName = "Baby Box";
			productReference = 714A3A081BDE2268001D71A3 /* Baby Box.app */;
			productType = "com.apple.product-type.application";
		};
		714A3A1C1BDE2268001D71A3 /* Baby BoxTests */ = {
			isa = PBXNativeTarget;
			buildConfigurationList = 714A3A2A1BDE2268001D71A3 /* Build configuration list for PBXNativeTarget "Baby BoxTests" */;
			buildPhases = (
				714A3A191BDE2268001D71A3 /* Sources */,
				714A3A1A1BDE2268001D71A3 /* Frameworks */,
				714A3A1B1BDE2268001D71A3 /* Resources */,
			);
			buildRules = (
			);
			dependencies = (
				714A3A1F1BDE2268001D71A3 /* PBXTargetDependency */,
			);
			name = "Baby BoxTests";
			productName = "Baby BoxTests";
			productReference = 714A3A1D1BDE2268001D71A3 /* Baby BoxTests.xctest */;
			productType = "com.apple.product-type.bundle.unit-test";
		};
/* End PBXNativeTarget section */

/* Begin PBXProject section */
		714A3A001BDE2268001D71A3 /* Project object */ = {
			isa = PBXProject;
			attributes = {
				LastSwiftMigration = 0710;
				LastSwiftUpdateCheck = 0710;
				LastUpgradeCheck = 0710;
				ORGANIZATIONNAME = MIndNerves;
				TargetAttributes = {
					714A3A071BDE2268001D71A3 = {
						CreatedOnToolsVersion = 6.3.2;
						DevelopmentTeam = C6C2EZ4W7R;
					};
					714A3A1C1BDE2268001D71A3 = {
						CreatedOnToolsVersion = 6.3.2;
						TestTargetID = 714A3A071BDE2268001D71A3;
					};
				};
			};
			buildConfigurationList = 714A3A031BDE2268001D71A3 /* Build configuration list for PBXProject "Baby Box" */;
			compatibilityVersion = "Xcode 6.3";
			developmentRegion = English;
			hasScannedForEncodings = 0;
			knownRegions = (
				en,
				Base,
			);
			mainGroup = 714A39FF1BDE2267001D71A3;
			productRefGroup = 714A3A091BDE2268001D71A3 /* Products */;
			projectDirPath = "";
			projectRoot = "";
			targets = (
				714A3A071BDE2268001D71A3 /* Baby Box */,
				714A3A1C1BDE2268001D71A3 /* Baby BoxTests */,
			);
		};
/* End PBXProject section */

/* Begin PBXResourcesBuildPhase section */
		714A3A061BDE2268001D71A3 /* Resources */ = {
			isa = PBXResourcesBuildPhase;
			buildActionMask = 2147483647;
			files = (
				714A3A131BDE2268001D71A3 /* Main.storyboard in Resources */,
				714A3A181BDE2268001D71A3 /* LaunchScreen.xib in Resources */,
				714A3A151BDE2268001D71A3 /* Images.xcassets in Resources */,
			);
			runOnlyForDeploymentPostprocessing = 0;
		};
		714A3A1B1BDE2268001D71A3 /* Resources */ = {
			isa = PBXResourcesBuildPhase;
			buildActionMask = 2147483647;
			files = (
			);
			runOnlyForDeploymentPostprocessing = 0;
		};
/* End PBXResourcesBuildPhase section */

/* Begin PBXShellScriptBuildPhase section */
		234890A7F8299B290FAAA0AD /* Copy Pods Resources */ = {
			isa = PBXShellScriptBuildPhase;
			buildActionMask = 2147483647;
			files = (
			);
			inputPaths = (
			);
			name = "Copy Pods Resources";
			outputPaths = (
			);
			runOnlyForDeploymentPostprocessing = 0;
			shellPath = /bin/sh;
			shellScript = "\"${SRCROOT}/Pods/Target Support Files/Pods/Pods-resources.sh\"\n";
			showEnvVarsInLog = 0;
		};
		31861040CDBC0018CBF665FB /* Check Pods Manifest.lock */ = {
			isa = PBXShellScriptBuildPhase;
			buildActionMask = 2147483647;
			files = (
			);
			inputPaths = (
			);
			name = "Check Pods Manifest.lock";
			outputPaths = (
			);
			runOnlyForDeploymentPostprocessing = 0;
			shellPath = /bin/sh;
			shellScript = "diff \"${PODS_ROOT}/../Podfile.lock\" \"${PODS_ROOT}/Manifest.lock\" > /dev/null\nif [[ $? != 0 ]] ; then\n    cat << EOM\nerror: The sandbox is not in sync with the Podfile.lock. Run 'pod install' or update your CocoaPods installation.\nEOM\n    exit 1\nfi\n";
			showEnvVarsInLog = 0;
		};
		830254D529072DCD23C9F375 /* Embed Pods Frameworks */ = {
			isa = PBXShellScriptBuildPhase;
			buildActionMask = 2147483647;
			files = (
			);
			inputPaths = (
			);
			name = "Embed Pods Frameworks";
			outputPaths = (
			);
			runOnlyForDeploymentPostprocessing = 0;
			shellPath = /bin/sh;
			shellScript = "\"${SRCROOT}/Pods/Target Support Files/Pods/Pods-frameworks.sh\"\n";
			showEnvVarsInLog = 0;
		};
/* End PBXShellScriptBuildPhase section */

/* Begin PBXSourcesBuildPhase section */
		714A3A041BDE2268001D71A3 /* Sources */ = {
			isa = PBXSourcesBuildPhase;
			buildActionMask = 2147483647;
			files = (
				044D2D301BFD62370024D020 /* CommentVM.swift in Sources */,
				045FFECD1BF565650047FBCA /* CategoryVM.swift in Sources */,
				045FFEF41BF84A710047FBCA /* PostModel.swift in Sources */,
				045FFEE41BF846690047FBCA /* Constants.swift in Sources */,
				045FFEF61BF85B110047FBCA /* ProductDetailsViewController.swift in Sources */,
				0401F2EF1BED6B5200816B3F /* ApiControlller.swift in Sources */,
				045FFEDD1BF7C0920047FBCA /* ProductCollectionViewCell.swift in Sources */,
				044D2D281BFC25DE0024D020 /* CommentModel.swift in Sources */,
				044D2D261BFC073C0024D020 /* PostCatModel.swift in Sources */,
				045FFEE11BF81E610047FBCA /* HomeProductsCollectionViewCell.swift in Sources */,
				044D2D2E1BFD5F0F0024D020 /* RequestVM.swift in Sources */,
				045FFECB1BF560D80047FBCA /* BaseArgVM.swift in Sources */,
				0401F2F11BED838400816B3F /* ResponseVM.swift in Sources */,
				04D8BA611BFFD95600E47432 /* CategoryDetailsViewController.swift in Sources */,
				045FFEE81BF849CF0047FBCA /* BaseArgModel.swift in Sources */,
				045FFED11BF5ADD20047FBCA /* LocationVM.swift in Sources */,
				045FFEC01BF5461A0047FBCA /* HomePageLeftTabViewController.swift in Sources */,
				714A3A101BDE2268001D71A3 /* ViewController.swift in Sources */,
				045FFEC91BF560170047FBCA /* ApiCallEvent.swift in Sources */,
				045FFEDF1BF7E6D40047FBCA /* Post.swift in Sources */,
				045FFEEC1BF84A2A0047FBCA /* CategoryModel.swift in Sources */,
				045FFEC21BF5483F0047FBCA /* HomePageRightTabController.swift in Sources */,
				714A3A0E1BDE2268001D71A3 /* AppDelegate.swift in Sources */,
				045FFEF01BF84A490047FBCA /* LocationModel.swift in Sources */,
				045FFECF1BF59C370047FBCA /* UserInfoVM.swift in Sources */,
				045FFEDB1BF5CE6E0047FBCA /* CategoryCollectionViewCell.swift in Sources */,
				045FFEEE1BF84A390047FBCA /* UserInfoModel.swift in Sources */,
				045FFED31BF5ADDF0047FBCA /* SettingVM.swift in Sources */,
				045FFEEA1BF849E50047FBCA /* ResponseModel.swift in Sources */,
				045FFEF21BF84A5E0047FBCA /* SettingModel.swift in Sources */,
			);
			runOnlyForDeploymentPostprocessing = 0;
		};
		714A3A191BDE2268001D71A3 /* Sources */ = {
			isa = PBXSourcesBuildPhase;
			buildActionMask = 2147483647;
			files = (
				714A3A241BDE2268001D71A3 /* Baby_BoxTests.swift in Sources */,
			);
			runOnlyForDeploymentPostprocessing = 0;
		};
/* End PBXSourcesBuildPhase section */

/* Begin PBXTargetDependency section */
		714A3A1F1BDE2268001D71A3 /* PBXTargetDependency */ = {
			isa = PBXTargetDependency;
			target = 714A3A071BDE2268001D71A3 /* Baby Box */;
			targetProxy = 714A3A1E1BDE2268001D71A3 /* PBXContainerItemProxy */;
		};
/* End PBXTargetDependency section */

/* Begin PBXVariantGroup section */
		714A3A111BDE2268001D71A3 /* Main.storyboard */ = {
			isa = PBXVariantGroup;
			children = (
				714A3A121BDE2268001D71A3 /* Base */,
				71B36D5D1BDE50F2004E61BC /* zh-Hans */,
			);
			name = Main.storyboard;
			sourceTree = "<group>";
		};
		714A3A161BDE2268001D71A3 /* LaunchScreen.xib */ = {
			isa = PBXVariantGroup;
			children = (
				714A3A171BDE2268001D71A3 /* Base */,
			);
			name = LaunchScreen.xib;
			sourceTree = "<group>";
		};
/* End PBXVariantGroup section */

/* Begin XCBuildConfiguration section */
		714A3A251BDE2268001D71A3 /* Debug */ = {
			isa = XCBuildConfiguration;
			buildSettings = {
				ALWAYS_SEARCH_USER_PATHS = NO;
				CLANG_CXX_LANGUAGE_STANDARD = "gnu++0x";
				CLANG_CXX_LIBRARY = "libc++";
				CLANG_ENABLE_MODULES = YES;
				CLANG_ENABLE_OBJC_ARC = YES;
				CLANG_WARN_BOOL_CONVERSION = YES;
				CLANG_WARN_CONSTANT_CONVERSION = YES;
				CLANG_WARN_DIRECT_OBJC_ISA_USAGE = YES_ERROR;
				CLANG_WARN_EMPTY_BODY = YES;
				CLANG_WARN_ENUM_CONVERSION = YES;
				CLANG_WARN_INT_CONVERSION = YES;
				CLANG_WARN_OBJC_ROOT_CLASS = YES_ERROR;
				CLANG_WARN_UNREACHABLE_CODE = YES;
				CLANG_WARN__DUPLICATE_METHOD_MATCH = YES;
				"CODE_SIGN_IDENTITY[sdk=iphoneos*]" = "iPhone Developer";
				COPY_PHASE_STRIP = NO;
				DEBUG_INFORMATION_FORMAT = "dwarf-with-dsym";
				ENABLE_STRICT_OBJC_MSGSEND = YES;
				ENABLE_TESTABILITY = YES;
				GCC_C_LANGUAGE_STANDARD = gnu99;
				GCC_DYNAMIC_NO_PIC = NO;
				GCC_NO_COMMON_BLOCKS = YES;
				GCC_OPTIMIZATION_LEVEL = 0;
				GCC_PREPROCESSOR_DEFINITIONS = (
					"DEBUG=1",
					"$(inherited)",
				);
				GCC_SYMBOLS_PRIVATE_EXTERN = NO;
				GCC_WARN_64_TO_32_BIT_CONVERSION = YES;
				GCC_WARN_ABOUT_RETURN_TYPE = YES_ERROR;
				GCC_WARN_UNDECLARED_SELECTOR = YES;
				GCC_WARN_UNINITIALIZED_AUTOS = YES_AGGRESSIVE;
				GCC_WARN_UNUSED_FUNCTION = YES;
				GCC_WARN_UNUSED_VARIABLE = YES;
				IPHONEOS_DEPLOYMENT_TARGET = 8.3;
				MTL_ENABLE_DEBUG_INFO = YES;
				ONLY_ACTIVE_ARCH = YES;
				SDKROOT = iphoneos;
				SWIFT_OPTIMIZATION_LEVEL = "-Onone";
			};
			name = Debug;
		};
		714A3A261BDE2268001D71A3 /* Release */ = {
			isa = XCBuildConfiguration;
			buildSettings = {
				ALWAYS_SEARCH_USER_PATHS = NO;
				CLANG_CXX_LANGUAGE_STANDARD = "gnu++0x";
				CLANG_CXX_LIBRARY = "libc++";
				CLANG_ENABLE_MODULES = YES;
				CLANG_ENABLE_OBJC_ARC = YES;
				CLANG_WARN_BOOL_CONVERSION = YES;
				CLANG_WARN_CONSTANT_CONVERSION = YES;
				CLANG_WARN_DIRECT_OBJC_ISA_USAGE = YES_ERROR;
				CLANG_WARN_EMPTY_BODY = YES;
				CLANG_WARN_ENUM_CONVERSION = YES;
				CLANG_WARN_INT_CONVERSION = YES;
				CLANG_WARN_OBJC_ROOT_CLASS = YES_ERROR;
				CLANG_WARN_UNREACHABLE_CODE = YES;
				CLANG_WARN__DUPLICATE_METHOD_MATCH = YES;
				"CODE_SIGN_IDENTITY[sdk=iphoneos*]" = "iPhone Developer";
				COPY_PHASE_STRIP = NO;
				DEBUG_INFORMATION_FORMAT = "dwarf-with-dsym";
				ENABLE_NS_ASSERTIONS = NO;
				ENABLE_STRICT_OBJC_MSGSEND = YES;
				GCC_C_LANGUAGE_STANDARD = gnu99;
				GCC_NO_COMMON_BLOCKS = YES;
				GCC_WARN_64_TO_32_BIT_CONVERSION = YES;
				GCC_WARN_ABOUT_RETURN_TYPE = YES_ERROR;
				GCC_WARN_UNDECLARED_SELECTOR = YES;
				GCC_WARN_UNINITIALIZED_AUTOS = YES_AGGRESSIVE;
				GCC_WARN_UNUSED_FUNCTION = YES;
				GCC_WARN_UNUSED_VARIABLE = YES;
				IPHONEOS_DEPLOYMENT_TARGET = 8.3;
				MTL_ENABLE_DEBUG_INFO = NO;
				SDKROOT = iphoneos;
				VALIDATE_PRODUCT = YES;
			};
			name = Release;
		};
		714A3A281BDE2268001D71A3 /* Debug */ = {
			isa = XCBuildConfiguration;
			baseConfigurationReference = DD9E98A8A9726B6DC921B93F /* Pods.debug.xcconfig */;
			buildSettings = {
				ASSETCATALOG_COMPILER_APPICON_NAME = AppIcon;
				CODE_SIGN_IDENTITY = "iPhone Developer";
				"CODE_SIGN_IDENTITY[sdk=iphoneos*]" = "iPhone Developer";
				FRAMEWORK_SEARCH_PATHS = (
					"$(inherited)",
					"\"$(SRCROOT)/Build/Libs/FacebookSDKs-iOS-20151026\"",
				);
				INFOPLIST_FILE = "Baby Box/Info.plist";
				IPHONEOS_DEPLOYMENT_TARGET = 8.1;
				LD_RUNPATH_SEARCH_PATHS = "$(inherited) @executable_path/Frameworks";
				PRODUCT_BUNDLE_IDENTIFIER = com.babybox.app;
				PRODUCT_NAME = "$(TARGET_NAME)";
				PROVISIONING_PROFILE = "";
				TARGETED_DEVICE_FAMILY = 1;
			};
			name = Debug;
		};
		714A3A291BDE2268001D71A3 /* Release */ = {
			isa = XCBuildConfiguration;
			baseConfigurationReference = 788A4DC0058E5E7BED22E22A /* Pods.release.xcconfig */;
			buildSettings = {
				ASSETCATALOG_COMPILER_APPICON_NAME = AppIcon;
				CODE_SIGN_IDENTITY = "iPhone Developer";
				"CODE_SIGN_IDENTITY[sdk=iphoneos*]" = "iPhone Developer";
				FRAMEWORK_SEARCH_PATHS = (
					"$(inherited)",
					"\"$(SRCROOT)/Build/Libs/FacebookSDKs-iOS-20151026\"",
				);
				INFOPLIST_FILE = "Baby Box/Info.plist";
				IPHONEOS_DEPLOYMENT_TARGET = 8.1;
				LD_RUNPATH_SEARCH_PATHS = "$(inherited) @executable_path/Frameworks";
				PRODUCT_BUNDLE_IDENTIFIER = com.babybox.app;
				PRODUCT_NAME = "$(TARGET_NAME)";
				PROVISIONING_PROFILE = "";
				TARGETED_DEVICE_FAMILY = 1;
			};
			name = Release;
		};
		714A3A2B1BDE2268001D71A3 /* Debug */ = {
			isa = XCBuildConfiguration;
			buildSettings = {
				BUNDLE_LOADER = "$(TEST_HOST)";
				FRAMEWORK_SEARCH_PATHS = (
					"$(SDKROOT)/Developer/Library/Frameworks",
					"$(inherited)",
				);
				GCC_PREPROCESSOR_DEFINITIONS = (
					"DEBUG=1",
					"$(inherited)",
				);
				INFOPLIST_FILE = "Baby BoxTests/Info.plist";
				LD_RUNPATH_SEARCH_PATHS = "$(inherited) @executable_path/Frameworks @loader_path/Frameworks";
				PRODUCT_BUNDLE_IDENTIFIER = "com.babybox.app.$(PRODUCT_NAME:rfc1034identifier)";
				PRODUCT_NAME = "$(TARGET_NAME)";
				TEST_HOST = "$(BUILT_PRODUCTS_DIR)/Baby Box.app/Baby Box";
			};
			name = Debug;
		};
		714A3A2C1BDE2268001D71A3 /* Release */ = {
			isa = XCBuildConfiguration;
			buildSettings = {
				BUNDLE_LOADER = "$(TEST_HOST)";
				FRAMEWORK_SEARCH_PATHS = (
					"$(SDKROOT)/Developer/Library/Frameworks",
					"$(inherited)",
				);
				INFOPLIST_FILE = "Baby BoxTests/Info.plist";
				LD_RUNPATH_SEARCH_PATHS = "$(inherited) @executable_path/Frameworks @loader_path/Frameworks";
				PRODUCT_BUNDLE_IDENTIFIER = "com.babybox.app.$(PRODUCT_NAME:rfc1034identifier)";
				PRODUCT_NAME = "$(TARGET_NAME)";
				TEST_HOST = "$(BUILT_PRODUCTS_DIR)/Baby Box.app/Baby Box";
			};
			name = Release;
		};
/* End XCBuildConfiguration section */

/* Begin XCConfigurationList section */
		714A3A031BDE2268001D71A3 /* Build configuration list for PBXProject "Baby Box" */ = {
			isa = XCConfigurationList;
			buildConfigurations = (
				714A3A251BDE2268001D71A3 /* Debug */,
				714A3A261BDE2268001D71A3 /* Release */,
			);
			defaultConfigurationIsVisible = 0;
			defaultConfigurationName = Release;
		};
		714A3A271BDE2268001D71A3 /* Build configuration list for PBXNativeTarget "Baby Box" */ = {
			isa = XCConfigurationList;
			buildConfigurations = (
				714A3A281BDE2268001D71A3 /* Debug */,
				714A3A291BDE2268001D71A3 /* Release */,
			);
			defaultConfigurationIsVisible = 0;
			defaultConfigurationName = Release;
		};
		714A3A2A1BDE2268001D71A3 /* Build configuration list for PBXNativeTarget "Baby BoxTests" */ = {
			isa = XCConfigurationList;
			buildConfigurations = (
				714A3A2B1BDE2268001D71A3 /* Debug */,
				714A3A2C1BDE2268001D71A3 /* Release */,
			);
			defaultConfigurationIsVisible = 0;
			defaultConfigurationName = Release;
		};
/* End XCConfigurationList section */
	};
	rootObject = 714A3A001BDE2268001D71A3 /* Project object */;
}
