// !$*UTF8*$!
{
	archiveVersion = 1;
	classes = {
	};
	objectVersion = 46;
	objects = {

/* Begin PBXBuildFile section */
		0408F9D81C1362AA00CC8803 /* AppDelegate.swift in Sources */ = {isa = PBXBuildFile; fileRef = 0408F9D71C1362AA00CC8803 /* AppDelegate.swift */; };
		0408F9DA1C1362AA00CC8803 /* LoginViewController.swift in Sources */ = {isa = PBXBuildFile; fileRef = 0408F9D91C1362AA00CC8803 /* LoginViewController.swift */; };
		0408F9DF1C1362AA00CC8803 /* Images.xcassets in Resources */ = {isa = PBXBuildFile; fileRef = 0408F9DE1C1362AA00CC8803 /* Images.xcassets */; };
		0408F9EE1C1362AA00CC8803 /* babyboxTests.swift in Sources */ = {isa = PBXBuildFile; fileRef = 0408F9ED1C1362AA00CC8803 /* babyboxTests.swift */; };
		0408FA051C13632300CC8803 /* CategoryViewCell.swift in Sources */ = {isa = PBXBuildFile; fileRef = 0408F9F91C13632300CC8803 /* CategoryViewCell.swift */; };
		0408FA071C13632300CC8803 /* CategoryVM.swift in Sources */ = {isa = PBXBuildFile; fileRef = 0408F9FB1C13632300CC8803 /* CategoryVM.swift */; };
		0408FA091C13632300CC8803 /* CommentVM.swift in Sources */ = {isa = PBXBuildFile; fileRef = 0408F9FD1C13632300CC8803 /* CommentVM.swift */; };
		0408FA0B1C13632300CC8803 /* Constants.swift in Sources */ = {isa = PBXBuildFile; fileRef = 0408F9FF1C13632300CC8803 /* Constants.swift */; };
		0408FA0F1C13632300CC8803 /* FollowingFeedViewController.swift in Sources */ = {isa = PBXBuildFile; fileRef = 0408FA031C13632300CC8803 /* FollowingFeedViewController.swift */; };
		0408FA181C13633B00CC8803 /* ApiCallEvent.swift in Sources */ = {isa = PBXBuildFile; fileRef = 0408FA111C13633B00CC8803 /* ApiCallEvent.swift */; };
		0408FA1B1C13633B00CC8803 /* BaseArgVM.swift in Sources */ = {isa = PBXBuildFile; fileRef = 0408FA141C13633B00CC8803 /* BaseArgVM.swift */; };
		0408FA1C1C13633B00CC8803 /* CategoryCollectionViewCell.swift in Sources */ = {isa = PBXBuildFile; fileRef = 0408FA151C13633B00CC8803 /* CategoryCollectionViewCell.swift */; };
		0408FA1D1C13633B00CC8803 /* CategoryFeedViewController.swift in Sources */ = {isa = PBXBuildFile; fileRef = 0408FA161C13633B00CC8803 /* CategoryFeedViewController.swift */; };
		0408FA281C13635000CC8803 /* LocationVM.swift in Sources */ = {isa = PBXBuildFile; fileRef = 0408FA1F1C13635000CC8803 /* LocationVM.swift */; };
		0408FA2D1C13635000CC8803 /* PostVM.swift in Sources */ = {isa = PBXBuildFile; fileRef = 0408FA241C13635000CC8803 /* PostVM.swift */; };
		0408FA2E1C13635000CC8803 /* PostVMLite.swift in Sources */ = {isa = PBXBuildFile; fileRef = 0408FA251C13635000CC8803 /* PostVMLite.swift */; };
		0408FA2F1C13635000CC8803 /* ProductCollectionViewCell.swift in Sources */ = {isa = PBXBuildFile; fileRef = 0408FA261C13635000CC8803 /* ProductCollectionViewCell.swift */; };
		0408FA4C1C13699900CC8803 /* SettingVM.swift in Sources */ = {isa = PBXBuildFile; fileRef = 0408FA3E1C13699900CC8803 /* SettingVM.swift */; };
		0408FA531C13699900CC8803 /* UserVM.swift in Sources */ = {isa = PBXBuildFile; fileRef = 0408FA461C13699900CC8803 /* UserVM.swift */; };
		0408FA591C13FB3C00CC8803 /* LandingPageViewController.swift in Sources */ = {isa = PBXBuildFile; fileRef = 0408FA581C13FB3C00CC8803 /* LandingPageViewController.swift */; };
		043123261C7C8191007EAC4D /* ImageCollectionViewCell.swift in Sources */ = {isa = PBXBuildFile; fileRef = 043123241C7C8191007EAC4D /* ImageCollectionViewCell.swift */; };
		0431232A1C7F3527007EAC4D /* UserVMLite.swift in Sources */ = {isa = PBXBuildFile; fileRef = 043123291C7F3526007EAC4D /* UserVMLite.swift */; };
		0431232D1C7F3540007EAC4D /* StringUtil.swift in Sources */ = {isa = PBXBuildFile; fileRef = 0431232B1C7F3540007EAC4D /* StringUtil.swift */; };
		0431232E1C7F3540007EAC4D /* UrlUtil.swift in Sources */ = {isa = PBXBuildFile; fileRef = 0431232C1C7F3540007EAC4D /* UrlUtil.swift */; };
		043123301C7F3551007EAC4D /* BaseLoginViewController.swift in Sources */ = {isa = PBXBuildFile; fileRef = 0431232F1C7F3551007EAC4D /* BaseLoginViewController.swift */; };
		043123321C7F356C007EAC4D /* ApiController.swift in Sources */ = {isa = PBXBuildFile; fileRef = 043123311C7F356C007EAC4D /* ApiController.swift */; };
		043A53661C68605100C70DBC /* SignupDetailViewController.swift in Sources */ = {isa = PBXBuildFile; fileRef = 043A53651C68605100C70DBC /* SignupDetailViewController.swift */; };
		043A536E1C68EDBD00C70DBC /* SSValidationTextField.swift in Sources */ = {isa = PBXBuildFile; fileRef = 043A536D1C68EDBD00C70DBC /* SSValidationTextField.swift */; };
		043A53711C6A31C900C70DBC /* SignInOptionsViewController.swift in Sources */ = {isa = PBXBuildFile; fileRef = 043A53701C6A31C900C70DBC /* SignInOptionsViewController.swift */; };
		043A53731C6A324100C70DBC /* FbLoginViewController.swift in Sources */ = {isa = PBXBuildFile; fileRef = 043A53721C6A324100C70DBC /* FbLoginViewController.swift */; };
		043A53971C71C0D300C70DBC /* BaseProfileFeedViewController.swift in Sources */ = {isa = PBXBuildFile; fileRef = 043A53941C71C0D300C70DBC /* BaseProfileFeedViewController.swift */; };
		043A53981C71C0D300C70DBC /* MyProfileFeedViewController.swift in Sources */ = {isa = PBXBuildFile; fileRef = 043A53951C71C0D300C70DBC /* MyProfileFeedViewController.swift */; };
		043A53991C71C0D300C70DBC /* UserProfileFeedViewController.swift in Sources */ = {isa = PBXBuildFile; fileRef = 043A53961C71C0D300C70DBC /* UserProfileFeedViewController.swift */; };
		043A539B1C7228F600C70DBC /* FeedLoader.swift in Sources */ = {isa = PBXBuildFile; fileRef = 043A539A1C7228F600C70DBC /* FeedLoader.swift */; };
		043A539F1C72DC2100C70DBC /* SSRadioButton.swift in Sources */ = {isa = PBXBuildFile; fileRef = 043A539D1C72DC2100C70DBC /* SSRadioButton.swift */; };
		043A53A01C72DC2100C70DBC /* SSRadioButtonsController.swift in Sources */ = {isa = PBXBuildFile; fileRef = 043A539E1C72DC2100C70DBC /* SSRadioButtonsController.swift */; };
		044624A61C847A8B002F29E1 /* CustomInfiniteIndicator.swift in Sources */ = {isa = PBXBuildFile; fileRef = 044624A51C847A8B002F29E1 /* CustomInfiniteIndicator.swift */; };
		044624AA1C847C5B002F29E1 /* FBSDKCoreKit.framework in Frameworks */ = {isa = PBXBuildFile; fileRef = 044624A71C847C5B002F29E1 /* FBSDKCoreKit.framework */; };
		044624AB1C847C5B002F29E1 /* FBSDKLoginKit.framework in Frameworks */ = {isa = PBXBuildFile; fileRef = 044624A81C847C5B002F29E1 /* FBSDKLoginKit.framework */; };
		044624AC1C847C5B002F29E1 /* FBSDKShareKit.framework in Frameworks */ = {isa = PBXBuildFile; fileRef = 044624A91C847C5B002F29E1 /* FBSDKShareKit.framework */; };
		0449B00B1C63C6250077049C /* LicenseViewController.swift in Sources */ = {isa = PBXBuildFile; fileRef = 0449B0091C63C6250077049C /* LicenseViewController.swift */; };
		0449B00C1C63DBEE0077049C /* Main.storyboard in Resources */ = {isa = PBXBuildFile; fileRef = 0408F9DB1C1362AA00CC8803 /* Main.storyboard */; };
		0449B00D1C63DDD80077049C /* SignupViewController.swift in Sources */ = {isa = PBXBuildFile; fileRef = 044928DF1C6093720016F32C /* SignupViewController.swift */; };
		0449B00F1C64CDE60077049C /* ImageUtil.swift in Sources */ = {isa = PBXBuildFile; fileRef = 0449B00E1C64CDE60077049C /* ImageUtil.swift */; };
		0449B0111C65B78D0077049C /* ViewUtil.swift in Sources */ = {isa = PBXBuildFile; fileRef = 0449B0101C65B78D0077049C /* ViewUtil.swift */; };
		044CD1851C779F0000D68AA7 /* UserActivityTypeViewCell.swift in Sources */ = {isa = PBXBuildFile; fileRef = 044CD1841C779EFF00D68AA7 /* UserActivityTypeViewCell.swift */; };
		044CD1871C77A45300D68AA7 /* BaseActivityViewCell.swift in Sources */ = {isa = PBXBuildFile; fileRef = 044CD1861C77A45300D68AA7 /* BaseActivityViewCell.swift */; };
		044CD1891C77A81100D68AA7 /* UserActivityType2ViewCell.swift in Sources */ = {isa = PBXBuildFile; fileRef = 044CD1881C77A81100D68AA7 /* UserActivityType2ViewCell.swift */; };
		044DC84D1C51EBB700B9FD49 /* CustomTabViewController.swift in Sources */ = {isa = PBXBuildFile; fileRef = 044DC84C1C51EBB700B9FD49 /* CustomTabViewController.swift */; };
		044DC84F1C54033900B9FD49 /* CommentTableViewCell.swift in Sources */ = {isa = PBXBuildFile; fileRef = 044DC84E1C54033900B9FD49 /* CommentTableViewCell.swift */; };
		044DC8521C54E0FF00B9FD49 /* HRToast+UIView.swift in Sources */ = {isa = PBXBuildFile; fileRef = 044DC8511C54E0FF00B9FD49 /* HRToast+UIView.swift */; };
		04521FB81C59060200515C40 /* SplashViewController.swift in Sources */ = {isa = PBXBuildFile; fileRef = 04521FB71C59060200515C40 /* SplashViewController.swift */; };
		04521FC01C5C963400515C40 /* ProfileFeedReusableView.swift in Sources */ = {isa = PBXBuildFile; fileRef = 04521FBF1C5C963400515C40 /* ProfileFeedReusableView.swift */; };
		04521FC21C5C9D0A00515C40 /* UserFeedHeaderViewCell.swift in Sources */ = {isa = PBXBuildFile; fileRef = 04521FC11C5C9D0A00515C40 /* UserFeedHeaderViewCell.swift */; };
		0459BB1F1C7475970096A330 /* UserActivityViewCell.swift in Sources */ = {isa = PBXBuildFile; fileRef = 0459BB1E1C7475970096A330 /* UserActivityViewCell.swift */; };
		0459BB211C7479040096A330 /* ActivityVM.swift in Sources */ = {isa = PBXBuildFile; fileRef = 0459BB201C7479040096A330 /* ActivityVM.swift */; };
		0459BB241C755C8C0096A330 /* NSDateExtension.swift in Sources */ = {isa = PBXBuildFile; fileRef = 0459BB231C755C8C0096A330 /* NSDateExtension.swift */; };
		0459BB281C75BA7B0096A330 /* FeedViewAdapter.swift in Sources */ = {isa = PBXBuildFile; fileRef = 0459BB271C75BA7B0096A330 /* FeedViewAdapter.swift */; };
		046633D51C846928000F18AE /* SellerViewController.swift in Sources */ = {isa = PBXBuildFile; fileRef = 046633D41C846928000F18AE /* SellerViewController.swift */; };
		046633D71C84876C000F18AE /* RecommendedSellerViewController.swift in Sources */ = {isa = PBXBuildFile; fileRef = 046633D61C84876C000F18AE /* RecommendedSellerViewController.swift */; };
		046633DB1C854D1D000F18AE /* RecommendedSellerViewCell.swift in Sources */ = {isa = PBXBuildFile; fileRef = 046633DA1C854D1D000F18AE /* RecommendedSellerViewCell.swift */; };
		046633DD1C85621B000F18AE /* SellerVM.swift in Sources */ = {isa = PBXBuildFile; fileRef = 046633DC1C85621B000F18AE /* SellerVM.swift */; };
		0469057D1C809B1800BDFFB9 /* NotificationCounterVM.swift in Sources */ = {isa = PBXBuildFile; fileRef = 0469057C1C809B1800BDFFB9 /* NotificationCounterVM.swift */; };
		046905801C816DE000BDFFB9 /* ENMBadgedBarButtonItem.swift in Sources */ = {isa = PBXBuildFile; fileRef = 0469057F1C816DE000BDFFB9 /* ENMBadgedBarButtonItem.swift */; };
		046905821C81892100BDFFB9 /* NotificationCounter.swift in Sources */ = {isa = PBXBuildFile; fileRef = 046905811C81892100BDFFB9 /* NotificationCounter.swift */; };
		04691A031C4E4A4600A3EC56 /* SharedPreferencesUtil.swift in Sources */ = {isa = PBXBuildFile; fileRef = 04691A021C4E4A4600A3EC56 /* SharedPreferencesUtil.swift */; };
		047706F41C23EB9400E851D3 /* MessageVM.swift in Sources */ = {isa = PBXBuildFile; fileRef = 047706F31C23EB9400E851D3 /* MessageVM.swift */; };
		047706F61C2485FC00E851D3 /* MessagesViewController.swift in Sources */ = {isa = PBXBuildFile; fileRef = 047706F51C2485FC00E851D3 /* MessagesViewController.swift */; };
		047706F91C24900200E851D3 /* ChatBubble.swift in Sources */ = {isa = PBXBuildFile; fileRef = 047706F71C24900200E851D3 /* ChatBubble.swift */; };
		047706FA1C24900200E851D3 /* ChatBubbleData.swift in Sources */ = {isa = PBXBuildFile; fileRef = 047706F81C24900200E851D3 /* ChatBubbleData.swift */; };
		0487CE9A1C61007F00CFA3F8 /* FeedProductViewController.swift in Sources */ = {isa = PBXBuildFile; fileRef = 0487CE991C61007F00CFA3F8 /* FeedProductViewController.swift */; };
		04A2317C1C1C4D79002FB013 /* HomeReusableView.swift in Sources */ = {isa = PBXBuildFile; fileRef = 04A2317B1C1C4D79002FB013 /* HomeReusableView.swift */; };
		04A2317E1C1C4DCB002FB013 /* StaticCollectionViewCell.swift in Sources */ = {isa = PBXBuildFile; fileRef = 04A2317D1C1C4DCB002FB013 /* StaticCollectionViewCell.swift */; };
		04A231801C1C5D9D002FB013 /* HomeFeedViewController.swift in Sources */ = {isa = PBXBuildFile; fileRef = 04A2317F1C1C5D9D002FB013 /* HomeFeedViewController.swift */; };
		04A231821C1C7444002FB013 /* FeedProductCollectionViewCell.swift in Sources */ = {isa = PBXBuildFile; fileRef = 04A231811C1C7444002FB013 /* FeedProductCollectionViewCell.swift */; };
		04A25A981C22E921008A1DB1 /* ConversationVM.swift in Sources */ = {isa = PBXBuildFile; fileRef = 04A25A971C22E920008A1DB1 /* ConversationVM.swift */; };
		04D184481C3B414A00A6C35B /* UserInfoCache.swift in Sources */ = {isa = PBXBuildFile; fileRef = 04D184471C3B414A00A6C35B /* UserInfoCache.swift */; };
		04D1844A1C3B4D8500A6C35B /* CategoryCache.swift in Sources */ = {isa = PBXBuildFile; fileRef = 04D184491C3B4D8500A6C35B /* CategoryCache.swift */; };
		04D1844C1C3B53DD00A6C35B /* DistrictCache.swift in Sources */ = {isa = PBXBuildFile; fileRef = 04D1844B1C3B53DD00A6C35B /* DistrictCache.swift */; };
		04D184581C3EF04200A6C35B /* CustomNavigationController.swift in Sources */ = {isa = PBXBuildFile; fileRef = 04D184571C3EF04200A6C35B /* CustomNavigationController.swift */; };
		04E1A9F71C4A0D8C0052FEED /* FeedFilter.swift in Sources */ = {isa = PBXBuildFile; fileRef = 04E1A9F61C4A0D8C0052FEED /* FeedFilter.swift */; };
		04E1AA0A1C4A52B00052FEED /* DPDConstants.swift in Sources */ = {isa = PBXBuildFile; fileRef = 04E1A9F91C4A52B00052FEED /* DPDConstants.swift */; };
		04E1AA0B1C4A52B00052FEED /* DPDKeyboardListener.swift in Sources */ = {isa = PBXBuildFile; fileRef = 04E1A9FA1C4A52B00052FEED /* DPDKeyboardListener.swift */; };
		04E1AA0C1C4A52B00052FEED /* DPDUIView+Extension.swift in Sources */ = {isa = PBXBuildFile; fileRef = 04E1A9FB1C4A52B00052FEED /* DPDUIView+Extension.swift */; };
		04E1AA0D1C4A52B00052FEED /* DropDown.swift in Sources */ = {isa = PBXBuildFile; fileRef = 04E1A9FC1C4A52B00052FEED /* DropDown.swift */; };
		04E1AA0E1C4A52B00052FEED /* DropDownCell.swift in Sources */ = {isa = PBXBuildFile; fileRef = 04E1A9FD1C4A52B00052FEED /* DropDownCell.swift */; };
		04E1AA0F1C4A52B00052FEED /* DropDownCell.xib in Resources */ = {isa = PBXBuildFile; fileRef = 04E1A9FE1C4A52B00052FEED /* DropDownCell.xib */; };
		04E1AA111C4A52B00052FEED /* FXBlurView.m in Sources */ = {isa = PBXBuildFile; fileRef = 04E1AA011C4A52B00052FEED /* FXBlurView.m */; };
		04E1AA131C4A52B00052FEED /* ImageCropView.m in Sources */ = {isa = PBXBuildFile; fileRef = 04E1AA041C4A52B00052FEED /* ImageCropView.m */; };
		04E1AA171C4A52B00052FEED /* NewPostVM.swift in Sources */ = {isa = PBXBuildFile; fileRef = 04E1AA081C4A52B00052FEED /* NewPostVM.swift */; };
		04E1AA181C4A52B00052FEED /* SRWebClient.swift in Sources */ = {isa = PBXBuildFile; fileRef = 04E1AA091C4A52B00052FEED /* SRWebClient.swift */; };
		04E6F6CE1C15A9FC0057C94E /* ForgotPasswordViewController.swift in Sources */ = {isa = PBXBuildFile; fileRef = 04E6F6CD1C15A9FC0057C94E /* ForgotPasswordViewController.swift */; };
		04E6F6D01C15CE5A0057C94E /* WebViewController.swift in Sources */ = {isa = PBXBuildFile; fileRef = 04E6F6CF1C15CE5A0057C94E /* WebViewController.swift */; };
		04E6F7101C18795E0057C94E /* SellProductsViewController.swift in Sources */ = {isa = PBXBuildFile; fileRef = 04E6F70F1C18795D0057C94E /* SellProductsViewController.swift */; };
		04E6F7121C1879F80057C94E /* CustomCollectionViewCell.swift in Sources */ = {isa = PBXBuildFile; fileRef = 04E6F7111C1879F80057C94E /* CustomCollectionViewCell.swift */; };
		04EB21761C1F4A11001A14DB /* ConversationsViewController.swift in Sources */ = {isa = PBXBuildFile; fileRef = 04EB21751C1F4A11001A14DB /* ConversationsViewController.swift */; };
		04EB217E1C1FFE32001A14DB /* FollowersFollowingViewController.swift in Sources */ = {isa = PBXBuildFile; fileRef = 04EB217D1C1FFE32001A14DB /* FollowersFollowingViewController.swift */; };
		04EB21801C1FFE4D001A14DB /* EditProfileViewController.swift in Sources */ = {isa = PBXBuildFile; fileRef = 04EB217F1C1FFE4D001A14DB /* EditProfileViewController.swift */; };
		04EB21821C1FFE98001A14DB /* UserActivityViewController.swift in Sources */ = {isa = PBXBuildFile; fileRef = 04EB21811C1FFE98001A14DB /* UserActivityViewController.swift */; };
		04EB21841C1FFFF9001A14DB /* SettingsViewController.swift in Sources */ = {isa = PBXBuildFile; fileRef = 04EB21831C1FFFF9001A14DB /* SettingsViewController.swift */; };
		04F11EBF1C20914900414CD3 /* FollowersCollectionViewCell.swift in Sources */ = {isa = PBXBuildFile; fileRef = 04F11EBE1C20914900414CD3 /* FollowersCollectionViewCell.swift */; };
		04F11EC11C20915E00414CD3 /* FollowingCollectionViewCell.swift in Sources */ = {isa = PBXBuildFile; fileRef = 04F11EC01C20915E00414CD3 /* FollowingCollectionViewCell.swift */; };
		04F11EC31C212FD100414CD3 /* MessageTableViewCell.swift in Sources */ = {isa = PBXBuildFile; fileRef = 04F11EC21C212FD100414CD3 /* MessageTableViewCell.swift */; };
		04F11EC51C213AE000414CD3 /* DetailsTableViewCell.swift in Sources */ = {isa = PBXBuildFile; fileRef = 04F11EC41C213AE000414CD3 /* DetailsTableViewCell.swift */; };
		6CF4E8C6E70F9ACB7F1AF880 /* Pods.framework in Frameworks */ = {isa = PBXBuildFile; fileRef = BDFD6BE300D70B4AC190D07C /* Pods.framework */; };
		844845221C9C2D1D00714EBE /* ConversationsCollectionViewCell.swift in Sources */ = {isa = PBXBuildFile; fileRef = 04EB21771C1F4C7C001A14DB /* ConversationsCollectionViewCell.swift */; settings = {ASSET_TAGS = (); }; };
		844845271C9C422300714EBE /* ProductChatViewController.swift in Sources */ = {isa = PBXBuildFile; fileRef = 844845261C9C422300714EBE /* ProductChatViewController.swift */; settings = {ASSET_TAGS = (); }; };
		844845291C9C48FF00714EBE /* ProductChatViewCell.swift in Sources */ = {isa = PBXBuildFile; fileRef = 844845281C9C48FF00714EBE /* ProductChatViewCell.swift */; settings = {ASSET_TAGS = (); }; };
		848508841C9D37BB00E0F7AE /* ProductNavigationController.swift in Sources */ = {isa = PBXBuildFile; fileRef = 848508831C9D37BB00E0F7AE /* ProductNavigationController.swift */; settings = {ASSET_TAGS = (); }; };
		848508861C9D3DD200E0F7AE /* EditPostViewController.swift in Sources */ = {isa = PBXBuildFile; fileRef = 848508851C9D3DD200E0F7AE /* EditPostViewController.swift */; settings = {ASSET_TAGS = (); }; };
		84FB2BAE1C9C12B800323D41 /* ConversationCache.swift in Sources */ = {isa = PBXBuildFile; fileRef = 84FB2BAA1C9C12B800323D41 /* ConversationCache.swift */; settings = {ASSET_TAGS = (); }; };
		84FB2BAF1C9C12B800323D41 /* ConversationOrderVM.swift in Sources */ = {isa = PBXBuildFile; fileRef = 84FB2BAB1C9C12B800323D41 /* ConversationOrderVM.swift */; settings = {ASSET_TAGS = (); }; };
		84FB2BB01C9C12B800323D41 /* CountryCache.swift in Sources */ = {isa = PBXBuildFile; fileRef = 84FB2BAC1C9C12B800323D41 /* CountryCache.swift */; settings = {ASSET_TAGS = (); }; };
		84FB2BB11C9C12B800323D41 /* CountryVM.swift in Sources */ = {isa = PBXBuildFile; fileRef = 84FB2BAD1C9C12B800323D41 /* CountryVM.swift */; settings = {ASSET_TAGS = (); }; };
		84FB2BB41C9C12DC00323D41 /* MessageResponseVM.swift in Sources */ = {isa = PBXBuildFile; fileRef = 84FB2BB21C9C12DC00323D41 /* MessageResponseVM.swift */; settings = {ASSET_TAGS = (); }; };
		84FB2BB51C9C12DC00323D41 /* PageMenu in Resources */ = {isa = PBXBuildFile; fileRef = 84FB2BB31C9C12DC00323D41 /* PageMenu */; settings = {ASSET_TAGS = (); }; };
/* End PBXBuildFile section */

/* Begin PBXContainerItemProxy section */
		0408F9E81C1362AA00CC8803 /* PBXContainerItemProxy */ = {
			isa = PBXContainerItemProxy;
			containerPortal = 0408F9CA1C1362AA00CC8803 /* Project object */;
			proxyType = 1;
			remoteGlobalIDString = 0408F9D11C1362AA00CC8803;
			remoteInfo = babybox;
		};
/* End PBXContainerItemProxy section */

/* Begin PBXFileReference section */
		0408F9D21C1362AA00CC8803 /* BabyBox.app */ = {isa = PBXFileReference; explicitFileType = wrapper.application; includeInIndex = 0; path = BabyBox.app; sourceTree = BUILT_PRODUCTS_DIR; };
		0408F9D61C1362AA00CC8803 /* Info.plist */ = {isa = PBXFileReference; lastKnownFileType = text.plist.xml; path = Info.plist; sourceTree = "<group>"; };
		0408F9D71C1362AA00CC8803 /* AppDelegate.swift */ = {isa = PBXFileReference; lastKnownFileType = sourcecode.swift; path = AppDelegate.swift; sourceTree = "<group>"; };
		0408F9D91C1362AA00CC8803 /* LoginViewController.swift */ = {isa = PBXFileReference; lastKnownFileType = sourcecode.swift; path = LoginViewController.swift; sourceTree = "<group>"; };
		0408F9DC1C1362AA00CC8803 /* Base */ = {isa = PBXFileReference; lastKnownFileType = file.storyboard; name = Base; path = Base.lproj/Main.storyboard; sourceTree = "<group>"; };
		0408F9DE1C1362AA00CC8803 /* Images.xcassets */ = {isa = PBXFileReference; lastKnownFileType = folder.assetcatalog; path = Images.xcassets; sourceTree = "<group>"; };
		0408F9E71C1362AA00CC8803 /* babyboxTests.xctest */ = {isa = PBXFileReference; explicitFileType = wrapper.cfbundle; includeInIndex = 0; path = babyboxTests.xctest; sourceTree = BUILT_PRODUCTS_DIR; };
		0408F9EC1C1362AA00CC8803 /* Info.plist */ = {isa = PBXFileReference; lastKnownFileType = text.plist.xml; path = Info.plist; sourceTree = "<group>"; };
		0408F9ED1C1362AA00CC8803 /* babyboxTests.swift */ = {isa = PBXFileReference; lastKnownFileType = sourcecode.swift; path = babyboxTests.swift; sourceTree = "<group>"; };
		0408F9F91C13632300CC8803 /* CategoryViewCell.swift */ = {isa = PBXFileReference; fileEncoding = 4; lastKnownFileType = sourcecode.swift; path = CategoryViewCell.swift; sourceTree = "<group>"; };
		0408F9FB1C13632300CC8803 /* CategoryVM.swift */ = {isa = PBXFileReference; fileEncoding = 4; lastKnownFileType = sourcecode.swift; path = CategoryVM.swift; sourceTree = "<group>"; };
		0408F9FD1C13632300CC8803 /* CommentVM.swift */ = {isa = PBXFileReference; fileEncoding = 4; lastKnownFileType = sourcecode.swift; path = CommentVM.swift; sourceTree = "<group>"; };
		0408F9FF1C13632300CC8803 /* Constants.swift */ = {isa = PBXFileReference; fileEncoding = 4; lastKnownFileType = sourcecode.swift; path = Constants.swift; sourceTree = "<group>"; };
		0408FA031C13632300CC8803 /* FollowingFeedViewController.swift */ = {isa = PBXFileReference; fileEncoding = 4; lastKnownFileType = sourcecode.swift; path = FollowingFeedViewController.swift; sourceTree = "<group>"; };
		0408FA111C13633B00CC8803 /* ApiCallEvent.swift */ = {isa = PBXFileReference; fileEncoding = 4; lastKnownFileType = sourcecode.swift; path = ApiCallEvent.swift; sourceTree = "<group>"; };
		0408FA141C13633B00CC8803 /* BaseArgVM.swift */ = {isa = PBXFileReference; fileEncoding = 4; lastKnownFileType = sourcecode.swift; path = BaseArgVM.swift; sourceTree = "<group>"; };
		0408FA151C13633B00CC8803 /* CategoryCollectionViewCell.swift */ = {isa = PBXFileReference; fileEncoding = 4; lastKnownFileType = sourcecode.swift; path = CategoryCollectionViewCell.swift; sourceTree = "<group>"; };
		0408FA161C13633B00CC8803 /* CategoryFeedViewController.swift */ = {isa = PBXFileReference; fileEncoding = 4; lastKnownFileType = sourcecode.swift; path = CategoryFeedViewController.swift; sourceTree = "<group>"; };
		0408FA1F1C13635000CC8803 /* LocationVM.swift */ = {isa = PBXFileReference; fileEncoding = 4; lastKnownFileType = sourcecode.swift; path = LocationVM.swift; sourceTree = "<group>"; };
		0408FA241C13635000CC8803 /* PostVM.swift */ = {isa = PBXFileReference; fileEncoding = 4; lastKnownFileType = sourcecode.swift; path = PostVM.swift; sourceTree = "<group>"; };
		0408FA251C13635000CC8803 /* PostVMLite.swift */ = {isa = PBXFileReference; fileEncoding = 4; lastKnownFileType = sourcecode.swift; path = PostVMLite.swift; sourceTree = "<group>"; };
		0408FA261C13635000CC8803 /* ProductCollectionViewCell.swift */ = {isa = PBXFileReference; fileEncoding = 4; lastKnownFileType = sourcecode.swift; path = ProductCollectionViewCell.swift; sourceTree = "<group>"; };
		0408FA3E1C13699900CC8803 /* SettingVM.swift */ = {isa = PBXFileReference; fileEncoding = 4; lastKnownFileType = sourcecode.swift; path = SettingVM.swift; sourceTree = "<group>"; };
		0408FA461C13699900CC8803 /* UserVM.swift */ = {isa = PBXFileReference; fileEncoding = 4; lastKnownFileType = sourcecode.swift; path = UserVM.swift; sourceTree = "<group>"; };
		0408FA581C13FB3C00CC8803 /* LandingPageViewController.swift */ = {isa = PBXFileReference; fileEncoding = 4; lastKnownFileType = sourcecode.swift; path = LandingPageViewController.swift; sourceTree = "<group>"; };
		043123241C7C8191007EAC4D /* ImageCollectionViewCell.swift */ = {isa = PBXFileReference; fileEncoding = 4; lastKnownFileType = sourcecode.swift; path = ImageCollectionViewCell.swift; sourceTree = "<group>"; };
		043123291C7F3526007EAC4D /* UserVMLite.swift */ = {isa = PBXFileReference; fileEncoding = 4; lastKnownFileType = sourcecode.swift; path = UserVMLite.swift; sourceTree = "<group>"; };
		0431232B1C7F3540007EAC4D /* StringUtil.swift */ = {isa = PBXFileReference; fileEncoding = 4; lastKnownFileType = sourcecode.swift; path = StringUtil.swift; sourceTree = "<group>"; };
		0431232C1C7F3540007EAC4D /* UrlUtil.swift */ = {isa = PBXFileReference; fileEncoding = 4; lastKnownFileType = sourcecode.swift; path = UrlUtil.swift; sourceTree = "<group>"; };
		0431232F1C7F3551007EAC4D /* BaseLoginViewController.swift */ = {isa = PBXFileReference; fileEncoding = 4; lastKnownFileType = sourcecode.swift; path = BaseLoginViewController.swift; sourceTree = "<group>"; };
		043123311C7F356C007EAC4D /* ApiController.swift */ = {isa = PBXFileReference; fileEncoding = 4; lastKnownFileType = sourcecode.swift; path = ApiController.swift; sourceTree = "<group>"; };
		043A53651C68605100C70DBC /* SignupDetailViewController.swift */ = {isa = PBXFileReference; fileEncoding = 4; lastKnownFileType = sourcecode.swift; path = SignupDetailViewController.swift; sourceTree = "<group>"; };
		043A536D1C68EDBD00C70DBC /* SSValidationTextField.swift */ = {isa = PBXFileReference; fileEncoding = 4; lastKnownFileType = sourcecode.swift; path = SSValidationTextField.swift; sourceTree = "<group>"; };
		043A53701C6A31C900C70DBC /* SignInOptionsViewController.swift */ = {isa = PBXFileReference; fileEncoding = 4; lastKnownFileType = sourcecode.swift; path = SignInOptionsViewController.swift; sourceTree = "<group>"; };
		043A53721C6A324100C70DBC /* FbLoginViewController.swift */ = {isa = PBXFileReference; fileEncoding = 4; lastKnownFileType = sourcecode.swift; path = FbLoginViewController.swift; sourceTree = "<group>"; };
		043A53941C71C0D300C70DBC /* BaseProfileFeedViewController.swift */ = {isa = PBXFileReference; fileEncoding = 4; lastKnownFileType = sourcecode.swift; path = BaseProfileFeedViewController.swift; sourceTree = "<group>"; };
		043A53951C71C0D300C70DBC /* MyProfileFeedViewController.swift */ = {isa = PBXFileReference; fileEncoding = 4; lastKnownFileType = sourcecode.swift; path = MyProfileFeedViewController.swift; sourceTree = "<group>"; };
		043A53961C71C0D300C70DBC /* UserProfileFeedViewController.swift */ = {isa = PBXFileReference; fileEncoding = 4; lastKnownFileType = sourcecode.swift; path = UserProfileFeedViewController.swift; sourceTree = "<group>"; };
		043A539A1C7228F600C70DBC /* FeedLoader.swift */ = {isa = PBXFileReference; fileEncoding = 4; lastKnownFileType = sourcecode.swift; path = FeedLoader.swift; sourceTree = "<group>"; };
		043A539D1C72DC2100C70DBC /* SSRadioButton.swift */ = {isa = PBXFileReference; fileEncoding = 4; lastKnownFileType = sourcecode.swift; path = SSRadioButton.swift; sourceTree = "<group>"; };
		043A539E1C72DC2100C70DBC /* SSRadioButtonsController.swift */ = {isa = PBXFileReference; fileEncoding = 4; lastKnownFileType = sourcecode.swift; path = SSRadioButtonsController.swift; sourceTree = "<group>"; };
		044624A51C847A8B002F29E1 /* CustomInfiniteIndicator.swift */ = {isa = PBXFileReference; fileEncoding = 4; lastKnownFileType = sourcecode.swift; path = CustomInfiniteIndicator.swift; sourceTree = "<group>"; };
		044624A71C847C5B002F29E1 /* FBSDKCoreKit.framework */ = {isa = PBXFileReference; lastKnownFileType = wrapper.framework; name = FBSDKCoreKit.framework; path = "../Build/Libs/FacebookSDKs-iOS-20151111/FBSDKCoreKit.framework"; sourceTree = "<group>"; };
		044624A81C847C5B002F29E1 /* FBSDKLoginKit.framework */ = {isa = PBXFileReference; lastKnownFileType = wrapper.framework; name = FBSDKLoginKit.framework; path = "../Build/Libs/FacebookSDKs-iOS-20151111/FBSDKLoginKit.framework"; sourceTree = "<group>"; };
		044624A91C847C5B002F29E1 /* FBSDKShareKit.framework */ = {isa = PBXFileReference; lastKnownFileType = wrapper.framework; name = FBSDKShareKit.framework; path = "../Build/Libs/FacebookSDKs-iOS-20151111/FBSDKShareKit.framework"; sourceTree = "<group>"; };
		044928DF1C6093720016F32C /* SignupViewController.swift */ = {isa = PBXFileReference; fileEncoding = 4; lastKnownFileType = sourcecode.swift; path = SignupViewController.swift; sourceTree = "<group>"; };
		0449B0091C63C6250077049C /* LicenseViewController.swift */ = {isa = PBXFileReference; fileEncoding = 4; lastKnownFileType = sourcecode.swift; path = LicenseViewController.swift; sourceTree = "<group>"; };
		0449B00E1C64CDE60077049C /* ImageUtil.swift */ = {isa = PBXFileReference; fileEncoding = 4; lastKnownFileType = sourcecode.swift; path = ImageUtil.swift; sourceTree = "<group>"; };
		0449B0101C65B78D0077049C /* ViewUtil.swift */ = {isa = PBXFileReference; fileEncoding = 4; lastKnownFileType = sourcecode.swift; path = ViewUtil.swift; sourceTree = "<group>"; };
		044CD1841C779EFF00D68AA7 /* UserActivityTypeViewCell.swift */ = {isa = PBXFileReference; fileEncoding = 4; lastKnownFileType = sourcecode.swift; path = UserActivityTypeViewCell.swift; sourceTree = "<group>"; };
		044CD1861C77A45300D68AA7 /* BaseActivityViewCell.swift */ = {isa = PBXFileReference; fileEncoding = 4; lastKnownFileType = sourcecode.swift; path = BaseActivityViewCell.swift; sourceTree = "<group>"; };
		044CD1881C77A81100D68AA7 /* UserActivityType2ViewCell.swift */ = {isa = PBXFileReference; fileEncoding = 4; lastKnownFileType = sourcecode.swift; path = UserActivityType2ViewCell.swift; sourceTree = "<group>"; };
		044DC84C1C51EBB700B9FD49 /* CustomTabViewController.swift */ = {isa = PBXFileReference; fileEncoding = 4; lastKnownFileType = sourcecode.swift; path = CustomTabViewController.swift; sourceTree = "<group>"; };
		044DC84E1C54033900B9FD49 /* CommentTableViewCell.swift */ = {isa = PBXFileReference; fileEncoding = 4; lastKnownFileType = sourcecode.swift; path = CommentTableViewCell.swift; sourceTree = "<group>"; };
		044DC8511C54E0FF00B9FD49 /* HRToast+UIView.swift */ = {isa = PBXFileReference; fileEncoding = 4; lastKnownFileType = sourcecode.swift; path = "HRToast+UIView.swift"; sourceTree = "<group>"; };
		04521FB71C59060200515C40 /* SplashViewController.swift */ = {isa = PBXFileReference; fileEncoding = 4; lastKnownFileType = sourcecode.swift; path = SplashViewController.swift; sourceTree = "<group>"; };
		04521FBF1C5C963400515C40 /* ProfileFeedReusableView.swift */ = {isa = PBXFileReference; fileEncoding = 4; lastKnownFileType = sourcecode.swift; path = ProfileFeedReusableView.swift; sourceTree = "<group>"; };
		04521FC11C5C9D0A00515C40 /* UserFeedHeaderViewCell.swift */ = {isa = PBXFileReference; fileEncoding = 4; lastKnownFileType = sourcecode.swift; path = UserFeedHeaderViewCell.swift; sourceTree = "<group>"; };
		0459BB1E1C7475970096A330 /* UserActivityViewCell.swift */ = {isa = PBXFileReference; fileEncoding = 4; lastKnownFileType = sourcecode.swift; path = UserActivityViewCell.swift; sourceTree = "<group>"; };
		0459BB201C7479040096A330 /* ActivityVM.swift */ = {isa = PBXFileReference; fileEncoding = 4; lastKnownFileType = sourcecode.swift; path = ActivityVM.swift; sourceTree = "<group>"; };
		0459BB231C755C8C0096A330 /* NSDateExtension.swift */ = {isa = PBXFileReference; fileEncoding = 4; lastKnownFileType = sourcecode.swift; path = NSDateExtension.swift; sourceTree = "<group>"; };
		0459BB271C75BA7B0096A330 /* FeedViewAdapter.swift */ = {isa = PBXFileReference; fileEncoding = 4; lastKnownFileType = sourcecode.swift; path = FeedViewAdapter.swift; sourceTree = "<group>"; };
		046633D41C846928000F18AE /* SellerViewController.swift */ = {isa = PBXFileReference; fileEncoding = 4; lastKnownFileType = sourcecode.swift; path = SellerViewController.swift; sourceTree = "<group>"; };
		046633D61C84876C000F18AE /* RecommendedSellerViewController.swift */ = {isa = PBXFileReference; fileEncoding = 4; lastKnownFileType = sourcecode.swift; path = RecommendedSellerViewController.swift; sourceTree = "<group>"; };
		046633DA1C854D1D000F18AE /* RecommendedSellerViewCell.swift */ = {isa = PBXFileReference; fileEncoding = 4; lastKnownFileType = sourcecode.swift; path = RecommendedSellerViewCell.swift; sourceTree = "<group>"; };
		046633DC1C85621B000F18AE /* SellerVM.swift */ = {isa = PBXFileReference; fileEncoding = 4; lastKnownFileType = sourcecode.swift; path = SellerVM.swift; sourceTree = "<group>"; };
		0469057C1C809B1800BDFFB9 /* NotificationCounterVM.swift */ = {isa = PBXFileReference; fileEncoding = 4; lastKnownFileType = sourcecode.swift; path = NotificationCounterVM.swift; sourceTree = "<group>"; };
		0469057F1C816DE000BDFFB9 /* ENMBadgedBarButtonItem.swift */ = {isa = PBXFileReference; fileEncoding = 4; lastKnownFileType = sourcecode.swift; path = ENMBadgedBarButtonItem.swift; sourceTree = "<group>"; };
		046905811C81892100BDFFB9 /* NotificationCounter.swift */ = {isa = PBXFileReference; fileEncoding = 4; lastKnownFileType = sourcecode.swift; path = NotificationCounter.swift; sourceTree = "<group>"; };
		04691A021C4E4A4600A3EC56 /* SharedPreferencesUtil.swift */ = {isa = PBXFileReference; fileEncoding = 4; lastKnownFileType = sourcecode.swift; path = SharedPreferencesUtil.swift; sourceTree = "<group>"; };
		047706F31C23EB9400E851D3 /* MessageVM.swift */ = {isa = PBXFileReference; fileEncoding = 4; lastKnownFileType = sourcecode.swift; path = MessageVM.swift; sourceTree = "<group>"; };
		047706F51C2485FC00E851D3 /* MessagesViewController.swift */ = {isa = PBXFileReference; fileEncoding = 4; lastKnownFileType = sourcecode.swift; path = MessagesViewController.swift; sourceTree = "<group>"; };
		047706F71C24900200E851D3 /* ChatBubble.swift */ = {isa = PBXFileReference; fileEncoding = 4; lastKnownFileType = sourcecode.swift; path = ChatBubble.swift; sourceTree = "<group>"; };
		047706F81C24900200E851D3 /* ChatBubbleData.swift */ = {isa = PBXFileReference; fileEncoding = 4; lastKnownFileType = sourcecode.swift; path = ChatBubbleData.swift; sourceTree = "<group>"; };
		0487CE991C61007F00CFA3F8 /* FeedProductViewController.swift */ = {isa = PBXFileReference; fileEncoding = 4; lastKnownFileType = sourcecode.swift; path = FeedProductViewController.swift; sourceTree = "<group>"; };
		04A2317B1C1C4D79002FB013 /* HomeReusableView.swift */ = {isa = PBXFileReference; fileEncoding = 4; lastKnownFileType = sourcecode.swift; path = HomeReusableView.swift; sourceTree = "<group>"; };
		04A2317D1C1C4DCB002FB013 /* StaticCollectionViewCell.swift */ = {isa = PBXFileReference; fileEncoding = 4; lastKnownFileType = sourcecode.swift; path = StaticCollectionViewCell.swift; sourceTree = "<group>"; };
		04A2317F1C1C5D9D002FB013 /* HomeFeedViewController.swift */ = {isa = PBXFileReference; fileEncoding = 4; lastKnownFileType = sourcecode.swift; path = HomeFeedViewController.swift; sourceTree = "<group>"; };
		04A231811C1C7444002FB013 /* FeedProductCollectionViewCell.swift */ = {isa = PBXFileReference; fileEncoding = 4; lastKnownFileType = sourcecode.swift; path = FeedProductCollectionViewCell.swift; sourceTree = "<group>"; };
		04A25A971C22E920008A1DB1 /* ConversationVM.swift */ = {isa = PBXFileReference; fileEncoding = 4; lastKnownFileType = sourcecode.swift; path = ConversationVM.swift; sourceTree = "<group>"; };
		04D184471C3B414A00A6C35B /* UserInfoCache.swift */ = {isa = PBXFileReference; fileEncoding = 4; lastKnownFileType = sourcecode.swift; path = UserInfoCache.swift; sourceTree = "<group>"; };
		04D184491C3B4D8500A6C35B /* CategoryCache.swift */ = {isa = PBXFileReference; fileEncoding = 4; lastKnownFileType = sourcecode.swift; path = CategoryCache.swift; sourceTree = "<group>"; };
		04D1844B1C3B53DD00A6C35B /* DistrictCache.swift */ = {isa = PBXFileReference; fileEncoding = 4; lastKnownFileType = sourcecode.swift; path = DistrictCache.swift; sourceTree = "<group>"; };
		04D184571C3EF04200A6C35B /* CustomNavigationController.swift */ = {isa = PBXFileReference; fileEncoding = 4; lastKnownFileType = sourcecode.swift; path = CustomNavigationController.swift; sourceTree = "<group>"; };
		04E1A9F61C4A0D8C0052FEED /* FeedFilter.swift */ = {isa = PBXFileReference; fileEncoding = 4; lastKnownFileType = sourcecode.swift; path = FeedFilter.swift; sourceTree = "<group>"; };
		04E1A9F81C4A52B00052FEED /* babybox-Bridging-Header.h */ = {isa = PBXFileReference; fileEncoding = 4; lastKnownFileType = sourcecode.c.h; path = "babybox-Bridging-Header.h"; sourceTree = "<group>"; };
		04E1A9F91C4A52B00052FEED /* DPDConstants.swift */ = {isa = PBXFileReference; fileEncoding = 4; lastKnownFileType = sourcecode.swift; path = DPDConstants.swift; sourceTree = "<group>"; };
		04E1A9FA1C4A52B00052FEED /* DPDKeyboardListener.swift */ = {isa = PBXFileReference; fileEncoding = 4; lastKnownFileType = sourcecode.swift; path = DPDKeyboardListener.swift; sourceTree = "<group>"; };
		04E1A9FB1C4A52B00052FEED /* DPDUIView+Extension.swift */ = {isa = PBXFileReference; fileEncoding = 4; lastKnownFileType = sourcecode.swift; path = "DPDUIView+Extension.swift"; sourceTree = "<group>"; };
		04E1A9FC1C4A52B00052FEED /* DropDown.swift */ = {isa = PBXFileReference; fileEncoding = 4; lastKnownFileType = sourcecode.swift; path = DropDown.swift; sourceTree = "<group>"; };
		04E1A9FD1C4A52B00052FEED /* DropDownCell.swift */ = {isa = PBXFileReference; fileEncoding = 4; lastKnownFileType = sourcecode.swift; path = DropDownCell.swift; sourceTree = "<group>"; };
		04E1A9FE1C4A52B00052FEED /* DropDownCell.xib */ = {isa = PBXFileReference; fileEncoding = 4; lastKnownFileType = file.xib; path = DropDownCell.xib; sourceTree = "<group>"; };
		04E1AA001C4A52B00052FEED /* FXBlurView.h */ = {isa = PBXFileReference; fileEncoding = 4; lastKnownFileType = sourcecode.c.h; path = FXBlurView.h; sourceTree = "<group>"; };
		04E1AA011C4A52B00052FEED /* FXBlurView.m */ = {isa = PBXFileReference; fileEncoding = 4; lastKnownFileType = sourcecode.c.objc; path = FXBlurView.m; sourceTree = "<group>"; };
		04E1AA031C4A52B00052FEED /* ImageCropView.h */ = {isa = PBXFileReference; fileEncoding = 4; lastKnownFileType = sourcecode.c.h; path = ImageCropView.h; sourceTree = "<group>"; };
		04E1AA041C4A52B00052FEED /* ImageCropView.m */ = {isa = PBXFileReference; fileEncoding = 4; lastKnownFileType = sourcecode.c.objc; path = ImageCropView.m; sourceTree = "<group>"; };
		04E1AA081C4A52B00052FEED /* NewPostVM.swift */ = {isa = PBXFileReference; fileEncoding = 4; lastKnownFileType = sourcecode.swift; path = NewPostVM.swift; sourceTree = "<group>"; };
		04E1AA091C4A52B00052FEED /* SRWebClient.swift */ = {isa = PBXFileReference; fileEncoding = 4; lastKnownFileType = sourcecode.swift; path = SRWebClient.swift; sourceTree = "<group>"; };
		04E6F6CD1C15A9FC0057C94E /* ForgotPasswordViewController.swift */ = {isa = PBXFileReference; fileEncoding = 4; lastKnownFileType = sourcecode.swift; path = ForgotPasswordViewController.swift; sourceTree = "<group>"; };
		04E6F6CF1C15CE5A0057C94E /* WebViewController.swift */ = {isa = PBXFileReference; fileEncoding = 4; lastKnownFileType = sourcecode.swift; path = WebViewController.swift; sourceTree = "<group>"; };
		04E6F70F1C18795D0057C94E /* SellProductsViewController.swift */ = {isa = PBXFileReference; fileEncoding = 4; lastKnownFileType = sourcecode.swift; path = SellProductsViewController.swift; sourceTree = "<group>"; };
		04E6F7111C1879F80057C94E /* CustomCollectionViewCell.swift */ = {isa = PBXFileReference; fileEncoding = 4; lastKnownFileType = sourcecode.swift; path = CustomCollectionViewCell.swift; sourceTree = "<group>"; };
		04EB21751C1F4A11001A14DB /* ConversationsViewController.swift */ = {isa = PBXFileReference; fileEncoding = 4; lastKnownFileType = sourcecode.swift; path = ConversationsViewController.swift; sourceTree = "<group>"; };
		04EB21771C1F4C7C001A14DB /* ConversationsCollectionViewCell.swift */ = {isa = PBXFileReference; fileEncoding = 4; lastKnownFileType = sourcecode.swift; path = ConversationsCollectionViewCell.swift; sourceTree = "<group>"; };
		04EB217D1C1FFE32001A14DB /* FollowersFollowingViewController.swift */ = {isa = PBXFileReference; fileEncoding = 4; lastKnownFileType = sourcecode.swift; path = FollowersFollowingViewController.swift; sourceTree = "<group>"; };
		04EB217F1C1FFE4D001A14DB /* EditProfileViewController.swift */ = {isa = PBXFileReference; fileEncoding = 4; lastKnownFileType = sourcecode.swift; path = EditProfileViewController.swift; sourceTree = "<group>"; };
		04EB21811C1FFE98001A14DB /* UserActivityViewController.swift */ = {isa = PBXFileReference; fileEncoding = 4; lastKnownFileType = sourcecode.swift; path = UserActivityViewController.swift; sourceTree = "<group>"; };
		04EB21831C1FFFF9001A14DB /* SettingsViewController.swift */ = {isa = PBXFileReference; fileEncoding = 4; lastKnownFileType = sourcecode.swift; path = SettingsViewController.swift; sourceTree = "<group>"; };
		04F11EBE1C20914900414CD3 /* FollowersCollectionViewCell.swift */ = {isa = PBXFileReference; fileEncoding = 4; lastKnownFileType = sourcecode.swift; path = FollowersCollectionViewCell.swift; sourceTree = "<group>"; };
		04F11EC01C20915E00414CD3 /* FollowingCollectionViewCell.swift */ = {isa = PBXFileReference; fileEncoding = 4; lastKnownFileType = sourcecode.swift; path = FollowingCollectionViewCell.swift; sourceTree = "<group>"; };
		04F11EC21C212FD100414CD3 /* MessageTableViewCell.swift */ = {isa = PBXFileReference; fileEncoding = 4; lastKnownFileType = sourcecode.swift; path = MessageTableViewCell.swift; sourceTree = "<group>"; };
		04F11EC41C213AE000414CD3 /* DetailsTableViewCell.swift */ = {isa = PBXFileReference; fileEncoding = 4; lastKnownFileType = sourcecode.swift; path = DetailsTableViewCell.swift; sourceTree = "<group>"; };
		77A57C83714C16BF68A806B6 /* Pods.debug.xcconfig */ = {isa = PBXFileReference; includeInIndex = 1; lastKnownFileType = text.xcconfig; name = Pods.debug.xcconfig; path = "Pods/Target Support Files/Pods/Pods.debug.xcconfig"; sourceTree = "<group>"; };
		844845261C9C422300714EBE /* ProductChatViewController.swift */ = {isa = PBXFileReference; fileEncoding = 4; lastKnownFileType = sourcecode.swift; path = ProductChatViewController.swift; sourceTree = "<group>"; };
		844845281C9C48FF00714EBE /* ProductChatViewCell.swift */ = {isa = PBXFileReference; fileEncoding = 4; lastKnownFileType = sourcecode.swift; path = ProductChatViewCell.swift; sourceTree = "<group>"; };
		848508831C9D37BB00E0F7AE /* ProductNavigationController.swift */ = {isa = PBXFileReference; fileEncoding = 4; lastKnownFileType = sourcecode.swift; path = ProductNavigationController.swift; sourceTree = "<group>"; };
		848508851C9D3DD200E0F7AE /* EditPostViewController.swift */ = {isa = PBXFileReference; fileEncoding = 4; lastKnownFileType = sourcecode.swift; path = EditPostViewController.swift; sourceTree = "<group>"; };
		84FB2BAA1C9C12B800323D41 /* ConversationCache.swift */ = {isa = PBXFileReference; fileEncoding = 4; lastKnownFileType = sourcecode.swift; path = ConversationCache.swift; sourceTree = "<group>"; };
		84FB2BAB1C9C12B800323D41 /* ConversationOrderVM.swift */ = {isa = PBXFileReference; fileEncoding = 4; lastKnownFileType = sourcecode.swift; path = ConversationOrderVM.swift; sourceTree = "<group>"; };
		84FB2BAC1C9C12B800323D41 /* CountryCache.swift */ = {isa = PBXFileReference; fileEncoding = 4; lastKnownFileType = sourcecode.swift; path = CountryCache.swift; sourceTree = "<group>"; };
		84FB2BAD1C9C12B800323D41 /* CountryVM.swift */ = {isa = PBXFileReference; fileEncoding = 4; lastKnownFileType = sourcecode.swift; path = CountryVM.swift; sourceTree = "<group>"; };
		84FB2BB21C9C12DC00323D41 /* MessageResponseVM.swift */ = {isa = PBXFileReference; fileEncoding = 4; lastKnownFileType = sourcecode.swift; path = MessageResponseVM.swift; sourceTree = "<group>"; };
		84FB2BB31C9C12DC00323D41 /* PageMenu */ = {isa = PBXFileReference; lastKnownFileType = folder; path = PageMenu; sourceTree = "<group>"; };
		AF8E79F78DE07A9FA9CE80DD /* Pods.release.xcconfig */ = {isa = PBXFileReference; includeInIndex = 1; lastKnownFileType = text.xcconfig; name = Pods.release.xcconfig; path = "Pods/Target Support Files/Pods/Pods.release.xcconfig"; sourceTree = "<group>"; };
		BDFD6BE300D70B4AC190D07C /* Pods.framework */ = {isa = PBXFileReference; explicitFileType = wrapper.framework; includeInIndex = 0; path = Pods.framework; sourceTree = BUILT_PRODUCTS_DIR; };
/* End PBXFileReference section */

/* Begin PBXFrameworksBuildPhase section */
		0408F9CF1C1362AA00CC8803 /* Frameworks */ = {
			isa = PBXFrameworksBuildPhase;
			buildActionMask = 2147483647;
			files = (
				044624AA1C847C5B002F29E1 /* FBSDKCoreKit.framework in Frameworks */,
				044624AB1C847C5B002F29E1 /* FBSDKLoginKit.framework in Frameworks */,
				044624AC1C847C5B002F29E1 /* FBSDKShareKit.framework in Frameworks */,
				6CF4E8C6E70F9ACB7F1AF880 /* Pods.framework in Frameworks */,
			);
			runOnlyForDeploymentPostprocessing = 0;
		};
		0408F9E41C1362AA00CC8803 /* Frameworks */ = {
			isa = PBXFrameworksBuildPhase;
			buildActionMask = 2147483647;
			files = (
			);
			runOnlyForDeploymentPostprocessing = 0;
		};
/* End PBXFrameworksBuildPhase section */

/* Begin PBXGroup section */
		0408F9C91C1362AA00CC8803 = {
			isa = PBXGroup;
			children = (
				0408F9D41C1362AA00CC8803 /* babybox */,
				0408F9EA1C1362AA00CC8803 /* babyboxTests */,
				0408F9D31C1362AA00CC8803 /* Products */,
				2B6A0A6388BBC35AE5F1A3F2 /* Pods */,
				34FE2032942976E730A334CC /* Frameworks */,
			);
			sourceTree = "<group>";
		};
		0408F9D31C1362AA00CC8803 /* Products */ = {
			isa = PBXGroup;
			children = (
				0408F9D21C1362AA00CC8803 /* BabyBox.app */,
				0408F9E71C1362AA00CC8803 /* babyboxTests.xctest */,
			);
			name = Products;
			sourceTree = "<group>";
		};
		0408F9D41C1362AA00CC8803 /* babybox */ = {
			isa = PBXGroup;
			children = (
				046BB6A51C579C3F0007CCE6 /* res */,
				046BB6A41C5795220007CCE6 /* viewcell */,
				04E1A9F81C4A52B00052FEED /* babybox-Bridging-Header.h */,
				046BB6A31C57945A0007CCE6 /* extension */,
				046BB6A21C5794530007CCE6 /* cache */,
				046BB6A11C57944A0007CCE6 /* util */,
				046BB6A01C57943F0007CCE6 /* viewmodel */,
				046BB69F1C5794320007CCE6 /* viewcontroller */,
				046BB69E1C5794250007CCE6 /* view */,
				046BB69D1C5794190007CCE6 /* app */,
				0408F9D51C1362AA00CC8803 /* Supporting Files */,
			);
			path = babybox;
			sourceTree = "<group>";
		};
		0408F9D51C1362AA00CC8803 /* Supporting Files */ = {
			isa = PBXGroup;
			children = (
				0408F9D61C1362AA00CC8803 /* Info.plist */,
			);
			name = "Supporting Files";
			sourceTree = "<group>";
		};
		0408F9EA1C1362AA00CC8803 /* babyboxTests */ = {
			isa = PBXGroup;
			children = (
				0408F9ED1C1362AA00CC8803 /* babyboxTests.swift */,
				0408F9EB1C1362AA00CC8803 /* Supporting Files */,
			);
			path = babyboxTests;
			sourceTree = "<group>";
		};
		0408F9EB1C1362AA00CC8803 /* Supporting Files */ = {
			isa = PBXGroup;
			children = (
				0408F9EC1C1362AA00CC8803 /* Info.plist */,
			);
			name = "Supporting Files";
			sourceTree = "<group>";
		};
		043A53671C68EDA900C70DBC /* SSRadioButtonController */ = {
			isa = PBXGroup;
			children = (
			);
			path = SSRadioButtonController;
			sourceTree = "<group>";
		};
		043A536C1C68EDBD00C70DBC /* SSValidationTextField */ = {
			isa = PBXGroup;
			children = (
				043A536D1C68EDBD00C70DBC /* SSValidationTextField.swift */,
			);
			path = SSValidationTextField;
			sourceTree = "<group>";
		};
		043A539C1C72DC2100C70DBC /* SSRadioButton */ = {
			isa = PBXGroup;
			children = (
				043A539D1C72DC2100C70DBC /* SSRadioButton.swift */,
				043A539E1C72DC2100C70DBC /* SSRadioButtonsController.swift */,
			);
			path = SSRadioButton;
			sourceTree = "<group>";
		};
		044DC8501C54E0DF00B9FD49 /* toast */ = {
			isa = PBXGroup;
			children = (
				044DC8511C54E0FF00B9FD49 /* HRToast+UIView.swift */,
			);
			name = toast;
			sourceTree = "<group>";
		};
		0459BB221C755C770096A330 /* NSDate */ = {
			isa = PBXGroup;
			children = (
				0459BB231C755C8C0096A330 /* NSDateExtension.swift */,
			);
			name = NSDate;
			sourceTree = "<group>";
		};
		0469057E1C816D5000BDFFB9 /* ENMBadgedBarButton */ = {
			isa = PBXGroup;
			children = (
				0469057F1C816DE000BDFFB9 /* ENMBadgedBarButtonItem.swift */,
			);
			name = ENMBadgedBarButton;
			sourceTree = "<group>";
		};
		046BB69D1C5794190007CCE6 /* app */ = {
			isa = PBXGroup;
			children = (
				043123311C7F356C007EAC4D /* ApiController.swift */,
				0459BB271C75BA7B0096A330 /* FeedViewAdapter.swift */,
				0408F9FF1C13632300CC8803 /* Constants.swift */,
				0408F9D71C1362AA00CC8803 /* AppDelegate.swift */,
				046905811C81892100BDFFB9 /* NotificationCounter.swift */,
			);
			name = app;
			sourceTree = "<group>";
		};
		046BB69E1C5794250007CCE6 /* view */ = {
			isa = PBXGroup;
			children = (
				044624A51C847A8B002F29E1 /* CustomInfiniteIndicator.swift */,
				043A539A1C7228F600C70DBC /* FeedLoader.swift */,
				0408F9DB1C1362AA00CC8803 /* Main.storyboard */,
				04A2317B1C1C4D79002FB013 /* HomeReusableView.swift */,
				047706F71C24900200E851D3 /* ChatBubble.swift */,
				04521FBF1C5C963400515C40 /* ProfileFeedReusableView.swift */,
			);
			name = view;
			sourceTree = "<group>";
		};
		046BB69F1C5794320007CCE6 /* viewcontroller */ = {
			isa = PBXGroup;
			children = (
				0431232F1C7F3551007EAC4D /* BaseLoginViewController.swift */,
				043A53941C71C0D300C70DBC /* BaseProfileFeedViewController.swift */,
				043A53951C71C0D300C70DBC /* MyProfileFeedViewController.swift */,
				043A53961C71C0D300C70DBC /* UserProfileFeedViewController.swift */,
				0449B0091C63C6250077049C /* LicenseViewController.swift */,
				0487CE991C61007F00CFA3F8 /* FeedProductViewController.swift */,
				047706F51C2485FC00E851D3 /* MessagesViewController.swift */,
				04E6F6CF1C15CE5A0057C94E /* WebViewController.swift */,
				04A2317F1C1C5D9D002FB013 /* HomeFeedViewController.swift */,
				04EB21751C1F4A11001A14DB /* ConversationsViewController.swift */,
				04EB217D1C1FFE32001A14DB /* FollowersFollowingViewController.swift */,
				04EB217F1C1FFE4D001A14DB /* EditProfileViewController.swift */,
				04EB21811C1FFE98001A14DB /* UserActivityViewController.swift */,
				04EB21831C1FFFF9001A14DB /* SettingsViewController.swift */,
				04D184571C3EF04200A6C35B /* CustomNavigationController.swift */,
				044DC84C1C51EBB700B9FD49 /* CustomTabViewController.swift */,
				0408FA161C13633B00CC8803 /* CategoryFeedViewController.swift */,
				0408FA581C13FB3C00CC8803 /* LandingPageViewController.swift */,
				0408FA031C13632300CC8803 /* FollowingFeedViewController.swift */,
				0408F9D91C1362AA00CC8803 /* LoginViewController.swift */,
				04E6F6CD1C15A9FC0057C94E /* ForgotPasswordViewController.swift */,
				04E6F70F1C18795D0057C94E /* SellProductsViewController.swift */,
				04521FB71C59060200515C40 /* SplashViewController.swift */,
				044928DF1C6093720016F32C /* SignupViewController.swift */,
				043A53651C68605100C70DBC /* SignupDetailViewController.swift */,
				043A53701C6A31C900C70DBC /* SignInOptionsViewController.swift */,
				043A53721C6A324100C70DBC /* FbLoginViewController.swift */,
				046633D41C846928000F18AE /* SellerViewController.swift */,
				046633D61C84876C000F18AE /* RecommendedSellerViewController.swift */,
				844845261C9C422300714EBE /* ProductChatViewController.swift */,
				848508831C9D37BB00E0F7AE /* ProductNavigationController.swift */,
				848508851C9D3DD200E0F7AE /* EditPostViewController.swift */,
			);
			name = viewcontroller;
			sourceTree = "<group>";
		};
		046BB6A01C57943F0007CCE6 /* viewmodel */ = {
			isa = PBXGroup;
			children = (
				84FB2BB21C9C12DC00323D41 /* MessageResponseVM.swift */,
				84FB2BAB1C9C12B800323D41 /* ConversationOrderVM.swift */,
				84FB2BAD1C9C12B800323D41 /* CountryVM.swift */,
				043123291C7F3526007EAC4D /* UserVMLite.swift */,
				0408F9FB1C13632300CC8803 /* CategoryVM.swift */,
				0408F9FD1C13632300CC8803 /* CommentVM.swift */,
				04A25A971C22E920008A1DB1 /* ConversationVM.swift */,
				047706F31C23EB9400E851D3 /* MessageVM.swift */,
				0408FA141C13633B00CC8803 /* BaseArgVM.swift */,
				0408FA111C13633B00CC8803 /* ApiCallEvent.swift */,
				0408FA1F1C13635000CC8803 /* LocationVM.swift */,
				0408FA241C13635000CC8803 /* PostVM.swift */,
				0408FA251C13635000CC8803 /* PostVMLite.swift */,
				047706F81C24900200E851D3 /* ChatBubbleData.swift */,
				04E1AA081C4A52B00052FEED /* NewPostVM.swift */,
				0408FA3E1C13699900CC8803 /* SettingVM.swift */,
				0408FA461C13699900CC8803 /* UserVM.swift */,
				0459BB201C7479040096A330 /* ActivityVM.swift */,
				0469057C1C809B1800BDFFB9 /* NotificationCounterVM.swift */,
				046633DC1C85621B000F18AE /* SellerVM.swift */,
			);
			name = viewmodel;
			sourceTree = "<group>";
		};
		046BB6A11C57944A0007CCE6 /* util */ = {
			isa = PBXGroup;
			children = (
				04E1A9F61C4A0D8C0052FEED /* FeedFilter.swift */,
				0431232B1C7F3540007EAC4D /* StringUtil.swift */,
				0431232C1C7F3540007EAC4D /* UrlUtil.swift */,
				04691A021C4E4A4600A3EC56 /* SharedPreferencesUtil.swift */,
				0449B00E1C64CDE60077049C /* ImageUtil.swift */,
				0449B0101C65B78D0077049C /* ViewUtil.swift */,
			);
			name = util;
			sourceTree = "<group>";
		};
		046BB6A21C5794530007CCE6 /* cache */ = {
			isa = PBXGroup;
			children = (
				84FB2BAC1C9C12B800323D41 /* CountryCache.swift */,
				84FB2BAA1C9C12B800323D41 /* ConversationCache.swift */,
				04D184471C3B414A00A6C35B /* UserInfoCache.swift */,
				04D184491C3B4D8500A6C35B /* CategoryCache.swift */,
				04D1844B1C3B53DD00A6C35B /* DistrictCache.swift */,
			);
			name = cache;
			sourceTree = "<group>";
		};
		046BB6A31C57945A0007CCE6 /* extension */ = {
			isa = PBXGroup;
			children = (
				84FB2BB31C9C12DC00323D41 /* PageMenu */,
				0469057E1C816D5000BDFFB9 /* ENMBadgedBarButton */,
				0459BB221C755C770096A330 /* NSDate */,
				043A539C1C72DC2100C70DBC /* SSRadioButton */,
				043A536C1C68EDBD00C70DBC /* SSValidationTextField */,
				043A53671C68EDA900C70DBC /* SSRadioButtonController */,
				04E1AA191C4A540F0052FEED /* cropImage */,
				04E1AA1A1C4A54B80052FEED /* dropdown */,
				044DC8501C54E0DF00B9FD49 /* toast */,
			);
			name = extension;
			sourceTree = "<group>";
		};
		046BB6A41C5795220007CCE6 /* viewcell */ = {
			isa = PBXGroup;
			children = (
				043123241C7C8191007EAC4D /* ImageCollectionViewCell.swift */,
				04E6F7111C1879F80057C94E /* CustomCollectionViewCell.swift */,
				04A2317D1C1C4DCB002FB013 /* StaticCollectionViewCell.swift */,
				04A231811C1C7444002FB013 /* FeedProductCollectionViewCell.swift */,
				04EB21771C1F4C7C001A14DB /* ConversationsCollectionViewCell.swift */,
				04F11EBE1C20914900414CD3 /* FollowersCollectionViewCell.swift */,
				04F11EC01C20915E00414CD3 /* FollowingCollectionViewCell.swift */,
				0408FA151C13633B00CC8803 /* CategoryCollectionViewCell.swift */,
				0408FA261C13635000CC8803 /* ProductCollectionViewCell.swift */,
				04F11EC41C213AE000414CD3 /* DetailsTableViewCell.swift */,
				04F11EC21C212FD100414CD3 /* MessageTableViewCell.swift */,
				044DC84E1C54033900B9FD49 /* CommentTableViewCell.swift */,
				0408F9F91C13632300CC8803 /* CategoryViewCell.swift */,
				04521FC11C5C9D0A00515C40 /* UserFeedHeaderViewCell.swift */,
				0459BB1E1C7475970096A330 /* UserActivityViewCell.swift */,
				044CD1841C779EFF00D68AA7 /* UserActivityTypeViewCell.swift */,
				044CD1861C77A45300D68AA7 /* BaseActivityViewCell.swift */,
				044CD1881C77A81100D68AA7 /* UserActivityType2ViewCell.swift */,
				046633DA1C854D1D000F18AE /* RecommendedSellerViewCell.swift */,
				844845281C9C48FF00714EBE /* ProductChatViewCell.swift */,
			);
			name = viewcell;
			sourceTree = "<group>";
		};
		046BB6A51C579C3F0007CCE6 /* res */ = {
			isa = PBXGroup;
			children = (
				0408F9DE1C1362AA00CC8803 /* Images.xcassets */,
			);
			name = res;
			sourceTree = "<group>";
		};
		04E1AA191C4A540F0052FEED /* cropImage */ = {
			isa = PBXGroup;
			children = (
				04E1AA091C4A52B00052FEED /* SRWebClient.swift */,
				04E1AA001C4A52B00052FEED /* FXBlurView.h */,
				04E1AA011C4A52B00052FEED /* FXBlurView.m */,
				04E1AA031C4A52B00052FEED /* ImageCropView.h */,
				04E1AA041C4A52B00052FEED /* ImageCropView.m */,
			);
			name = cropImage;
			sourceTree = "<group>";
		};
		04E1AA1A1C4A54B80052FEED /* dropdown */ = {
			isa = PBXGroup;
			children = (
				04E1A9F91C4A52B00052FEED /* DPDConstants.swift */,
				04E1A9FA1C4A52B00052FEED /* DPDKeyboardListener.swift */,
				04E1A9FB1C4A52B00052FEED /* DPDUIView+Extension.swift */,
				04E1A9FC1C4A52B00052FEED /* DropDown.swift */,
				04E1A9FD1C4A52B00052FEED /* DropDownCell.swift */,
				04E1A9FE1C4A52B00052FEED /* DropDownCell.xib */,
			);
			name = dropdown;
			sourceTree = "<group>";
		};
		2B6A0A6388BBC35AE5F1A3F2 /* Pods */ = {
			isa = PBXGroup;
			children = (
				77A57C83714C16BF68A806B6 /* Pods.debug.xcconfig */,
				AF8E79F78DE07A9FA9CE80DD /* Pods.release.xcconfig */,
			);
			name = Pods;
			sourceTree = "<group>";
		};
		34FE2032942976E730A334CC /* Frameworks */ = {
			isa = PBXGroup;
			children = (
				044624A71C847C5B002F29E1 /* FBSDKCoreKit.framework */,
				044624A81C847C5B002F29E1 /* FBSDKLoginKit.framework */,
				044624A91C847C5B002F29E1 /* FBSDKShareKit.framework */,
				BDFD6BE300D70B4AC190D07C /* Pods.framework */,
			);
			name = Frameworks;
			sourceTree = "<group>";
		};
/* End PBXGroup section */

/* Begin PBXNativeTarget section */
		0408F9D11C1362AA00CC8803 /* babybox */ = {
			isa = PBXNativeTarget;
			buildConfigurationList = 0408F9F11C1362AA00CC8803 /* Build configuration list for PBXNativeTarget "babybox" */;
			buildPhases = (
				C18DEC40C96C33E5E8277504 /* Check Pods Manifest.lock */,
				0408F9CE1C1362AA00CC8803 /* Sources */,
				0408F9CF1C1362AA00CC8803 /* Frameworks */,
				0408F9D01C1362AA00CC8803 /* Resources */,
				8A3184780C4E7CA27311B151 /* Embed Pods Frameworks */,
				93119137EF1423C5A2F0CAC2 /* Copy Pods Resources */,
			);
			buildRules = (
			);
			dependencies = (
			);
			name = babybox;
			productName = babybox;
			productReference = 0408F9D21C1362AA00CC8803 /* BabyBox.app */;
			productType = "com.apple.product-type.application";
		};
		0408F9E61C1362AA00CC8803 /* babyboxTests */ = {
			isa = PBXNativeTarget;
			buildConfigurationList = 0408F9F41C1362AA00CC8803 /* Build configuration list for PBXNativeTarget "babyboxTests" */;
			buildPhases = (
				0408F9E31C1362AA00CC8803 /* Sources */,
				0408F9E41C1362AA00CC8803 /* Frameworks */,
				0408F9E51C1362AA00CC8803 /* Resources */,
			);
			buildRules = (
			);
			dependencies = (
				0408F9E91C1362AA00CC8803 /* PBXTargetDependency */,
			);
			name = babyboxTests;
			productName = babyboxTests;
			productReference = 0408F9E71C1362AA00CC8803 /* babyboxTests.xctest */;
			productType = "com.apple.product-type.bundle.unit-test";
		};
/* End PBXNativeTarget section */

/* Begin PBXProject section */
		0408F9CA1C1362AA00CC8803 /* Project object */ = {
			isa = PBXProject;
			attributes = {
				LastSwiftMigration = 0700;
				LastSwiftUpdateCheck = 0710;
				LastUpgradeCheck = 0630;
				ORGANIZATIONNAME = Mac;
				TargetAttributes = {
					0408F9D11C1362AA00CC8803 = {
						CreatedOnToolsVersion = 6.3;
						DevelopmentTeam = C6C2EZ4W7R;
					};
					0408F9E61C1362AA00CC8803 = {
						CreatedOnToolsVersion = 6.3;
						TestTargetID = 0408F9D11C1362AA00CC8803;
					};
				};
			};
			buildConfigurationList = 0408F9CD1C1362AA00CC8803 /* Build configuration list for PBXProject "BabyBox" */;
			compatibilityVersion = "Xcode 3.2";
			developmentRegion = English;
			hasScannedForEncodings = 0;
			knownRegions = (
				en,
				Base,
			);
			mainGroup = 0408F9C91C1362AA00CC8803;
			productRefGroup = 0408F9D31C1362AA00CC8803 /* Products */;
			projectDirPath = "";
			projectRoot = "";
			targets = (
				0408F9D11C1362AA00CC8803 /* babybox */,
				0408F9E61C1362AA00CC8803 /* babyboxTests */,
			);
		};
/* End PBXProject section */

/* Begin PBXResourcesBuildPhase section */
		0408F9D01C1362AA00CC8803 /* Resources */ = {
			isa = PBXResourcesBuildPhase;
			buildActionMask = 2147483647;
			files = (
				04E1AA0F1C4A52B00052FEED /* DropDownCell.xib in Resources */,
				0408F9DF1C1362AA00CC8803 /* Images.xcassets in Resources */,
				84FB2BB51C9C12DC00323D41 /* PageMenu in Resources */,
				0449B00C1C63DBEE0077049C /* Main.storyboard in Resources */,
			);
			runOnlyForDeploymentPostprocessing = 0;
		};
		0408F9E51C1362AA00CC8803 /* Resources */ = {
			isa = PBXResourcesBuildPhase;
			buildActionMask = 2147483647;
			files = (
			);
			runOnlyForDeploymentPostprocessing = 0;
		};
/* End PBXResourcesBuildPhase section */

/* Begin PBXShellScriptBuildPhase section */
		8A3184780C4E7CA27311B151 /* Embed Pods Frameworks */ = {
			isa = PBXShellScriptBuildPhase;
			buildActionMask = 2147483647;
			files = (
			);
			inputPaths = (
			);
			name = "Embed Pods Frameworks";
			outputPaths = (
			);
			runOnlyForDeploymentPostprocessing = 0;
			shellPath = /bin/sh;
			shellScript = "\"${SRCROOT}/Pods/Target Support Files/Pods/Pods-frameworks.sh\"\n";
			showEnvVarsInLog = 0;
		};
		93119137EF1423C5A2F0CAC2 /* Copy Pods Resources */ = {
			isa = PBXShellScriptBuildPhase;
			buildActionMask = 2147483647;
			files = (
			);
			inputPaths = (
			);
			name = "Copy Pods Resources";
			outputPaths = (
			);
			runOnlyForDeploymentPostprocessing = 0;
			shellPath = /bin/sh;
			shellScript = "\"${SRCROOT}/Pods/Target Support Files/Pods/Pods-resources.sh\"\n";
			showEnvVarsInLog = 0;
		};
		C18DEC40C96C33E5E8277504 /* Check Pods Manifest.lock */ = {
			isa = PBXShellScriptBuildPhase;
			buildActionMask = 2147483647;
			files = (
			);
			inputPaths = (
			);
			name = "Check Pods Manifest.lock";
			outputPaths = (
			);
			runOnlyForDeploymentPostprocessing = 0;
			shellPath = /bin/sh;
			shellScript = "diff \"${PODS_ROOT}/../Podfile.lock\" \"${PODS_ROOT}/Manifest.lock\" > /dev/null\nif [[ $? != 0 ]] ; then\n    cat << EOM\nerror: The sandbox is not in sync with the Podfile.lock. Run 'pod install' or update your CocoaPods installation.\nEOM\n    exit 1\nfi\n";
			showEnvVarsInLog = 0;
		};
/* End PBXShellScriptBuildPhase section */

/* Begin PBXSourcesBuildPhase section */
		0408F9CE1C1362AA00CC8803 /* Sources */ = {
			isa = PBXSourcesBuildPhase;
			buildActionMask = 2147483647;
			files = (
				043A53991C71C0D300C70DBC /* UserProfileFeedViewController.swift in Sources */,
				043123261C7C8191007EAC4D /* ImageCollectionViewCell.swift in Sources */,
				043A539B1C7228F600C70DBC /* FeedLoader.swift in Sources */,
				84FB2BB01C9C12B800323D41 /* CountryCache.swift in Sources */,
				04E1AA111C4A52B00052FEED /* FXBlurView.m in Sources */,
				04E1AA131C4A52B00052FEED /* ImageCropView.m in Sources */,
				04E1AA0A1C4A52B00052FEED /* DPDConstants.swift in Sources */,
				047706FA1C24900200E851D3 /* ChatBubbleData.swift in Sources */,
				043123321C7F356C007EAC4D /* ApiController.swift in Sources */,
				046905821C81892100BDFFB9 /* NotificationCounter.swift in Sources */,
				04691A031C4E4A4600A3EC56 /* SharedPreferencesUtil.swift in Sources */,
				047706F41C23EB9400E851D3 /* MessageVM.swift in Sources */,
				044DC84D1C51EBB700B9FD49 /* CustomTabViewController.swift in Sources */,
				043123301C7F3551007EAC4D /* BaseLoginViewController.swift in Sources */,
				046633D71C84876C000F18AE /* RecommendedSellerViewController.swift in Sources */,
				84FB2BB41C9C12DC00323D41 /* MessageResponseVM.swift in Sources */,
				844845291C9C48FF00714EBE /* ProductChatViewCell.swift in Sources */,
				0408FA071C13632300CC8803 /* CategoryVM.swift in Sources */,
				0469057D1C809B1800BDFFB9 /* NotificationCounterVM.swift in Sources */,
				0408FA091C13632300CC8803 /* CommentVM.swift in Sources */,
				04521FC01C5C963400515C40 /* ProfileFeedReusableView.swift in Sources */,
				043A539F1C72DC2100C70DBC /* SSRadioButton.swift in Sources */,
				044DC84F1C54033900B9FD49 /* CommentTableViewCell.swift in Sources */,
				0408FA281C13635000CC8803 /* LocationVM.swift in Sources */,
				0449B00F1C64CDE60077049C /* ImageUtil.swift in Sources */,
				044CD1891C77A81100D68AA7 /* UserActivityType2ViewCell.swift in Sources */,
				04A2317C1C1C4D79002FB013 /* HomeReusableView.swift in Sources */,
				04E6F6CE1C15A9FC0057C94E /* ForgotPasswordViewController.swift in Sources */,
				0449B00B1C63C6250077049C /* LicenseViewController.swift in Sources */,
				04F11EBF1C20914900414CD3 /* FollowersCollectionViewCell.swift in Sources */,
				046633D51C846928000F18AE /* SellerViewController.swift in Sources */,
				04EB21841C1FFFF9001A14DB /* SettingsViewController.swift in Sources */,
				04F11EC11C20915E00414CD3 /* FollowingCollectionViewCell.swift in Sources */,
				04E6F7101C18795E0057C94E /* SellProductsViewController.swift in Sources */,
				0459BB211C7479040096A330 /* ActivityVM.swift in Sources */,
				047706F91C24900200E851D3 /* ChatBubble.swift in Sources */,
				0408FA181C13633B00CC8803 /* ApiCallEvent.swift in Sources */,
				0487CE9A1C61007F00CFA3F8 /* FeedProductViewController.swift in Sources */,
				0408FA4C1C13699900CC8803 /* SettingVM.swift in Sources */,
				0459BB1F1C7475970096A330 /* UserActivityViewCell.swift in Sources */,
				0408F9DA1C1362AA00CC8803 /* LoginViewController.swift in Sources */,
				04E1AA0B1C4A52B00052FEED /* DPDKeyboardListener.swift in Sources */,
				04E1AA171C4A52B00052FEED /* NewPostVM.swift in Sources */,
				046633DD1C85621B000F18AE /* SellerVM.swift in Sources */,
				044CD1871C77A45300D68AA7 /* BaseActivityViewCell.swift in Sources */,
				0431232A1C7F3527007EAC4D /* UserVMLite.swift in Sources */,
				04E6F7121C1879F80057C94E /* CustomCollectionViewCell.swift in Sources */,
				84FB2BB11C9C12B800323D41 /* CountryVM.swift in Sources */,
				0408FA051C13632300CC8803 /* CategoryViewCell.swift in Sources */,
				044DC8521C54E0FF00B9FD49 /* HRToast+UIView.swift in Sources */,
				04D184481C3B414A00A6C35B /* UserInfoCache.swift in Sources */,
				0408FA2E1C13635000CC8803 /* PostVMLite.swift in Sources */,
				043A53661C68605100C70DBC /* SignupDetailViewController.swift in Sources */,
				04D1844C1C3B53DD00A6C35B /* DistrictCache.swift in Sources */,
				84FB2BAE1C9C12B800323D41 /* ConversationCache.swift in Sources */,
				04E1AA181C4A52B00052FEED /* SRWebClient.swift in Sources */,
				04E1A9F71C4A0D8C0052FEED /* FeedFilter.swift in Sources */,
				04D1844A1C3B4D8500A6C35B /* CategoryCache.swift in Sources */,
				84FB2BAF1C9C12B800323D41 /* ConversationOrderVM.swift in Sources */,
				04EB21801C1FFE4D001A14DB /* EditProfileViewController.swift in Sources */,
				04A231821C1C7444002FB013 /* FeedProductCollectionViewCell.swift in Sources */,
				04E6F6D01C15CE5A0057C94E /* WebViewController.swift in Sources */,
				848508861C9D3DD200E0F7AE /* EditPostViewController.swift in Sources */,
				0431232E1C7F3540007EAC4D /* UrlUtil.swift in Sources */,
				04521FB81C59060200515C40 /* SplashViewController.swift in Sources */,
				0459BB281C75BA7B0096A330 /* FeedViewAdapter.swift in Sources */,
				04F11EC31C212FD100414CD3 /* MessageTableViewCell.swift in Sources */,
				04A2317E1C1C4DCB002FB013 /* StaticCollectionViewCell.swift in Sources */,
				04E1AA0D1C4A52B00052FEED /* DropDown.swift in Sources */,
				0449B0111C65B78D0077049C /* ViewUtil.swift in Sources */,
				04EB217E1C1FFE32001A14DB /* FollowersFollowingViewController.swift in Sources */,
				0408FA1B1C13633B00CC8803 /* BaseArgVM.swift in Sources */,
				0408FA1D1C13633B00CC8803 /* CategoryFeedViewController.swift in Sources */,
				043A53981C71C0D300C70DBC /* MyProfileFeedViewController.swift in Sources */,
				04A231801C1C5D9D002FB013 /* HomeFeedViewController.swift in Sources */,
				043A53A01C72DC2100C70DBC /* SSRadioButtonsController.swift in Sources */,
				04D184581C3EF04200A6C35B /* CustomNavigationController.swift in Sources */,
				046633DB1C854D1D000F18AE /* RecommendedSellerViewCell.swift in Sources */,
				043A536E1C68EDBD00C70DBC /* SSValidationTextField.swift in Sources */,
				044624A61C847A8B002F29E1 /* CustomInfiniteIndicator.swift in Sources */,
				848508841C9D37BB00E0F7AE /* ProductNavigationController.swift in Sources */,
				0408FA591C13FB3C00CC8803 /* LandingPageViewController.swift in Sources */,
				043A53971C71C0D300C70DBC /* BaseProfileFeedViewController.swift in Sources */,
				0408FA0B1C13632300CC8803 /* Constants.swift in Sources */,
				04F11EC51C213AE000414CD3 /* DetailsTableViewCell.swift in Sources */,
				844845271C9C422300714EBE /* ProductChatViewController.swift in Sources */,
				043A53731C6A324100C70DBC /* FbLoginViewController.swift in Sources */,
				0408FA531C13699900CC8803 /* UserVM.swift in Sources */,
				0408FA2D1C13635000CC8803 /* PostVM.swift in Sources */,
				0408FA2F1C13635000CC8803 /* ProductCollectionViewCell.swift in Sources */,
				044CD1851C779F0000D68AA7 /* UserActivityTypeViewCell.swift in Sources */,
				844845221C9C2D1D00714EBE /* ConversationsCollectionViewCell.swift in Sources */,
				046905801C816DE000BDFFB9 /* ENMBadgedBarButtonItem.swift in Sources */,
				0408FA1C1C13633B00CC8803 /* CategoryCollectionViewCell.swift in Sources */,
				0408FA0F1C13632300CC8803 /* FollowingFeedViewController.swift in Sources */,
				0459BB241C755C8C0096A330 /* NSDateExtension.swift in Sources */,
				04E1AA0E1C4A52B00052FEED /* DropDownCell.swift in Sources */,
				0408F9D81C1362AA00CC8803 /* AppDelegate.swift in Sources */,
				04A25A981C22E921008A1DB1 /* ConversationVM.swift in Sources */,
				04E1AA0C1C4A52B00052FEED /* DPDUIView+Extension.swift in Sources */,
				0431232D1C7F3540007EAC4D /* StringUtil.swift in Sources */,
				0449B00D1C63DDD80077049C /* SignupViewController.swift in Sources */,
				04521FC21C5C9D0A00515C40 /* UserFeedHeaderViewCell.swift in Sources */,
				04EB21821C1FFE98001A14DB /* UserActivityViewController.swift in Sources */,
				043A53711C6A31C900C70DBC /* SignInOptionsViewController.swift in Sources */,
				047706F61C2485FC00E851D3 /* MessagesViewController.swift in Sources */,
				04EB21761C1F4A11001A14DB /* ConversationsViewController.swift in Sources */,
			);
			runOnlyForDeploymentPostprocessing = 0;
		};
		0408F9E31C1362AA00CC8803 /* Sources */ = {
			isa = PBXSourcesBuildPhase;
			buildActionMask = 2147483647;
			files = (
				0408F9EE1C1362AA00CC8803 /* babyboxTests.swift in Sources */,
			);
			runOnlyForDeploymentPostprocessing = 0;
		};
/* End PBXSourcesBuildPhase section */

/* Begin PBXTargetDependency section */
		0408F9E91C1362AA00CC8803 /* PBXTargetDependency */ = {
			isa = PBXTargetDependency;
			target = 0408F9D11C1362AA00CC8803 /* babybox */;
			targetProxy = 0408F9E81C1362AA00CC8803 /* PBXContainerItemProxy */;
		};
/* End PBXTargetDependency section */

/* Begin PBXVariantGroup section */
		0408F9DB1C1362AA00CC8803 /* Main.storyboard */ = {
			isa = PBXVariantGroup;
			children = (
				0408F9DC1C1362AA00CC8803 /* Base */,
			);
			name = Main.storyboard;
			sourceTree = "<group>";
		};
/* End PBXVariantGroup section */

/* Begin XCBuildConfiguration section */
		0408F9EF1C1362AA00CC8803 /* Debug */ = {
			isa = XCBuildConfiguration;
			buildSettings = {
				ALWAYS_SEARCH_USER_PATHS = NO;
				CLANG_CXX_LANGUAGE_STANDARD = "gnu++0x";
				CLANG_CXX_LIBRARY = "libc++";
				CLANG_ENABLE_MODULES = YES;
				CLANG_ENABLE_OBJC_ARC = YES;
				CLANG_WARN_BOOL_CONVERSION = YES;
				CLANG_WARN_CONSTANT_CONVERSION = YES;
				CLANG_WARN_DIRECT_OBJC_ISA_USAGE = YES_ERROR;
				CLANG_WARN_EMPTY_BODY = YES;
				CLANG_WARN_ENUM_CONVERSION = YES;
				CLANG_WARN_INT_CONVERSION = YES;
				CLANG_WARN_OBJC_ROOT_CLASS = YES_ERROR;
				CLANG_WARN_UNREACHABLE_CODE = YES;
				CLANG_WARN__DUPLICATE_METHOD_MATCH = YES;
				"CODE_SIGN_IDENTITY[sdk=iphoneos*]" = "iPhone Developer";
				COPY_PHASE_STRIP = NO;
				DEBUG_INFORMATION_FORMAT = "dwarf-with-dsym";
				ENABLE_STRICT_OBJC_MSGSEND = YES;
				GCC_C_LANGUAGE_STANDARD = gnu99;
				GCC_DYNAMIC_NO_PIC = NO;
				GCC_NO_COMMON_BLOCKS = YES;
				GCC_OPTIMIZATION_LEVEL = 0;
				GCC_PREPROCESSOR_DEFINITIONS = (
					"DEBUG=1",
					"$(inherited)",
				);
				GCC_SYMBOLS_PRIVATE_EXTERN = NO;
				GCC_WARN_64_TO_32_BIT_CONVERSION = YES;
				GCC_WARN_ABOUT_RETURN_TYPE = YES_ERROR;
				GCC_WARN_UNDECLARED_SELECTOR = YES;
				GCC_WARN_UNINITIALIZED_AUTOS = YES_AGGRESSIVE;
				GCC_WARN_UNUSED_FUNCTION = YES;
				GCC_WARN_UNUSED_VARIABLE = YES;
				IPHONEOS_DEPLOYMENT_TARGET = 8.3;
				MTL_ENABLE_DEBUG_INFO = YES;
				ONLY_ACTIVE_ARCH = YES;
				SDKROOT = iphoneos;
				SWIFT_OPTIMIZATION_LEVEL = "-Onone";
				TARGETED_DEVICE_FAMILY = "1,2";
			};
			name = Debug;
		};
		0408F9F01C1362AA00CC8803 /* Release */ = {
			isa = XCBuildConfiguration;
			buildSettings = {
				ALWAYS_SEARCH_USER_PATHS = NO;
				CLANG_CXX_LANGUAGE_STANDARD = "gnu++0x";
				CLANG_CXX_LIBRARY = "libc++";
				CLANG_ENABLE_MODULES = YES;
				CLANG_ENABLE_OBJC_ARC = YES;
				CLANG_WARN_BOOL_CONVERSION = YES;
				CLANG_WARN_CONSTANT_CONVERSION = YES;
				CLANG_WARN_DIRECT_OBJC_ISA_USAGE = YES_ERROR;
				CLANG_WARN_EMPTY_BODY = YES;
				CLANG_WARN_ENUM_CONVERSION = YES;
				CLANG_WARN_INT_CONVERSION = YES;
				CLANG_WARN_OBJC_ROOT_CLASS = YES_ERROR;
				CLANG_WARN_UNREACHABLE_CODE = YES;
				CLANG_WARN__DUPLICATE_METHOD_MATCH = YES;
				"CODE_SIGN_IDENTITY[sdk=iphoneos*]" = "iPhone Developer";
				COPY_PHASE_STRIP = NO;
				DEBUG_INFORMATION_FORMAT = "dwarf-with-dsym";
				ENABLE_NS_ASSERTIONS = NO;
				ENABLE_STRICT_OBJC_MSGSEND = YES;
				GCC_C_LANGUAGE_STANDARD = gnu99;
				GCC_NO_COMMON_BLOCKS = YES;
				GCC_WARN_64_TO_32_BIT_CONVERSION = YES;
				GCC_WARN_ABOUT_RETURN_TYPE = YES_ERROR;
				GCC_WARN_UNDECLARED_SELECTOR = YES;
				GCC_WARN_UNINITIALIZED_AUTOS = YES_AGGRESSIVE;
				GCC_WARN_UNUSED_FUNCTION = YES;
				GCC_WARN_UNUSED_VARIABLE = YES;
				IPHONEOS_DEPLOYMENT_TARGET = 8.3;
				MTL_ENABLE_DEBUG_INFO = NO;
				SDKROOT = iphoneos;
				TARGETED_DEVICE_FAMILY = "1,2";
				VALIDATE_PRODUCT = YES;
			};
			name = Release;
		};
		0408F9F21C1362AA00CC8803 /* Debug */ = {
			isa = XCBuildConfiguration;
			baseConfigurationReference = 77A57C83714C16BF68A806B6 /* Pods.debug.xcconfig */;
			buildSettings = {
				ASSETCATALOG_COMPILER_APPICON_NAME = AppIcon;
				CLANG_ENABLE_MODULES = YES;
				CODE_SIGN_IDENTITY = "iPhone Developer";
				"CODE_SIGN_IDENTITY[sdk=iphoneos*]" = "iPhone Developer";
				ENABLE_BITCODE = NO;
				FRAMEWORK_SEARCH_PATHS = (
					"$(inherited)",
					"$(PROJECT_DIR)",
					"$(SRCROOT)/../Build/Libs/FacebookSDKs-iOS-20151111/**",
					"$(PROJECT_DIR)/build/Debug-iphoneos",
				);
				INFOPLIST_FILE = babybox/Info.plist;
				IPHONEOS_DEPLOYMENT_TARGET = 8.1;
				LD_RUNPATH_SEARCH_PATHS = "$(inherited) @executable_path/Frameworks";
				PRODUCT_BUNDLE_IDENTIFIER = com.babybox.app;
				PRODUCT_NAME = BabyBox;
				PROVISIONING_PROFILE = "";
				SWIFT_OBJC_BRIDGING_HEADER = "$(SRCROOT)/babybox/babybox-Bridging-Header.h";
				TARGETED_DEVICE_FAMILY = 1;
			};
			name = Debug;
		};
		0408F9F31C1362AA00CC8803 /* Release */ = {
			isa = XCBuildConfiguration;
			baseConfigurationReference = AF8E79F78DE07A9FA9CE80DD /* Pods.release.xcconfig */;
			buildSettings = {
				ASSETCATALOG_COMPILER_APPICON_NAME = AppIcon;
				CODE_SIGN_IDENTITY = "iPhone Developer";
				"CODE_SIGN_IDENTITY[sdk=iphoneos*]" = "iPhone Developer";
				ENABLE_BITCODE = NO;
				FRAMEWORK_SEARCH_PATHS = (
					"$(inherited)",
					"$(PROJECT_DIR)",
					"$(SRCROOT)/../Build/Libs/FacebookSDKs-iOS-20151111/**",
					"$(PROJECT_DIR)/build/Debug-iphoneos",
				);
				INFOPLIST_FILE = babybox/Info.plist;
				IPHONEOS_DEPLOYMENT_TARGET = 8.1;
				LD_RUNPATH_SEARCH_PATHS = "$(inherited) @executable_path/Frameworks";
				PRODUCT_BUNDLE_IDENTIFIER = com.babybox.app;
				PRODUCT_NAME = BabyBox;
				PROVISIONING_PROFILE = "";
				SWIFT_OBJC_BRIDGING_HEADER = "$(SRCROOT)/babybox/babybox-Bridging-Header.h";
				TARGETED_DEVICE_FAMILY = 1;
			};
			name = Release;
		};
		0408F9F51C1362AA00CC8803 /* Debug */ = {
			isa = XCBuildConfiguration;
			buildSettings = {
				BUNDLE_LOADER = "$(TEST_HOST)";
				FRAMEWORK_SEARCH_PATHS = (
					"$(SDKROOT)/Developer/Library/Frameworks",
					"$(inherited)",
				);
				GCC_PREPROCESSOR_DEFINITIONS = (
					"DEBUG=1",
					"$(inherited)",
				);
				INFOPLIST_FILE = babyboxTests/Info.plist;
				LD_RUNPATH_SEARCH_PATHS = "$(inherited) @executable_path/Frameworks @loader_path/Frameworks";
				PRODUCT_NAME = "$(TARGET_NAME)";
				TEST_HOST = "$(BUILT_PRODUCTS_DIR)/babybox.app/babybox";
			};
			name = Debug;
		};
		0408F9F61C1362AA00CC8803 /* Release */ = {
			isa = XCBuildConfiguration;
			buildSettings = {
				BUNDLE_LOADER = "$(TEST_HOST)";
				FRAMEWORK_SEARCH_PATHS = (
					"$(SDKROOT)/Developer/Library/Frameworks",
					"$(inherited)",
				);
				INFOPLIST_FILE = babyboxTests/Info.plist;
				LD_RUNPATH_SEARCH_PATHS = "$(inherited) @executable_path/Frameworks @loader_path/Frameworks";
				PRODUCT_NAME = "$(TARGET_NAME)";
				TEST_HOST = "$(BUILT_PRODUCTS_DIR)/babybox.app/babybox";
			};
			name = Release;
		};
/* End XCBuildConfiguration section */

/* Begin XCConfigurationList section */
		0408F9CD1C1362AA00CC8803 /* Build configuration list for PBXProject "BabyBox" */ = {
			isa = XCConfigurationList;
			buildConfigurations = (
				0408F9EF1C1362AA00CC8803 /* Debug */,
				0408F9F01C1362AA00CC8803 /* Release */,
			);
			defaultConfigurationIsVisible = 0;
			defaultConfigurationName = Release;
		};
		0408F9F11C1362AA00CC8803 /* Build configuration list for PBXNativeTarget "babybox" */ = {
			isa = XCConfigurationList;
			buildConfigurations = (
				0408F9F21C1362AA00CC8803 /* Debug */,
				0408F9F31C1362AA00CC8803 /* Release */,
			);
			defaultConfigurationIsVisible = 0;
			defaultConfigurationName = Release;
		};
		0408F9F41C1362AA00CC8803 /* Build configuration list for PBXNativeTarget "babyboxTests" */ = {
			isa = XCConfigurationList;
			buildConfigurations = (
				0408F9F51C1362AA00CC8803 /* Debug */,
				0408F9F61C1362AA00CC8803 /* Release */,
			);
			defaultConfigurationIsVisible = 0;
			defaultConfigurationName = Release;
		};
/* End XCConfigurationList section */
	};
	rootObject = 0408F9CA1C1362AA00CC8803 /* Project object */;
}
