// !$*UTF8*$!
{
	archiveVersion = 1;
	classes = {
	};
	objectVersion = 46;
	objects = {

/* Begin PBXBuildFile section */
		0408F9D81C1362AA00CC8803 /* AppDelegate.swift in Sources */ = {isa = PBXBuildFile; fileRef = 0408F9D71C1362AA00CC8803 /* AppDelegate.swift */; };
		0408F9DA1C1362AA00CC8803 /* ViewController.swift in Sources */ = {isa = PBXBuildFile; fileRef = 0408F9D91C1362AA00CC8803 /* ViewController.swift */; };
		0408F9DD1C1362AA00CC8803 /* Main.storyboard in Resources */ = {isa = PBXBuildFile; fileRef = 0408F9DB1C1362AA00CC8803 /* Main.storyboard */; };
		0408F9DF1C1362AA00CC8803 /* Images.xcassets in Resources */ = {isa = PBXBuildFile; fileRef = 0408F9DE1C1362AA00CC8803 /* Images.xcassets */; };
		0408F9E21C1362AA00CC8803 /* LaunchScreen.xib in Resources */ = {isa = PBXBuildFile; fileRef = 0408F9E01C1362AA00CC8803 /* LaunchScreen.xib */; };
		0408F9EE1C1362AA00CC8803 /* babyboxTests.swift in Sources */ = {isa = PBXBuildFile; fileRef = 0408F9ED1C1362AA00CC8803 /* babyboxTests.swift */; };
		0408FA051C13632300CC8803 /* CategoryViewCell.swift in Sources */ = {isa = PBXBuildFile; fileRef = 0408F9F91C13632300CC8803 /* CategoryViewCell.swift */; };
		0408FA061C13632300CC8803 /* CategoryViewCellCollectionViewCell.swift in Sources */ = {isa = PBXBuildFile; fileRef = 0408F9FA1C13632300CC8803 /* CategoryViewCellCollectionViewCell.swift */; };
		0408FA071C13632300CC8803 /* CategoryVM.swift in Sources */ = {isa = PBXBuildFile; fileRef = 0408F9FB1C13632300CC8803 /* CategoryVM.swift */; };
		0408FA091C13632300CC8803 /* CommentModel.swift in Sources */ = {isa = PBXBuildFile; fileRef = 0408F9FD1C13632300CC8803 /* CommentModel.swift */; };
		0408FA0A1C13632300CC8803 /* CommentVM.swift in Sources */ = {isa = PBXBuildFile; fileRef = 0408F9FE1C13632300CC8803 /* CommentVM.swift */; };
		0408FA0B1C13632300CC8803 /* Constants.swift in Sources */ = {isa = PBXBuildFile; fileRef = 0408F9FF1C13632300CC8803 /* Constants.swift */; };
		0408FA0D1C13632300CC8803 /* FlickrPhotosViewController.swift in Sources */ = {isa = PBXBuildFile; fileRef = 0408FA011C13632300CC8803 /* FlickrPhotosViewController.swift */; };
		0408FA0E1C13632300CC8803 /* HomePageLeftTabViewController.swift in Sources */ = {isa = PBXBuildFile; fileRef = 0408FA021C13632300CC8803 /* HomePageLeftTabViewController.swift */; };
		0408FA0F1C13632300CC8803 /* HomePageRightTabController.swift in Sources */ = {isa = PBXBuildFile; fileRef = 0408FA031C13632300CC8803 /* HomePageRightTabController.swift */; };
		0408FA101C13632300CC8803 /* HomeProductsCollectionViewCell.swift in Sources */ = {isa = PBXBuildFile; fileRef = 0408FA041C13632300CC8803 /* HomeProductsCollectionViewCell.swift */; };
		0408FA181C13633B00CC8803 /* ApiCallEvent.swift in Sources */ = {isa = PBXBuildFile; fileRef = 0408FA111C13633B00CC8803 /* ApiCallEvent.swift */; };
		0408FA191C13633B00CC8803 /* ApiControlller.swift in Sources */ = {isa = PBXBuildFile; fileRef = 0408FA121C13633B00CC8803 /* ApiControlller.swift */; };
		0408FA1A1C13633B00CC8803 /* BaseArgModel.swift in Sources */ = {isa = PBXBuildFile; fileRef = 0408FA131C13633B00CC8803 /* BaseArgModel.swift */; };
		0408FA1B1C13633B00CC8803 /* BaseArgVM.swift in Sources */ = {isa = PBXBuildFile; fileRef = 0408FA141C13633B00CC8803 /* BaseArgVM.swift */; };
		0408FA1C1C13633B00CC8803 /* CategoryCollectionViewCell.swift in Sources */ = {isa = PBXBuildFile; fileRef = 0408FA151C13633B00CC8803 /* CategoryCollectionViewCell.swift */; };
		0408FA1D1C13633B00CC8803 /* CategoryDetailsViewController.swift in Sources */ = {isa = PBXBuildFile; fileRef = 0408FA161C13633B00CC8803 /* CategoryDetailsViewController.swift */; };
		0408FA1E1C13633B00CC8803 /* CategoryModel.swift in Sources */ = {isa = PBXBuildFile; fileRef = 0408FA171C13633B00CC8803 /* CategoryModel.swift */; };
		0408FA281C13635000CC8803 /* LocationModel.swift in Sources */ = {isa = PBXBuildFile; fileRef = 0408FA1F1C13635000CC8803 /* LocationModel.swift */; };
		0408FA291C13635000CC8803 /* LocationVM.swift in Sources */ = {isa = PBXBuildFile; fileRef = 0408FA201C13635000CC8803 /* LocationVM.swift */; };
		0408FA2A1C13635000CC8803 /* PhotoCell.swift in Sources */ = {isa = PBXBuildFile; fileRef = 0408FA211C13635000CC8803 /* PhotoCell.swift */; };
		0408FA2B1C13635000CC8803 /* PhotoViewController.swift in Sources */ = {isa = PBXBuildFile; fileRef = 0408FA221C13635000CC8803 /* PhotoViewController.swift */; };
		0408FA2C1C13635000CC8803 /* Post.swift in Sources */ = {isa = PBXBuildFile; fileRef = 0408FA231C13635000CC8803 /* Post.swift */; };
		0408FA2D1C13635000CC8803 /* PostCatModel.swift in Sources */ = {isa = PBXBuildFile; fileRef = 0408FA241C13635000CC8803 /* PostCatModel.swift */; };
		0408FA2E1C13635000CC8803 /* PostModel.swift in Sources */ = {isa = PBXBuildFile; fileRef = 0408FA251C13635000CC8803 /* PostModel.swift */; };
		0408FA2F1C13635000CC8803 /* ProductCollectionViewCell.swift in Sources */ = {isa = PBXBuildFile; fileRef = 0408FA261C13635000CC8803 /* ProductCollectionViewCell.swift */; };
		0408FA301C13635000CC8803 /* ProductDetailsViewController.swift in Sources */ = {isa = PBXBuildFile; fileRef = 0408FA271C13635000CC8803 /* ProductDetailsViewController.swift */; };
		0408FA321C1363EB00CC8803 /* de.lproj in Resources */ = {isa = PBXBuildFile; fileRef = 0408FA311C1363EB00CC8803 /* de.lproj */; };
		0408FA361C13663200CC8803 /* FBSDKCoreKit.framework in Frameworks */ = {isa = PBXBuildFile; fileRef = 0408FA331C13663200CC8803 /* FBSDKCoreKit.framework */; };
		0408FA371C13663200CC8803 /* FBSDKLoginKit.framework in Frameworks */ = {isa = PBXBuildFile; fileRef = 0408FA341C13663200CC8803 /* FBSDKLoginKit.framework */; };
		0408FA381C13663200CC8803 /* FBSDKShareKit.framework in Frameworks */ = {isa = PBXBuildFile; fileRef = 0408FA351C13663200CC8803 /* FBSDKShareKit.framework */; };
		0408FA471C13699900CC8803 /* RequestVM.swift in Sources */ = {isa = PBXBuildFile; fileRef = 0408FA391C13699900CC8803 /* RequestVM.swift */; };
		0408FA481C13699900CC8803 /* ResponseModel.swift in Sources */ = {isa = PBXBuildFile; fileRef = 0408FA3A1C13699900CC8803 /* ResponseModel.swift */; };
		0408FA491C13699900CC8803 /* ResponseVM.swift in Sources */ = {isa = PBXBuildFile; fileRef = 0408FA3B1C13699900CC8803 /* ResponseVM.swift */; };
		0408FA4A1C13699900CC8803 /* ResultDto.swift in Sources */ = {isa = PBXBuildFile; fileRef = 0408FA3C1C13699900CC8803 /* ResultDto.swift */; };
		0408FA4B1C13699900CC8803 /* SettingModel.swift in Sources */ = {isa = PBXBuildFile; fileRef = 0408FA3D1C13699900CC8803 /* SettingModel.swift */; };
		0408FA4C1C13699900CC8803 /* SettingVM.swift in Sources */ = {isa = PBXBuildFile; fileRef = 0408FA3E1C13699900CC8803 /* SettingVM.swift */; };
		0408FA4D1C13699900CC8803 /* TabOneCollectionLayout.swift in Sources */ = {isa = PBXBuildFile; fileRef = 0408FA3F1C13699900CC8803 /* TabOneCollectionLayout.swift */; };
		0408FA4E1C13699900CC8803 /* TabViewController.swift in Sources */ = {isa = PBXBuildFile; fileRef = 0408FA401C13699900CC8803 /* TabViewController.swift */; };
		0408FA4F1C13699900CC8803 /* UIApplication.swift in Sources */ = {isa = PBXBuildFile; fileRef = 0408FA411C13699900CC8803 /* UIApplication.swift */; };
		0408FA511C13699900CC8803 /* User.swift in Sources */ = {isa = PBXBuildFile; fileRef = 0408FA441C13699900CC8803 /* User.swift */; };
		0408FA521C13699900CC8803 /* UserInfoModel.swift in Sources */ = {isa = PBXBuildFile; fileRef = 0408FA451C13699900CC8803 /* UserInfoModel.swift */; };
		0408FA531C13699900CC8803 /* UserInfoVM.swift in Sources */ = {isa = PBXBuildFile; fileRef = 0408FA461C13699900CC8803 /* UserInfoVM.swift */; };
		0408FA591C13FB3C00CC8803 /* LandingPageViewController.swift in Sources */ = {isa = PBXBuildFile; fileRef = 0408FA581C13FB3C00CC8803 /* LandingPageViewController.swift */; };
		04E6F6CE1C15A9FC0057C94E /* ForgotPasswordViewController.swift in Sources */ = {isa = PBXBuildFile; fileRef = 04E6F6CD1C15A9FC0057C94E /* ForgotPasswordViewController.swift */; settings = {ASSET_TAGS = (); }; };
		04E6F6D01C15CE5A0057C94E /* WebViewController.swift in Sources */ = {isa = PBXBuildFile; fileRef = 04E6F6CF1C15CE5A0057C94E /* WebViewController.swift */; settings = {ASSET_TAGS = (); }; };
		6CF4E8C6E70F9ACB7F1AF880 /* Pods.framework in Frameworks */ = {isa = PBXBuildFile; fileRef = BDFD6BE300D70B4AC190D07C /* Pods.framework */; };
/* End PBXBuildFile section */

/* Begin PBXContainerItemProxy section */
		0408F9E81C1362AA00CC8803 /* PBXContainerItemProxy */ = {
			isa = PBXContainerItemProxy;
			containerPortal = 0408F9CA1C1362AA00CC8803 /* Project object */;
			proxyType = 1;
			remoteGlobalIDString = 0408F9D11C1362AA00CC8803;
			remoteInfo = babybox;
		};
/* End PBXContainerItemProxy section */

/* Begin PBXFileReference section */
		0408F9D21C1362AA00CC8803 /* babybox.app */ = {isa = PBXFileReference; explicitFileType = wrapper.application; includeInIndex = 0; path = babybox.app; sourceTree = BUILT_PRODUCTS_DIR; };
		0408F9D61C1362AA00CC8803 /* Info.plist */ = {isa = PBXFileReference; lastKnownFileType = text.plist.xml; path = Info.plist; sourceTree = "<group>"; };
		0408F9D71C1362AA00CC8803 /* AppDelegate.swift */ = {isa = PBXFileReference; lastKnownFileType = sourcecode.swift; path = AppDelegate.swift; sourceTree = "<group>"; };
		0408F9D91C1362AA00CC8803 /* ViewController.swift */ = {isa = PBXFileReference; lastKnownFileType = sourcecode.swift; path = ViewController.swift; sourceTree = "<group>"; };
		0408F9DC1C1362AA00CC8803 /* Base */ = {isa = PBXFileReference; lastKnownFileType = file.storyboard; name = Base; path = Base.lproj/Main.storyboard; sourceTree = "<group>"; };
		0408F9DE1C1362AA00CC8803 /* Images.xcassets */ = {isa = PBXFileReference; lastKnownFileType = folder.assetcatalog; path = Images.xcassets; sourceTree = "<group>"; };
		0408F9E11C1362AA00CC8803 /* Base */ = {isa = PBXFileReference; lastKnownFileType = file.xib; name = Base; path = Base.lproj/LaunchScreen.xib; sourceTree = "<group>"; };
		0408F9E71C1362AA00CC8803 /* babyboxTests.xctest */ = {isa = PBXFileReference; explicitFileType = wrapper.cfbundle; includeInIndex = 0; path = babyboxTests.xctest; sourceTree = BUILT_PRODUCTS_DIR; };
		0408F9EC1C1362AA00CC8803 /* Info.plist */ = {isa = PBXFileReference; lastKnownFileType = text.plist.xml; path = Info.plist; sourceTree = "<group>"; };
		0408F9ED1C1362AA00CC8803 /* babyboxTests.swift */ = {isa = PBXFileReference; lastKnownFileType = sourcecode.swift; path = babyboxTests.swift; sourceTree = "<group>"; };
		0408F9F91C13632300CC8803 /* CategoryViewCell.swift */ = {isa = PBXFileReference; fileEncoding = 4; lastKnownFileType = sourcecode.swift; path = CategoryViewCell.swift; sourceTree = "<group>"; };
		0408F9FA1C13632300CC8803 /* CategoryViewCellCollectionViewCell.swift */ = {isa = PBXFileReference; fileEncoding = 4; lastKnownFileType = sourcecode.swift; path = CategoryViewCellCollectionViewCell.swift; sourceTree = "<group>"; };
		0408F9FB1C13632300CC8803 /* CategoryVM.swift */ = {isa = PBXFileReference; fileEncoding = 4; lastKnownFileType = sourcecode.swift; path = CategoryVM.swift; sourceTree = "<group>"; };
		0408F9FD1C13632300CC8803 /* CommentModel.swift */ = {isa = PBXFileReference; fileEncoding = 4; lastKnownFileType = sourcecode.swift; path = CommentModel.swift; sourceTree = "<group>"; };
		0408F9FE1C13632300CC8803 /* CommentVM.swift */ = {isa = PBXFileReference; fileEncoding = 4; lastKnownFileType = sourcecode.swift; path = CommentVM.swift; sourceTree = "<group>"; };
		0408F9FF1C13632300CC8803 /* Constants.swift */ = {isa = PBXFileReference; fileEncoding = 4; lastKnownFileType = sourcecode.swift; path = Constants.swift; sourceTree = "<group>"; };
		0408FA011C13632300CC8803 /* FlickrPhotosViewController.swift */ = {isa = PBXFileReference; fileEncoding = 4; lastKnownFileType = sourcecode.swift; path = FlickrPhotosViewController.swift; sourceTree = "<group>"; };
		0408FA021C13632300CC8803 /* HomePageLeftTabViewController.swift */ = {isa = PBXFileReference; fileEncoding = 4; lastKnownFileType = sourcecode.swift; path = HomePageLeftTabViewController.swift; sourceTree = "<group>"; };
		0408FA031C13632300CC8803 /* HomePageRightTabController.swift */ = {isa = PBXFileReference; fileEncoding = 4; lastKnownFileType = sourcecode.swift; path = HomePageRightTabController.swift; sourceTree = "<group>"; };
		0408FA041C13632300CC8803 /* HomeProductsCollectionViewCell.swift */ = {isa = PBXFileReference; fileEncoding = 4; lastKnownFileType = sourcecode.swift; path = HomeProductsCollectionViewCell.swift; sourceTree = "<group>"; };
		0408FA111C13633B00CC8803 /* ApiCallEvent.swift */ = {isa = PBXFileReference; fileEncoding = 4; lastKnownFileType = sourcecode.swift; path = ApiCallEvent.swift; sourceTree = "<group>"; };
		0408FA121C13633B00CC8803 /* ApiControlller.swift */ = {isa = PBXFileReference; fileEncoding = 4; lastKnownFileType = sourcecode.swift; path = ApiControlller.swift; sourceTree = "<group>"; };
		0408FA131C13633B00CC8803 /* BaseArgModel.swift */ = {isa = PBXFileReference; fileEncoding = 4; lastKnownFileType = sourcecode.swift; path = BaseArgModel.swift; sourceTree = "<group>"; };
		0408FA141C13633B00CC8803 /* BaseArgVM.swift */ = {isa = PBXFileReference; fileEncoding = 4; lastKnownFileType = sourcecode.swift; path = BaseArgVM.swift; sourceTree = "<group>"; };
		0408FA151C13633B00CC8803 /* CategoryCollectionViewCell.swift */ = {isa = PBXFileReference; fileEncoding = 4; lastKnownFileType = sourcecode.swift; path = CategoryCollectionViewCell.swift; sourceTree = "<group>"; };
		0408FA161C13633B00CC8803 /* CategoryDetailsViewController.swift */ = {isa = PBXFileReference; fileEncoding = 4; lastKnownFileType = sourcecode.swift; path = CategoryDetailsViewController.swift; sourceTree = "<group>"; };
		0408FA171C13633B00CC8803 /* CategoryModel.swift */ = {isa = PBXFileReference; fileEncoding = 4; lastKnownFileType = sourcecode.swift; path = CategoryModel.swift; sourceTree = "<group>"; };
		0408FA1F1C13635000CC8803 /* LocationModel.swift */ = {isa = PBXFileReference; fileEncoding = 4; lastKnownFileType = sourcecode.swift; path = LocationModel.swift; sourceTree = "<group>"; };
		0408FA201C13635000CC8803 /* LocationVM.swift */ = {isa = PBXFileReference; fileEncoding = 4; lastKnownFileType = sourcecode.swift; path = LocationVM.swift; sourceTree = "<group>"; };
		0408FA211C13635000CC8803 /* PhotoCell.swift */ = {isa = PBXFileReference; fileEncoding = 4; lastKnownFileType = sourcecode.swift; path = PhotoCell.swift; sourceTree = "<group>"; };
		0408FA221C13635000CC8803 /* PhotoViewController.swift */ = {isa = PBXFileReference; fileEncoding = 4; lastKnownFileType = sourcecode.swift; path = PhotoViewController.swift; sourceTree = "<group>"; };
		0408FA231C13635000CC8803 /* Post.swift */ = {isa = PBXFileReference; fileEncoding = 4; lastKnownFileType = sourcecode.swift; path = Post.swift; sourceTree = "<group>"; };
		0408FA241C13635000CC8803 /* PostCatModel.swift */ = {isa = PBXFileReference; fileEncoding = 4; lastKnownFileType = sourcecode.swift; path = PostCatModel.swift; sourceTree = "<group>"; };
		0408FA251C13635000CC8803 /* PostModel.swift */ = {isa = PBXFileReference; fileEncoding = 4; lastKnownFileType = sourcecode.swift; path = PostModel.swift; sourceTree = "<group>"; };
		0408FA261C13635000CC8803 /* ProductCollectionViewCell.swift */ = {isa = PBXFileReference; fileEncoding = 4; lastKnownFileType = sourcecode.swift; path = ProductCollectionViewCell.swift; sourceTree = "<group>"; };
		0408FA271C13635000CC8803 /* ProductDetailsViewController.swift */ = {isa = PBXFileReference; fileEncoding = 4; lastKnownFileType = sourcecode.swift; path = ProductDetailsViewController.swift; sourceTree = "<group>"; };
		0408FA311C1363EB00CC8803 /* de.lproj */ = {isa = PBXFileReference; lastKnownFileType = folder; path = de.lproj; sourceTree = "<group>"; };
		0408FA331C13663200CC8803 /* FBSDKCoreKit.framework */ = {isa = PBXFileReference; lastKnownFileType = wrapper.framework; path = FBSDKCoreKit.framework; sourceTree = "<group>"; };
		0408FA341C13663200CC8803 /* FBSDKLoginKit.framework */ = {isa = PBXFileReference; lastKnownFileType = wrapper.framework; path = FBSDKLoginKit.framework; sourceTree = "<group>"; };
		0408FA351C13663200CC8803 /* FBSDKShareKit.framework */ = {isa = PBXFileReference; lastKnownFileType = wrapper.framework; path = FBSDKShareKit.framework; sourceTree = "<group>"; };
		0408FA391C13699900CC8803 /* RequestVM.swift */ = {isa = PBXFileReference; fileEncoding = 4; lastKnownFileType = sourcecode.swift; path = RequestVM.swift; sourceTree = "<group>"; };
		0408FA3A1C13699900CC8803 /* ResponseModel.swift */ = {isa = PBXFileReference; fileEncoding = 4; lastKnownFileType = sourcecode.swift; path = ResponseModel.swift; sourceTree = "<group>"; };
		0408FA3B1C13699900CC8803 /* ResponseVM.swift */ = {isa = PBXFileReference; fileEncoding = 4; lastKnownFileType = sourcecode.swift; path = ResponseVM.swift; sourceTree = "<group>"; };
		0408FA3C1C13699900CC8803 /* ResultDto.swift */ = {isa = PBXFileReference; fileEncoding = 4; lastKnownFileType = sourcecode.swift; path = ResultDto.swift; sourceTree = "<group>"; };
		0408FA3D1C13699900CC8803 /* SettingModel.swift */ = {isa = PBXFileReference; fileEncoding = 4; lastKnownFileType = sourcecode.swift; path = SettingModel.swift; sourceTree = "<group>"; };
		0408FA3E1C13699900CC8803 /* SettingVM.swift */ = {isa = PBXFileReference; fileEncoding = 4; lastKnownFileType = sourcecode.swift; path = SettingVM.swift; sourceTree = "<group>"; };
		0408FA3F1C13699900CC8803 /* TabOneCollectionLayout.swift */ = {isa = PBXFileReference; fileEncoding = 4; lastKnownFileType = sourcecode.swift; path = TabOneCollectionLayout.swift; sourceTree = "<group>"; };
		0408FA401C13699900CC8803 /* TabViewController.swift */ = {isa = PBXFileReference; fileEncoding = 4; lastKnownFileType = sourcecode.swift; path = TabViewController.swift; sourceTree = "<group>"; };
		0408FA411C13699900CC8803 /* UIApplication.swift */ = {isa = PBXFileReference; fileEncoding = 4; lastKnownFileType = sourcecode.swift; path = UIApplication.swift; sourceTree = "<group>"; };
		0408FA441C13699900CC8803 /* User.swift */ = {isa = PBXFileReference; fileEncoding = 4; lastKnownFileType = sourcecode.swift; path = User.swift; sourceTree = "<group>"; };
		0408FA451C13699900CC8803 /* UserInfoModel.swift */ = {isa = PBXFileReference; fileEncoding = 4; lastKnownFileType = sourcecode.swift; path = UserInfoModel.swift; sourceTree = "<group>"; };
		0408FA461C13699900CC8803 /* UserInfoVM.swift */ = {isa = PBXFileReference; fileEncoding = 4; lastKnownFileType = sourcecode.swift; path = UserInfoVM.swift; sourceTree = "<group>"; };
		0408FA581C13FB3C00CC8803 /* LandingPageViewController.swift */ = {isa = PBXFileReference; fileEncoding = 4; lastKnownFileType = sourcecode.swift; path = LandingPageViewController.swift; sourceTree = "<group>"; };
		04E6F6CD1C15A9FC0057C94E /* ForgotPasswordViewController.swift */ = {isa = PBXFileReference; fileEncoding = 4; lastKnownFileType = sourcecode.swift; path = ForgotPasswordViewController.swift; sourceTree = "<group>"; };
		04E6F6CF1C15CE5A0057C94E /* WebViewController.swift */ = {isa = PBXFileReference; fileEncoding = 4; lastKnownFileType = sourcecode.swift; path = WebViewController.swift; sourceTree = "<group>"; };
		77A57C83714C16BF68A806B6 /* Pods.debug.xcconfig */ = {isa = PBXFileReference; includeInIndex = 1; lastKnownFileType = text.xcconfig; name = Pods.debug.xcconfig; path = "Pods/Target Support Files/Pods/Pods.debug.xcconfig"; sourceTree = "<group>"; };
		AF8E79F78DE07A9FA9CE80DD /* Pods.release.xcconfig */ = {isa = PBXFileReference; includeInIndex = 1; lastKnownFileType = text.xcconfig; name = Pods.release.xcconfig; path = "Pods/Target Support Files/Pods/Pods.release.xcconfig"; sourceTree = "<group>"; };
		BDFD6BE300D70B4AC190D07C /* Pods.framework */ = {isa = PBXFileReference; explicitFileType = wrapper.framework; includeInIndex = 0; path = Pods.framework; sourceTree = BUILT_PRODUCTS_DIR; };
/* End PBXFileReference section */

/* Begin PBXFrameworksBuildPhase section */
		0408F9CF1C1362AA00CC8803 /* Frameworks */ = {
			isa = PBXFrameworksBuildPhase;
			buildActionMask = 2147483647;
			files = (
				0408FA381C13663200CC8803 /* FBSDKShareKit.framework in Frameworks */,
				6CF4E8C6E70F9ACB7F1AF880 /* Pods.framework in Frameworks */,
				0408FA361C13663200CC8803 /* FBSDKCoreKit.framework in Frameworks */,
				0408FA371C13663200CC8803 /* FBSDKLoginKit.framework in Frameworks */,
			);
			runOnlyForDeploymentPostprocessing = 0;
		};
		0408F9E41C1362AA00CC8803 /* Frameworks */ = {
			isa = PBXFrameworksBuildPhase;
			buildActionMask = 2147483647;
			files = (
			);
			runOnlyForDeploymentPostprocessing = 0;
		};
/* End PBXFrameworksBuildPhase section */

/* Begin PBXGroup section */
		0408F9C91C1362AA00CC8803 = {
			isa = PBXGroup;
			children = (
				0408FA331C13663200CC8803 /* FBSDKCoreKit.framework */,
				0408FA341C13663200CC8803 /* FBSDKLoginKit.framework */,
				0408FA351C13663200CC8803 /* FBSDKShareKit.framework */,
				0408F9D41C1362AA00CC8803 /* babybox */,
				0408F9EA1C1362AA00CC8803 /* babyboxTests */,
				0408F9D31C1362AA00CC8803 /* Products */,
				2B6A0A6388BBC35AE5F1A3F2 /* Pods */,
				34FE2032942976E730A334CC /* Frameworks */,
			);
			sourceTree = "<group>";
		};
		0408F9D31C1362AA00CC8803 /* Products */ = {
			isa = PBXGroup;
			children = (
				0408F9D21C1362AA00CC8803 /* babybox.app */,
				0408F9E71C1362AA00CC8803 /* babyboxTests.xctest */,
			);
			name = Products;
			sourceTree = "<group>";
		};
		0408F9D41C1362AA00CC8803 /* babybox */ = {
			isa = PBXGroup;
			children = (
				0408FA391C13699900CC8803 /* RequestVM.swift */,
				0408FA3A1C13699900CC8803 /* ResponseModel.swift */,
				0408FA3B1C13699900CC8803 /* ResponseVM.swift */,
				0408FA3C1C13699900CC8803 /* ResultDto.swift */,
				0408FA3D1C13699900CC8803 /* SettingModel.swift */,
				0408FA3E1C13699900CC8803 /* SettingVM.swift */,
				0408FA3F1C13699900CC8803 /* TabOneCollectionLayout.swift */,
				0408FA401C13699900CC8803 /* TabViewController.swift */,
				0408FA411C13699900CC8803 /* UIApplication.swift */,
				0408FA441C13699900CC8803 /* User.swift */,
				0408FA451C13699900CC8803 /* UserInfoModel.swift */,
				0408FA461C13699900CC8803 /* UserInfoVM.swift */,
				0408FA311C1363EB00CC8803 /* de.lproj */,
				0408FA1F1C13635000CC8803 /* LocationModel.swift */,
				0408FA201C13635000CC8803 /* LocationVM.swift */,
				0408FA211C13635000CC8803 /* PhotoCell.swift */,
				0408FA221C13635000CC8803 /* PhotoViewController.swift */,
				0408FA231C13635000CC8803 /* Post.swift */,
				0408FA241C13635000CC8803 /* PostCatModel.swift */,
				0408FA251C13635000CC8803 /* PostModel.swift */,
				0408FA261C13635000CC8803 /* ProductCollectionViewCell.swift */,
				0408FA271C13635000CC8803 /* ProductDetailsViewController.swift */,
				0408FA111C13633B00CC8803 /* ApiCallEvent.swift */,
				0408FA121C13633B00CC8803 /* ApiControlller.swift */,
				0408FA131C13633B00CC8803 /* BaseArgModel.swift */,
				0408FA141C13633B00CC8803 /* BaseArgVM.swift */,
				0408FA151C13633B00CC8803 /* CategoryCollectionViewCell.swift */,
				0408FA161C13633B00CC8803 /* CategoryDetailsViewController.swift */,
				0408FA171C13633B00CC8803 /* CategoryModel.swift */,
				0408F9F91C13632300CC8803 /* CategoryViewCell.swift */,
				0408F9FA1C13632300CC8803 /* CategoryViewCellCollectionViewCell.swift */,
				0408F9FB1C13632300CC8803 /* CategoryVM.swift */,
				0408F9FD1C13632300CC8803 /* CommentModel.swift */,
				0408F9FE1C13632300CC8803 /* CommentVM.swift */,
				0408F9FF1C13632300CC8803 /* Constants.swift */,
				0408FA011C13632300CC8803 /* FlickrPhotosViewController.swift */,
				0408FA021C13632300CC8803 /* HomePageLeftTabViewController.swift */,
				0408FA031C13632300CC8803 /* HomePageRightTabController.swift */,
				0408FA041C13632300CC8803 /* HomeProductsCollectionViewCell.swift */,
				0408F9D71C1362AA00CC8803 /* AppDelegate.swift */,
				0408F9D91C1362AA00CC8803 /* ViewController.swift */,
				0408F9DB1C1362AA00CC8803 /* Main.storyboard */,
				0408F9DE1C1362AA00CC8803 /* Images.xcassets */,
				0408F9E01C1362AA00CC8803 /* LaunchScreen.xib */,
				0408F9D51C1362AA00CC8803 /* Supporting Files */,
				0408FA581C13FB3C00CC8803 /* LandingPageViewController.swift */,
				04E6F6CD1C15A9FC0057C94E /* ForgotPasswordViewController.swift */,
				04E6F6CF1C15CE5A0057C94E /* WebViewController.swift */,
			);
			path = babybox;
			sourceTree = "<group>";
		};
		0408F9D51C1362AA00CC8803 /* Supporting Files */ = {
			isa = PBXGroup;
			children = (
				0408F9D61C1362AA00CC8803 /* Info.plist */,
			);
			name = "Supporting Files";
			sourceTree = "<group>";
		};
		0408F9EA1C1362AA00CC8803 /* babyboxTests */ = {
			isa = PBXGroup;
			children = (
				0408F9ED1C1362AA00CC8803 /* babyboxTests.swift */,
				0408F9EB1C1362AA00CC8803 /* Supporting Files */,
			);
			path = babyboxTests;
			sourceTree = "<group>";
		};
		0408F9EB1C1362AA00CC8803 /* Supporting Files */ = {
			isa = PBXGroup;
			children = (
				0408F9EC1C1362AA00CC8803 /* Info.plist */,
			);
			name = "Supporting Files";
			sourceTree = "<group>";
		};
		2B6A0A6388BBC35AE5F1A3F2 /* Pods */ = {
			isa = PBXGroup;
			children = (
				77A57C83714C16BF68A806B6 /* Pods.debug.xcconfig */,
				AF8E79F78DE07A9FA9CE80DD /* Pods.release.xcconfig */,
			);
			name = Pods;
			sourceTree = "<group>";
		};
		34FE2032942976E730A334CC /* Frameworks */ = {
			isa = PBXGroup;
			children = (
				BDFD6BE300D70B4AC190D07C /* Pods.framework */,
			);
			name = Frameworks;
			sourceTree = "<group>";
		};
/* End PBXGroup section */

/* Begin PBXNativeTarget section */
		0408F9D11C1362AA00CC8803 /* babybox */ = {
			isa = PBXNativeTarget;
			buildConfigurationList = 0408F9F11C1362AA00CC8803 /* Build configuration list for PBXNativeTarget "babybox" */;
			buildPhases = (
				C18DEC40C96C33E5E8277504 /* Check Pods Manifest.lock */,
				0408F9CE1C1362AA00CC8803 /* Sources */,
				0408F9CF1C1362AA00CC8803 /* Frameworks */,
				0408F9D01C1362AA00CC8803 /* Resources */,
				8A3184780C4E7CA27311B151 /* Embed Pods Frameworks */,
				93119137EF1423C5A2F0CAC2 /* Copy Pods Resources */,
			);
			buildRules = (
			);
			dependencies = (
			);
			name = babybox;
			productName = babybox;
			productReference = 0408F9D21C1362AA00CC8803 /* babybox.app */;
			productType = "com.apple.product-type.application";
		};
		0408F9E61C1362AA00CC8803 /* babyboxTests */ = {
			isa = PBXNativeTarget;
			buildConfigurationList = 0408F9F41C1362AA00CC8803 /* Build configuration list for PBXNativeTarget "babyboxTests" */;
			buildPhases = (
				0408F9E31C1362AA00CC8803 /* Sources */,
				0408F9E41C1362AA00CC8803 /* Frameworks */,
				0408F9E51C1362AA00CC8803 /* Resources */,
			);
			buildRules = (
			);
			dependencies = (
				0408F9E91C1362AA00CC8803 /* PBXTargetDependency */,
			);
			name = babyboxTests;
			productName = babyboxTests;
			productReference = 0408F9E71C1362AA00CC8803 /* babyboxTests.xctest */;
			productType = "com.apple.product-type.bundle.unit-test";
		};
/* End PBXNativeTarget section */

/* Begin PBXProject section */
		0408F9CA1C1362AA00CC8803 /* Project object */ = {
			isa = PBXProject;
			attributes = {
				LastSwiftMigration = 0700;
				LastSwiftUpdateCheck = 0700;
				LastUpgradeCheck = 0630;
				ORGANIZATIONNAME = Mac;
				TargetAttributes = {
					0408F9D11C1362AA00CC8803 = {
						CreatedOnToolsVersion = 6.3;
					};
					0408F9E61C1362AA00CC8803 = {
						CreatedOnToolsVersion = 6.3;
						TestTargetID = 0408F9D11C1362AA00CC8803;
					};
				};
			};
			buildConfigurationList = 0408F9CD1C1362AA00CC8803 /* Build configuration list for PBXProject "babybox" */;
			compatibilityVersion = "Xcode 3.2";
			developmentRegion = English;
			hasScannedForEncodings = 0;
			knownRegions = (
				en,
				Base,
			);
			mainGroup = 0408F9C91C1362AA00CC8803;
			productRefGroup = 0408F9D31C1362AA00CC8803 /* Products */;
			projectDirPath = "";
			projectRoot = "";
			targets = (
				0408F9D11C1362AA00CC8803 /* babybox */,
				0408F9E61C1362AA00CC8803 /* babyboxTests */,
			);
		};
/* End PBXProject section */

/* Begin PBXResourcesBuildPhase section */
		0408F9D01C1362AA00CC8803 /* Resources */ = {
			isa = PBXResourcesBuildPhase;
			buildActionMask = 2147483647;
			files = (
				0408F9DD1C1362AA00CC8803 /* Main.storyboard in Resources */,
				0408F9E21C1362AA00CC8803 /* LaunchScreen.xib in Resources */,
				0408FA321C1363EB00CC8803 /* de.lproj in Resources */,
				0408F9DF1C1362AA00CC8803 /* Images.xcassets in Resources */,
			);
			runOnlyForDeploymentPostprocessing = 0;
		};
		0408F9E51C1362AA00CC8803 /* Resources */ = {
			isa = PBXResourcesBuildPhase;
			buildActionMask = 2147483647;
			files = (
			);
			runOnlyForDeploymentPostprocessing = 0;
		};
/* End PBXResourcesBuildPhase section */

/* Begin PBXShellScriptBuildPhase section */
		8A3184780C4E7CA27311B151 /* Embed Pods Frameworks */ = {
			isa = PBXShellScriptBuildPhase;
			buildActionMask = 2147483647;
			files = (
			);
			inputPaths = (
			);
			name = "Embed Pods Frameworks";
			outputPaths = (
			);
			runOnlyForDeploymentPostprocessing = 0;
			shellPath = /bin/sh;
			shellScript = "\"${SRCROOT}/Pods/Target Support Files/Pods/Pods-frameworks.sh\"\n";
			showEnvVarsInLog = 0;
		};
		93119137EF1423C5A2F0CAC2 /* Copy Pods Resources */ = {
			isa = PBXShellScriptBuildPhase;
			buildActionMask = 2147483647;
			files = (
			);
			inputPaths = (
			);
			name = "Copy Pods Resources";
			outputPaths = (
			);
			runOnlyForDeploymentPostprocessing = 0;
			shellPath = /bin/sh;
			shellScript = "\"${SRCROOT}/Pods/Target Support Files/Pods/Pods-resources.sh\"\n";
			showEnvVarsInLog = 0;
		};
		C18DEC40C96C33E5E8277504 /* Check Pods Manifest.lock */ = {
			isa = PBXShellScriptBuildPhase;
			buildActionMask = 2147483647;
			files = (
			);
			inputPaths = (
			);
			name = "Check Pods Manifest.lock";
			outputPaths = (
			);
			runOnlyForDeploymentPostprocessing = 0;
			shellPath = /bin/sh;
			shellScript = "diff \"${PODS_ROOT}/../Podfile.lock\" \"${PODS_ROOT}/Manifest.lock\" > /dev/null\nif [[ $? != 0 ]] ; then\n    cat << EOM\nerror: The sandbox is not in sync with the Podfile.lock. Run 'pod install' or update your CocoaPods installation.\nEOM\n    exit 1\nfi\n";
			showEnvVarsInLog = 0;
		};
/* End PBXShellScriptBuildPhase section */

/* Begin PBXSourcesBuildPhase section */
		0408F9CE1C1362AA00CC8803 /* Sources */ = {
			isa = PBXSourcesBuildPhase;
			buildActionMask = 2147483647;
			files = (
				0408FA4F1C13699900CC8803 /* UIApplication.swift in Sources */,
				0408FA0D1C13632300CC8803 /* FlickrPhotosViewController.swift in Sources */,
				0408FA2A1C13635000CC8803 /* PhotoCell.swift in Sources */,
				0408FA071C13632300CC8803 /* CategoryVM.swift in Sources */,
				0408FA091C13632300CC8803 /* CommentModel.swift in Sources */,
				0408FA471C13699900CC8803 /* RequestVM.swift in Sources */,
				0408FA4B1C13699900CC8803 /* SettingModel.swift in Sources */,
				0408FA281C13635000CC8803 /* LocationModel.swift in Sources */,
				04E6F6CE1C15A9FC0057C94E /* ForgotPasswordViewController.swift in Sources */,
				0408FA1A1C13633B00CC8803 /* BaseArgModel.swift in Sources */,
				0408FA101C13632300CC8803 /* HomeProductsCollectionViewCell.swift in Sources */,
				0408FA4D1C13699900CC8803 /* TabOneCollectionLayout.swift in Sources */,
				0408FA181C13633B00CC8803 /* ApiCallEvent.swift in Sources */,
				0408FA1E1C13633B00CC8803 /* CategoryModel.swift in Sources */,
				0408FA4C1C13699900CC8803 /* SettingVM.swift in Sources */,
				0408F9DA1C1362AA00CC8803 /* ViewController.swift in Sources */,
				0408FA051C13632300CC8803 /* CategoryViewCell.swift in Sources */,
				0408FA2E1C13635000CC8803 /* PostModel.swift in Sources */,
				0408FA521C13699900CC8803 /* UserInfoModel.swift in Sources */,
				0408FA511C13699900CC8803 /* User.swift in Sources */,
				0408FA301C13635000CC8803 /* ProductDetailsViewController.swift in Sources */,
				04E6F6D01C15CE5A0057C94E /* WebViewController.swift in Sources */,
				0408FA4A1C13699900CC8803 /* ResultDto.swift in Sources */,
				0408FA4E1C13699900CC8803 /* TabViewController.swift in Sources */,
				0408FA481C13699900CC8803 /* ResponseModel.swift in Sources */,
				0408FA1B1C13633B00CC8803 /* BaseArgVM.swift in Sources */,
				0408FA1D1C13633B00CC8803 /* CategoryDetailsViewController.swift in Sources */,
				0408FA191C13633B00CC8803 /* ApiControlller.swift in Sources */,
				0408FA591C13FB3C00CC8803 /* LandingPageViewController.swift in Sources */,
				0408FA0B1C13632300CC8803 /* Constants.swift in Sources */,
				0408FA0E1C13632300CC8803 /* HomePageLeftTabViewController.swift in Sources */,
				0408FA0A1C13632300CC8803 /* CommentVM.swift in Sources */,
				0408FA531C13699900CC8803 /* UserInfoVM.swift in Sources */,
				0408FA2D1C13635000CC8803 /* PostCatModel.swift in Sources */,
				0408FA2F1C13635000CC8803 /* ProductCollectionViewCell.swift in Sources */,
				0408FA1C1C13633B00CC8803 /* CategoryCollectionViewCell.swift in Sources */,
				0408FA491C13699900CC8803 /* ResponseVM.swift in Sources */,
				0408FA061C13632300CC8803 /* CategoryViewCellCollectionViewCell.swift in Sources */,
				0408FA0F1C13632300CC8803 /* HomePageRightTabController.swift in Sources */,
				0408F9D81C1362AA00CC8803 /* AppDelegate.swift in Sources */,
				0408FA2C1C13635000CC8803 /* Post.swift in Sources */,
				0408FA291C13635000CC8803 /* LocationVM.swift in Sources */,
				0408FA2B1C13635000CC8803 /* PhotoViewController.swift in Sources */,
			);
			runOnlyForDeploymentPostprocessing = 0;
		};
		0408F9E31C1362AA00CC8803 /* Sources */ = {
			isa = PBXSourcesBuildPhase;
			buildActionMask = 2147483647;
			files = (
				0408F9EE1C1362AA00CC8803 /* babyboxTests.swift in Sources */,
			);
			runOnlyForDeploymentPostprocessing = 0;
		};
/* End PBXSourcesBuildPhase section */

/* Begin PBXTargetDependency section */
		0408F9E91C1362AA00CC8803 /* PBXTargetDependency */ = {
			isa = PBXTargetDependency;
			target = 0408F9D11C1362AA00CC8803 /* babybox */;
			targetProxy = 0408F9E81C1362AA00CC8803 /* PBXContainerItemProxy */;
		};
/* End PBXTargetDependency section */

/* Begin PBXVariantGroup section */
		0408F9DB1C1362AA00CC8803 /* Main.storyboard */ = {
			isa = PBXVariantGroup;
			children = (
				0408F9DC1C1362AA00CC8803 /* Base */,
			);
			name = Main.storyboard;
			sourceTree = "<group>";
		};
		0408F9E01C1362AA00CC8803 /* LaunchScreen.xib */ = {
			isa = PBXVariantGroup;
			children = (
				0408F9E11C1362AA00CC8803 /* Base */,
			);
			name = LaunchScreen.xib;
			sourceTree = "<group>";
		};
/* End PBXVariantGroup section */

/* Begin XCBuildConfiguration section */
		0408F9EF1C1362AA00CC8803 /* Debug */ = {
			isa = XCBuildConfiguration;
			buildSettings = {
				ALWAYS_SEARCH_USER_PATHS = NO;
				CLANG_CXX_LANGUAGE_STANDARD = "gnu++0x";
				CLANG_CXX_LIBRARY = "libc++";
				CLANG_ENABLE_MODULES = YES;
				CLANG_ENABLE_OBJC_ARC = YES;
				CLANG_WARN_BOOL_CONVERSION = YES;
				CLANG_WARN_CONSTANT_CONVERSION = YES;
				CLANG_WARN_DIRECT_OBJC_ISA_USAGE = YES_ERROR;
				CLANG_WARN_EMPTY_BODY = YES;
				CLANG_WARN_ENUM_CONVERSION = YES;
				CLANG_WARN_INT_CONVERSION = YES;
				CLANG_WARN_OBJC_ROOT_CLASS = YES_ERROR;
				CLANG_WARN_UNREACHABLE_CODE = YES;
				CLANG_WARN__DUPLICATE_METHOD_MATCH = YES;
				"CODE_SIGN_IDENTITY[sdk=iphoneos*]" = "iPhone Developer";
				COPY_PHASE_STRIP = NO;
				DEBUG_INFORMATION_FORMAT = "dwarf-with-dsym";
				ENABLE_STRICT_OBJC_MSGSEND = YES;
				GCC_C_LANGUAGE_STANDARD = gnu99;
				GCC_DYNAMIC_NO_PIC = NO;
				GCC_NO_COMMON_BLOCKS = YES;
				GCC_OPTIMIZATION_LEVEL = 0;
				GCC_PREPROCESSOR_DEFINITIONS = (
					"DEBUG=1",
					"$(inherited)",
				);
				GCC_SYMBOLS_PRIVATE_EXTERN = NO;
				GCC_WARN_64_TO_32_BIT_CONVERSION = YES;
				GCC_WARN_ABOUT_RETURN_TYPE = YES_ERROR;
				GCC_WARN_UNDECLARED_SELECTOR = YES;
				GCC_WARN_UNINITIALIZED_AUTOS = YES_AGGRESSIVE;
				GCC_WARN_UNUSED_FUNCTION = YES;
				GCC_WARN_UNUSED_VARIABLE = YES;
				IPHONEOS_DEPLOYMENT_TARGET = 8.3;
				MTL_ENABLE_DEBUG_INFO = YES;
				ONLY_ACTIVE_ARCH = YES;
				SDKROOT = iphoneos;
				SWIFT_OPTIMIZATION_LEVEL = "-Onone";
				TARGETED_DEVICE_FAMILY = "1,2";
			};
			name = Debug;
		};
		0408F9F01C1362AA00CC8803 /* Release */ = {
			isa = XCBuildConfiguration;
			buildSettings = {
				ALWAYS_SEARCH_USER_PATHS = NO;
				CLANG_CXX_LANGUAGE_STANDARD = "gnu++0x";
				CLANG_CXX_LIBRARY = "libc++";
				CLANG_ENABLE_MODULES = YES;
				CLANG_ENABLE_OBJC_ARC = YES;
				CLANG_WARN_BOOL_CONVERSION = YES;
				CLANG_WARN_CONSTANT_CONVERSION = YES;
				CLANG_WARN_DIRECT_OBJC_ISA_USAGE = YES_ERROR;
				CLANG_WARN_EMPTY_BODY = YES;
				CLANG_WARN_ENUM_CONVERSION = YES;
				CLANG_WARN_INT_CONVERSION = YES;
				CLANG_WARN_OBJC_ROOT_CLASS = YES_ERROR;
				CLANG_WARN_UNREACHABLE_CODE = YES;
				CLANG_WARN__DUPLICATE_METHOD_MATCH = YES;
				"CODE_SIGN_IDENTITY[sdk=iphoneos*]" = "iPhone Developer";
				COPY_PHASE_STRIP = NO;
				DEBUG_INFORMATION_FORMAT = "dwarf-with-dsym";
				ENABLE_NS_ASSERTIONS = NO;
				ENABLE_STRICT_OBJC_MSGSEND = YES;
				GCC_C_LANGUAGE_STANDARD = gnu99;
				GCC_NO_COMMON_BLOCKS = YES;
				GCC_WARN_64_TO_32_BIT_CONVERSION = YES;
				GCC_WARN_ABOUT_RETURN_TYPE = YES_ERROR;
				GCC_WARN_UNDECLARED_SELECTOR = YES;
				GCC_WARN_UNINITIALIZED_AUTOS = YES_AGGRESSIVE;
				GCC_WARN_UNUSED_FUNCTION = YES;
				GCC_WARN_UNUSED_VARIABLE = YES;
				IPHONEOS_DEPLOYMENT_TARGET = 8.3;
				MTL_ENABLE_DEBUG_INFO = NO;
				SDKROOT = iphoneos;
				TARGETED_DEVICE_FAMILY = "1,2";
				VALIDATE_PRODUCT = YES;
			};
			name = Release;
		};
		0408F9F21C1362AA00CC8803 /* Debug */ = {
			isa = XCBuildConfiguration;
			baseConfigurationReference = 77A57C83714C16BF68A806B6 /* Pods.debug.xcconfig */;
			buildSettings = {
				ASSETCATALOG_COMPILER_APPICON_NAME = AppIcon;
				FRAMEWORK_SEARCH_PATHS = (
					"$(inherited)",
					"$(PROJECT_DIR)",
					"\"$(SRCROOT)/../../../../Downloads/FacebookSDKs-iOS-20150813\"",
				);
				INFOPLIST_FILE = babybox/Info.plist;
				LD_RUNPATH_SEARCH_PATHS = "$(inherited) @executable_path/Frameworks";
				PRODUCT_NAME = "$(TARGET_NAME)";
			};
			name = Debug;
		};
		0408F9F31C1362AA00CC8803 /* Release */ = {
			isa = XCBuildConfiguration;
			baseConfigurationReference = AF8E79F78DE07A9FA9CE80DD /* Pods.release.xcconfig */;
			buildSettings = {
				ASSETCATALOG_COMPILER_APPICON_NAME = AppIcon;
				FRAMEWORK_SEARCH_PATHS = (
					"$(inherited)",
					"$(PROJECT_DIR)",
					"\"$(SRCROOT)/../../../../Downloads/FacebookSDKs-iOS-20150813\"",
				);
				INFOPLIST_FILE = babybox/Info.plist;
				LD_RUNPATH_SEARCH_PATHS = "$(inherited) @executable_path/Frameworks";
				PRODUCT_NAME = "$(TARGET_NAME)";
			};
			name = Release;
		};
		0408F9F51C1362AA00CC8803 /* Debug */ = {
			isa = XCBuildConfiguration;
			buildSettings = {
				BUNDLE_LOADER = "$(TEST_HOST)";
				FRAMEWORK_SEARCH_PATHS = (
					"$(SDKROOT)/Developer/Library/Frameworks",
					"$(inherited)",
				);
				GCC_PREPROCESSOR_DEFINITIONS = (
					"DEBUG=1",
					"$(inherited)",
				);
				INFOPLIST_FILE = babyboxTests/Info.plist;
				LD_RUNPATH_SEARCH_PATHS = "$(inherited) @executable_path/Frameworks @loader_path/Frameworks";
				PRODUCT_NAME = "$(TARGET_NAME)";
				TEST_HOST = "$(BUILT_PRODUCTS_DIR)/babybox.app/babybox";
			};
			name = Debug;
		};
		0408F9F61C1362AA00CC8803 /* Release */ = {
			isa = XCBuildConfiguration;
			buildSettings = {
				BUNDLE_LOADER = "$(TEST_HOST)";
				FRAMEWORK_SEARCH_PATHS = (
					"$(SDKROOT)/Developer/Library/Frameworks",
					"$(inherited)",
				);
				INFOPLIST_FILE = babyboxTests/Info.plist;
				LD_RUNPATH_SEARCH_PATHS = "$(inherited) @executable_path/Frameworks @loader_path/Frameworks";
				PRODUCT_NAME = "$(TARGET_NAME)";
				TEST_HOST = "$(BUILT_PRODUCTS_DIR)/babybox.app/babybox";
			};
			name = Release;
		};
/* End XCBuildConfiguration section */

/* Begin XCConfigurationList section */
		0408F9CD1C1362AA00CC8803 /* Build configuration list for PBXProject "babybox" */ = {
			isa = XCConfigurationList;
			buildConfigurations = (
				0408F9EF1C1362AA00CC8803 /* Debug */,
				0408F9F01C1362AA00CC8803 /* Release */,
			);
			defaultConfigurationIsVisible = 0;
			defaultConfigurationName = Release;
		};
		0408F9F11C1362AA00CC8803 /* Build configuration list for PBXNativeTarget "babybox" */ = {
			isa = XCConfigurationList;
			buildConfigurations = (
				0408F9F21C1362AA00CC8803 /* Debug */,
				0408F9F31C1362AA00CC8803 /* Release */,
			);
			defaultConfigurationIsVisible = 0;
			defaultConfigurationName = Release;
		};
		0408F9F41C1362AA00CC8803 /* Build configuration list for PBXNativeTarget "babyboxTests" */ = {
			isa = XCConfigurationList;
			buildConfigurations = (
				0408F9F51C1362AA00CC8803 /* Debug */,
				0408F9F61C1362AA00CC8803 /* Release */,
			);
			defaultConfigurationIsVisible = 0;
			defaultConfigurationName = Release;
		};
/* End XCConfigurationList section */
	};
	rootObject = 0408F9CA1C1362AA00CC8803 /* Project object */;
}
